
Microsoft Visual Studio Solution File, Format Version 12.00
# Visual Studio 15
VisualStudioVersion = 15.0.28307.902
MinimumVisualStudioVersion = 10.0.40219.1
Project("{FAE04EC0-301F-11D3-BF4B-00C04F79EFBC}") = "ArchiveLoader", "ArchiveLoader\ArchiveLoader.csproj", "{A7A76B45-6ECE-487F-BAB2-83E971EA3214}"
EndProject
Global
	GlobalSection(SolutionConfigurationPlatforms) = preSolution
		Debug|Any CPU = Debug|Any CPU
		Release|Any CPU = Release|Any CPU
	EndGlobalSection
	GlobalSection(ProjectConfigurationPlatforms) = postSolution
		{A7A76B45-6ECE-487F-BAB2-83E971EA3214}.Debug|Any CPU.ActiveCfg = Debug|Any CPU
		{A7A76B45-6ECE-487F-BAB2-83E971EA3214}.Debug|Any CPU.Build.0 = Debug|Any CPU
		{A7A76B45-6ECE-487F-BAB2-83E971EA3214}.Release|Any CPU.ActiveCfg = Release|Any CPU
		{A7A76B45-6ECE-487F-BAB2-83E971EA3214}.Release|Any CPU.Build.0 = Release|Any CPU
	EndGlobalSection
	GlobalSection(SolutionProperties) = preSolution
		HideSolutionNode = FALSE
	EndGlobalSection
	GlobalSection(ExtensibilityGlobals) = postSolution
		SolutionGuid = {3118C878-E113-4002-9898-CE6A9788286C}
	EndGlobalSection
EndGlobal
