
Microsoft Visual Studio Solution File, Format Version 12.00
# Visual Studio Version 16
VisualStudioVersion = 16.0.30717.126
MinimumVisualStudioVersion = 10.0.40219.1
Project("{9A19103F-16F7-4668-BE54-9A1E7A4F7556}") = "Noise.RemoteClient", "Noise.RemoteClient\Noise.RemoteClient.csproj", "{B5743AAD-5F90-463B-8BD4-C9113D00CED8}"
EndProject
Project("{FAE04EC0-301F-11D3-BF4B-00C04F79EFBC}") = "Noise.RemoteClient.Android", "Noise.RemoteClient.Android\Noise.RemoteClient.Android.csproj", "{0A15B997-76BC-417F-885E-78E4DBEE81F0}"
EndProject
Project("{FAE04EC0-301F-11D3-BF4B-00C04F79EFBC}") = "Noise.RemoteClient.iOS", "Noise.RemoteClient.iOS\Noise.RemoteClient.iOS.csproj", "{02348FDF-5978-4319-BFE9-DEE36E88CE3B}"
EndProject
Project("{9A19103F-16F7-4668-BE54-9A1E7A4F7556}") = "Noise.RemoteServer.Protocol", "Noise.RemoteServer.Protocol\Noise.RemoteServer.Protocol.csproj", "{F838CA55-8576-4573-94C1-0A1FE870CFE3}"
EndProject
Global
	GlobalSection(SolutionConfigurationPlatforms) = preSolution
		Ad-Hoc|Any CPU = Ad-Hoc|Any CPU
		Ad-Hoc|iPhone = Ad-Hoc|iPhone
		Ad-Hoc|iPhoneSimulator = Ad-Hoc|iPhoneSimulator
		AppStore|Any CPU = AppStore|Any CPU
		AppStore|iPhone = AppStore|iPhone
		AppStore|iPhoneSimulator = AppStore|iPhoneSimulator
		Debug|Any CPU = Debug|Any CPU
		Debug|iPhone = Debug|iPhone
		Debug|iPhoneSimulator = Debug|iPhoneSimulator
		Release|Any CPU = Release|Any CPU
		Release|iPhone = Release|iPhone
		Release|iPhoneSimulator = Release|iPhoneSimulator
	EndGlobalSection
	GlobalSection(ProjectConfigurationPlatforms) = postSolution
		{B5743AAD-5F90-463B-8BD4-C9113D00CED8}.Ad-Hoc|Any CPU.ActiveCfg = Debug|Any CPU
		{B5743AAD-5F90-463B-8BD4-C9113D00CED8}.Ad-Hoc|Any CPU.Build.0 = Debug|Any CPU
		{B5743AAD-5F90-463B-8BD4-C9113D00CED8}.Ad-Hoc|iPhone.ActiveCfg = Debug|Any CPU
		{B5743AAD-5F90-463B-8BD4-C9113D00CED8}.Ad-Hoc|iPhone.Build.0 = Debug|Any CPU
		{B5743AAD-5F90-463B-8BD4-C9113D00CED8}.Ad-Hoc|iPhoneSimulator.ActiveCfg = Debug|Any CPU
		{B5743AAD-5F90-463B-8BD4-C9113D00CED8}.Ad-Hoc|iPhoneSimulator.Build.0 = Debug|Any CPU
		{B5743AAD-5F90-463B-8BD4-C9113D00CED8}.AppStore|Any CPU.ActiveCfg = Debug|Any CPU
		{B5743AAD-5F90-463B-8BD4-C9113D00CED8}.AppStore|Any CPU.Build.0 = Debug|Any CPU
		{B5743AAD-5F90-463B-8BD4-C9113D00CED8}.AppStore|iPhone.ActiveCfg = Debug|Any CPU
		{B5743AAD-5F90-463B-8BD4-C9113D00CED8}.AppStore|iPhone.Build.0 = Debug|Any CPU
		{B5743AAD-5F90-463B-8BD4-C9113D00CED8}.AppStore|iPhoneSimulator.ActiveCfg = Debug|Any CPU
		{B5743AAD-5F90-463B-8BD4-C9113D00CED8}.AppStore|iPhoneSimulator.Build.0 = Debug|Any CPU
		{B5743AAD-5F90-463B-8BD4-C9113D00CED8}.Debug|Any CPU.ActiveCfg = Debug|Any CPU
		{B5743AAD-5F90-463B-8BD4-C9113D00CED8}.Debug|Any CPU.Build.0 = Debug|Any CPU
		{B5743AAD-5F90-463B-8BD4-C9113D00CED8}.Debug|iPhone.ActiveCfg = Debug|Any CPU
		{B5743AAD-5F90-463B-8BD4-C9113D00CED8}.Debug|iPhone.Build.0 = Debug|Any CPU
		{B5743AAD-5F90-463B-8BD4-C9113D00CED8}.Debug|iPhoneSimulator.ActiveCfg = Debug|Any CPU
		{B5743AAD-5F90-463B-8BD4-C9113D00CED8}.Debug|iPhoneSimulator.Build.0 = Debug|Any CPU
		{B5743AAD-5F90-463B-8BD4-C9113D00CED8}.Release|Any CPU.ActiveCfg = Release|Any CPU
		{B5743AAD-5F90-463B-8BD4-C9113D00CED8}.Release|Any CPU.Build.0 = Release|Any CPU
		{B5743AAD-5F90-463B-8BD4-C9113D00CED8}.Release|iPhone.ActiveCfg = Release|Any CPU
		{B5743AAD-5F90-463B-8BD4-C9113D00CED8}.Release|iPhone.Build.0 = Release|Any CPU
		{B5743AAD-5F90-463B-8BD4-C9113D00CED8}.Release|iPhoneSimulator.ActiveCfg = Release|Any CPU
		{B5743AAD-5F90-463B-8BD4-C9113D00CED8}.Release|iPhoneSimulator.Build.0 = Release|Any CPU
		{0A15B997-76BC-417F-885E-78E4DBEE81F0}.Ad-Hoc|Any CPU.ActiveCfg = Debug|Any CPU
		{0A15B997-76BC-417F-885E-78E4DBEE81F0}.Ad-Hoc|Any CPU.Build.0 = Debug|Any CPU
		{0A15B997-76BC-417F-885E-78E4DBEE81F0}.Ad-Hoc|Any CPU.Deploy.0 = Debug|Any CPU
		{0A15B997-76BC-417F-885E-78E4DBEE81F0}.Ad-Hoc|iPhone.ActiveCfg = Debug|Any CPU
		{0A15B997-76BC-417F-885E-78E4DBEE81F0}.Ad-Hoc|iPhone.Build.0 = Debug|Any CPU
		{0A15B997-76BC-417F-885E-78E4DBEE81F0}.Ad-Hoc|iPhone.Deploy.0 = Debug|Any CPU
		{0A15B997-76BC-417F-885E-78E4DBEE81F0}.Ad-Hoc|iPhoneSimulator.ActiveCfg = Debug|Any CPU
		{0A15B997-76BC-417F-885E-78E4DBEE81F0}.Ad-Hoc|iPhoneSimulator.Build.0 = Debug|Any CPU
		{0A15B997-76BC-417F-885E-78E4DBEE81F0}.Ad-Hoc|iPhoneSimulator.Deploy.0 = Debug|Any CPU
		{0A15B997-76BC-417F-885E-78E4DBEE81F0}.AppStore|Any CPU.ActiveCfg = Debug|Any CPU
		{0A15B997-76BC-417F-885E-78E4DBEE81F0}.AppStore|Any CPU.Build.0 = Debug|Any CPU
		{0A15B997-76BC-417F-885E-78E4DBEE81F0}.AppStore|Any CPU.Deploy.0 = Debug|Any CPU
		{0A15B997-76BC-417F-885E-78E4DBEE81F0}.AppStore|iPhone.ActiveCfg = Debug|Any CPU
		{0A15B997-76BC-417F-885E-78E4DBEE81F0}.AppStore|iPhone.Build.0 = Debug|Any CPU
		{0A15B997-76BC-417F-885E-78E4DBEE81F0}.AppStore|iPhone.Deploy.0 = Debug|Any CPU
		{0A15B997-76BC-417F-885E-78E4DBEE81F0}.AppStore|iPhoneSimulator.ActiveCfg = Debug|Any CPU
		{0A15B997-76BC-417F-885E-78E4DBEE81F0}.AppStore|iPhoneSimulator.Build.0 = Debug|Any CPU
		{0A15B997-76BC-417F-885E-78E4DBEE81F0}.AppStore|iPhoneSimulator.Deploy.0 = Debug|Any CPU
		{0A15B997-76BC-417F-885E-78E4DBEE81F0}.Debug|Any CPU.ActiveCfg = Debug|Any CPU
		{0A15B997-76BC-417F-885E-78E4DBEE81F0}.Debug|Any CPU.Build.0 = Debug|Any CPU
		{0A15B997-76BC-417F-885E-78E4DBEE81F0}.Debug|Any CPU.Deploy.0 = Debug|Any CPU
		{0A15B997-76BC-417F-885E-78E4DBEE81F0}.Debug|iPhone.ActiveCfg = Debug|Any CPU
		{0A15B997-76BC-417F-885E-78E4DBEE81F0}.Debug|iPhone.Build.0 = Debug|Any CPU
		{0A15B997-76BC-417F-885E-78E4DBEE81F0}.Debug|iPhone.Deploy.0 = Debug|Any CPU
		{0A15B997-76BC-417F-885E-78E4DBEE81F0}.Debug|iPhoneSimulator.ActiveCfg = Debug|Any CPU
		{0A15B997-76BC-417F-885E-78E4DBEE81F0}.Debug|iPhoneSimulator.Build.0 = Debug|Any CPU
		{0A15B997-76BC-417F-885E-78E4DBEE81F0}.Debug|iPhoneSimulator.Deploy.0 = Debug|Any CPU
		{0A15B997-76BC-417F-885E-78E4DBEE81F0}.Release|Any CPU.ActiveCfg = Release|Any CPU
		{0A15B997-76BC-417F-885E-78E4DBEE81F0}.Release|Any CPU.Build.0 = Release|Any CPU
		{0A15B997-76BC-417F-885E-78E4DBEE81F0}.Release|Any CPU.Deploy.0 = Release|Any CPU
		{0A15B997-76BC-417F-885E-78E4DBEE81F0}.Release|iPhone.ActiveCfg = Release|Any CPU
		{0A15B997-76BC-417F-885E-78E4DBEE81F0}.Release|iPhone.Build.0 = Release|Any CPU
		{0A15B997-76BC-417F-885E-78E4DBEE81F0}.Release|iPhone.Deploy.0 = Release|Any CPU
		{0A15B997-76BC-417F-885E-78E4DBEE81F0}.Release|iPhoneSimulator.ActiveCfg = Release|Any CPU
		{0A15B997-76BC-417F-885E-78E4DBEE81F0}.Release|iPhoneSimulator.Build.0 = Release|Any CPU
		{0A15B997-76BC-417F-885E-78E4DBEE81F0}.Release|iPhoneSimulator.Deploy.0 = Release|Any CPU
		{02348FDF-5978-4319-BFE9-DEE36E88CE3B}.Ad-Hoc|Any CPU.ActiveCfg = Ad-Hoc|iPhoneSimulator
		{02348FDF-5978-4319-BFE9-DEE36E88CE3B}.Ad-Hoc|iPhone.ActiveCfg = Ad-Hoc|iPhone
		{02348FDF-5978-4319-BFE9-DEE36E88CE3B}.Ad-Hoc|iPhone.Build.0 = Ad-Hoc|iPhone
		{02348FDF-5978-4319-BFE9-DEE36E88CE3B}.Ad-Hoc|iPhoneSimulator.ActiveCfg = Ad-Hoc|iPhoneSimulator
		{02348FDF-5978-4319-BFE9-DEE36E88CE3B}.Ad-Hoc|iPhoneSimulator.Build.0 = Ad-Hoc|iPhoneSimulator
		{02348FDF-5978-4319-BFE9-DEE36E88CE3B}.AppStore|Any CPU.ActiveCfg = AppStore|iPhoneSimulator
		{02348FDF-5978-4319-BFE9-DEE36E88CE3B}.AppStore|iPhone.ActiveCfg = AppStore|iPhone
		{02348FDF-5978-4319-BFE9-DEE36E88CE3B}.AppStore|iPhone.Build.0 = AppStore|iPhone
		{02348FDF-5978-4319-BFE9-DEE36E88CE3B}.AppStore|iPhoneSimulator.ActiveCfg = AppStore|iPhoneSimulator
		{02348FDF-5978-4319-BFE9-DEE36E88CE3B}.AppStore|iPhoneSimulator.Build.0 = AppStore|iPhoneSimulator
		{02348FDF-5978-4319-BFE9-DEE36E88CE3B}.Debug|Any CPU.ActiveCfg = Debug|iPhoneSimulator
		{02348FDF-5978-4319-BFE9-DEE36E88CE3B}.Debug|iPhone.ActiveCfg = Debug|iPhone
		{02348FDF-5978-4319-BFE9-DEE36E88CE3B}.Debug|iPhone.Build.0 = Debug|iPhone
		{02348FDF-5978-4319-BFE9-DEE36E88CE3B}.Debug|iPhoneSimulator.ActiveCfg = Debug|iPhoneSimulator
		{02348FDF-5978-4319-BFE9-DEE36E88CE3B}.Debug|iPhoneSimulator.Build.0 = Debug|iPhoneSimulator
		{02348FDF-5978-4319-BFE9-DEE36E88CE3B}.Release|Any CPU.ActiveCfg = Release|iPhoneSimulator
		{02348FDF-5978-4319-BFE9-DEE36E88CE3B}.Release|iPhone.ActiveCfg = Release|iPhone
		{02348FDF-5978-4319-BFE9-DEE36E88CE3B}.Release|iPhone.Build.0 = Release|iPhone
		{02348FDF-5978-4319-BFE9-DEE36E88CE3B}.Release|iPhoneSimulator.ActiveCfg = Release|iPhoneSimulator
		{02348FDF-5978-4319-BFE9-DEE36E88CE3B}.Release|iPhoneSimulator.Build.0 = Release|iPhoneSimulator
		{F838CA55-8576-4573-94C1-0A1FE870CFE3}.Ad-Hoc|Any CPU.ActiveCfg = Debug|Any CPU
		{F838CA55-8576-4573-94C1-0A1FE870CFE3}.Ad-Hoc|Any CPU.Build.0 = Debug|Any CPU
		{F838CA55-8576-4573-94C1-0A1FE870CFE3}.Ad-Hoc|iPhone.ActiveCfg = Debug|Any CPU
		{F838CA55-8576-4573-94C1-0A1FE870CFE3}.Ad-Hoc|iPhone.Build.0 = Debug|Any CPU
		{F838CA55-8576-4573-94C1-0A1FE870CFE3}.Ad-Hoc|iPhoneSimulator.ActiveCfg = Debug|Any CPU
		{F838CA55-8576-4573-94C1-0A1FE870CFE3}.Ad-Hoc|iPhoneSimulator.Build.0 = Debug|Any CPU
		{F838CA55-8576-4573-94C1-0A1FE870CFE3}.AppStore|Any CPU.ActiveCfg = Debug|Any CPU
		{F838CA55-8576-4573-94C1-0A1FE870CFE3}.AppStore|Any CPU.Build.0 = Debug|Any CPU
		{F838CA55-8576-4573-94C1-0A1FE870CFE3}.AppStore|iPhone.ActiveCfg = Debug|Any CPU
		{F838CA55-8576-4573-94C1-0A1FE870CFE3}.AppStore|iPhone.Build.0 = Debug|Any CPU
		{F838CA55-8576-4573-94C1-0A1FE870CFE3}.AppStore|iPhoneSimulator.ActiveCfg = Debug|Any CPU
		{F838CA55-8576-4573-94C1-0A1FE870CFE3}.AppStore|iPhoneSimulator.Build.0 = Debug|Any CPU
		{F838CA55-8576-4573-94C1-0A1FE870CFE3}.Debug|Any CPU.ActiveCfg = Debug|Any CPU
		{F838CA55-8576-4573-94C1-0A1FE870CFE3}.Debug|Any CPU.Build.0 = Debug|Any CPU
		{F838CA55-8576-4573-94C1-0A1FE870CFE3}.Debug|iPhone.ActiveCfg = Debug|Any CPU
		{F838CA55-8576-4573-94C1-0A1FE870CFE3}.Debug|iPhone.Build.0 = Debug|Any CPU
		{F838CA55-8576-4573-94C1-0A1FE870CFE3}.Debug|iPhoneSimulator.ActiveCfg = Debug|Any CPU
		{F838CA55-8576-4573-94C1-0A1FE870CFE3}.Debug|iPhoneSimulator.Build.0 = Debug|Any CPU
		{F838CA55-8576-4573-94C1-0A1FE870CFE3}.Release|Any CPU.ActiveCfg = Release|Any CPU
		{F838CA55-8576-4573-94C1-0A1FE870CFE3}.Release|Any CPU.Build.0 = Release|Any CPU
		{F838CA55-8576-4573-94C1-0A1FE870CFE3}.Release|iPhone.ActiveCfg = Release|Any CPU
		{F838CA55-8576-4573-94C1-0A1FE870CFE3}.Release|iPhone.Build.0 = Release|Any CPU
		{F838CA55-8576-4573-94C1-0A1FE870CFE3}.Release|iPhoneSimulator.ActiveCfg = Release|Any CPU
		{F838CA55-8576-4573-94C1-0A1FE870CFE3}.Release|iPhoneSimulator.Build.0 = Release|Any CPU
	EndGlobalSection
	GlobalSection(SolutionProperties) = preSolution
		HideSolutionNode = FALSE
	EndGlobalSection
	GlobalSection(ExtensibilityGlobals) = postSolution
		SolutionGuid = {BB2CA02B-8702-4A47-88BA-AACBAF90F772}
	EndGlobalSection
EndGlobal
