
Microsoft Visual Studio Solution File, Format Version 12.00
# Visual Studio 2013
VisualStudioVersion = 12.0.30110.0
MinimumVisualStudioVersion = 10.0.40219.1
Project("{FAE04EC0-301F-11D3-BF4B-00C04F79EFBC}") = "Noise.Core", "Noise.Core\Noise.Core.csproj", "{33A45442-71E5-4BFE-B37F-129EDB4F18E8}"
EndProject
Project("{FAE04EC0-301F-11D3-BF4B-00C04F79EFBC}") = "Noise.Infrastructure", "Noise.Infrastructure\Noise.Infrastructure.csproj", "{2C697760-1B66-4DED-B57A-B3438D5A75FC}"
EndProject
Project("{FAE04EC0-301F-11D3-BF4B-00C04F79EFBC}") = "Noise.Desktop", "Noise.Desktop\Noise.Desktop.csproj", "{3ECB477E-5631-4E77-B66F-A64BC37C42EC}"
EndProject
Project("{FAE04EC0-301F-11D3-BF4B-00C04F79EFBC}") = "LastFmSharp", "LastFmSharp\LastFmSharp.csproj", "{B57A7572-5F5C-4166-AE0B-9814B550E9B2}"
EndProject
Project("{FAE04EC0-301F-11D3-BF4B-00C04F79EFBC}") = "Noise.UI", "Noise.UI\Noise.UI.csproj", "{D9F288A7-A0EF-4237-A9D6-BA9CCE9C9C09}"
EndProject
Project("{FAE04EC0-301F-11D3-BF4B-00C04F79EFBC}") = "Layout Manager", "LayoutManager\Layout Manager.csproj", "{28833337-BDB1-412F-B378-575901285100}"
EndProject
Project("{2150E333-8FDC-42A3-9474-1A3956D46DE8}") = "Installation", "Installation", "{175D21C8-5272-4E37-BD08-06E7B0408EC8}"
EndProject
Project("{930C7802-8A8C-48F9-8165-68863BCCD9DD}") = "Install - Desktop", "Installation\Desktop Install\Install - Desktop.wixproj", "{D0078338-6F65-47F6-BCCA-18B58295E66F}"
EndProject
Project("{930C7802-8A8C-48F9-8165-68863BCCD9DD}") = "Install - Common Files", "Installation\Common Files\Install - Common Files.wixproj", "{00BD8E1B-B1F1-43D7-BD03-BF74819E2883}"
EndProject
Project("{930C7802-8A8C-48F9-8165-68863BCCD9DD}") = "Install - UI", "Installation\Install - UI\Install - UI.wixproj", "{6156EB27-A408-4349-AE84-AD1CEF868936}"
EndProject
Project("{FAE04EC0-301F-11D3-BF4B-00C04F79EFBC}") = "Noise.AppSupport", "Noise.AppSupport\Noise.AppSupport.csproj", "{7ED4F983-3946-48EB-AAB7-587CEFAC4D03}"
EndProject
Project("{FAE04EC0-301F-11D3-BF4B-00C04F79EFBC}") = "Noise.UI.Style", "Noise.UI.Style\Noise.UI.Style.csproj", "{DA31563C-5B51-4072-AF18-57E4FC5DE957}"
EndProject
Project("{FAE04EC0-301F-11D3-BF4B-00C04F79EFBC}") = "Noise.BlobStorage", "Noise.BlobStorage\Noise.BlobStorage.csproj", "{9F4086FD-8332-489F-8A96-8D4425DB5DF2}"
EndProject
Project("{FAE04EC0-301F-11D3-BF4B-00C04F79EFBC}") = "Noise.EntityFrameworkDatabase", "Noise.EntityFrameworkDatabase\Noise.EntityFrameworkDatabase.csproj", "{ED3A5818-ED75-476B-8146-D5EEE289D2A2}"
EndProject
Project("{FAE04EC0-301F-11D3-BF4B-00C04F79EFBC}") = "Noise.RemoteHost", "Noise.RemoteHost\Noise.RemoteHost.csproj", "{85472B64-4F49-4182-8709-9229E25E5119}"
EndProject
Project("{FAE04EC0-301F-11D3-BF4B-00C04F79EFBC}") = "ReusableBits", "ReusableBits\ReusableBits.csproj", "{0522B043-A04A-4669-90DB-204C96D52224}"
EndProject
Project("{FAE04EC0-301F-11D3-BF4B-00C04F79EFBC}") = "ReusableBits.Mvvm", "ReusableBits.Mvvm\ReusableBits.Mvvm.csproj", "{8930138B-F96A-4A56-84CF-D660730989C9}"
EndProject
Project("{FAE04EC0-301F-11D3-BF4B-00C04F79EFBC}") = "ReusableBits.Ui", "ReusableBits.Ui\ReusableBits.Ui.csproj", "{704BD4A9-2FC2-4716-AB94-D3714A6ACC39}"
EndProject
Project("{FAE04EC0-301F-11D3-BF4B-00C04F79EFBC}") = "Noise.Metadata", "Noise.Metadata\Noise.Metadata.csproj", "{983D3C18-8012-48AE-AE21-B6503FC0F5B8}"
EndProject
Project("{FAE04EC0-301F-11D3-BF4B-00C04F79EFBC}") = "Noise.RavenDatabase", "Noise.RavenDatabase\Noise.RavenDatabase.csproj", "{81C2209C-F8DA-4693-8B2F-C68AB0C436ED}"
EndProject
Project("{930C7802-8A8C-48F9-8165-68863BCCD9DD}") = "Install - Desktop Bundle", "Installation\Install - Desktop Bundle\Install - Desktop Bundle.wixproj", "{EFBE506C-C260-409A-9AB8-D6619A091F54}"
EndProject
Project("{FAE04EC0-301F-11D3-BF4B-00C04F79EFBC}") = "BundlerUi", "Installation\BundlerUi\BundlerUi.csproj", "{415BAE6C-7FFE-47DD-860C-A1012E20400C}"
EndProject
Project("{FAE04EC0-301F-11D3-BF4B-00C04F79EFBC}") = "Noise.AudioSupport", "Noise.AudioSupport\Noise.AudioSupport.csproj", "{19DBA418-08C1-4A02-BB7A-2D83A416C6A2}"
EndProject
Project("{FAE04EC0-301F-11D3-BF4B-00C04F79EFBC}") = "DiscogsNet", "DiscogsNet\DiscogsNet.csproj", "{1B087A97-C17A-4F75-80B1-8CC1FBFE90FB}"
EndProject
Project("{930C7802-8A8C-48F9-8165-68863BCCD9DD}") = "Install - Headless", "Installation\Install - Headless\Install - Headless.wixproj", "{5AF0E619-1A1E-41EB-B120-37F5CB51A6CF}"
EndProject
Project("{FAE04EC0-301F-11D3-BF4B-00C04F79EFBC}") = "Noise.Headless", "Noise.Headless\Noise.Headless.csproj", "{8AF36109-6D52-4B28-9699-2B27A751A0A4}"
EndProject
Project("{FAE04EC0-301F-11D3-BF4B-00C04F79EFBC}") = "ReusableBits.Service", "ReusableBits.Service\ReusableBits.Service.csproj", "{8DFA71BE-5591-41A2-B640-A9F3984422A9}"
EndProject
Project("{930C7802-8A8C-48F9-8165-68863BCCD9DD}") = "Install - Headless Bundle", "Installation\Install - Headless Bundle\Install - Headless Bundle.wixproj", "{B8130131-04E6-4DEB-90D8-C9858C6DE3A8}"
EndProject
Project("{930C7802-8A8C-48F9-8165-68863BCCD9DD}") = "Install - Librarian", "Installation\Install - Librarian\Install - Librarian.wixproj", "{469B2EBE-C6B6-44E9-9B29-37CAAFE9767A}"
EndProject
Project("{FAE04EC0-301F-11D3-BF4B-00C04F79EFBC}") = "Noise.Librarian", "Noise.Librarian\Noise.Librarian.csproj", "{37156BD4-8E37-4F2C-85C8-4E48359EFED9}"
EndProject
Global
	GlobalSection(SolutionConfigurationPlatforms) = preSolution
		Debug|Any CPU = Debug|Any CPU
		Debug|Mixed Platforms = Debug|Mixed Platforms
		Debug|x64 = Debug|x64
		Debug|x86 = Debug|x86
		Installers - Release|Any CPU = Installers - Release|Any CPU
		Installers - Release|Mixed Platforms = Installers - Release|Mixed Platforms
		Installers - Release|x64 = Installers - Release|x64
		Installers - Release|x86 = Installers - Release|x86
		Release|Any CPU = Release|Any CPU
		Release|Mixed Platforms = Release|Mixed Platforms
		Release|x64 = Release|x64
		Release|x86 = Release|x86
	EndGlobalSection
	GlobalSection(ProjectConfigurationPlatforms) = postSolution
		{33A45442-71E5-4BFE-B37F-129EDB4F18E8}.Debug|Any CPU.ActiveCfg = Debug|Any CPU
		{33A45442-71E5-4BFE-B37F-129EDB4F18E8}.Debug|Any CPU.Build.0 = Debug|Any CPU
		{33A45442-71E5-4BFE-B37F-129EDB4F18E8}.Debug|Mixed Platforms.ActiveCfg = Debug|Any CPU
		{33A45442-71E5-4BFE-B37F-129EDB4F18E8}.Debug|Mixed Platforms.Build.0 = Debug|Any CPU
		{33A45442-71E5-4BFE-B37F-129EDB4F18E8}.Debug|x64.ActiveCfg = Debug|x64
		{33A45442-71E5-4BFE-B37F-129EDB4F18E8}.Debug|x64.Build.0 = Debug|x64
		{33A45442-71E5-4BFE-B37F-129EDB4F18E8}.Debug|x86.ActiveCfg = Debug|x86
		{33A45442-71E5-4BFE-B37F-129EDB4F18E8}.Debug|x86.Build.0 = Debug|x86
		{33A45442-71E5-4BFE-B37F-129EDB4F18E8}.Installers - Release|Any CPU.ActiveCfg = Release|Any CPU
		{33A45442-71E5-4BFE-B37F-129EDB4F18E8}.Installers - Release|Any CPU.Build.0 = Release|Any CPU
		{33A45442-71E5-4BFE-B37F-129EDB4F18E8}.Installers - Release|Mixed Platforms.ActiveCfg = Release|Any CPU
		{33A45442-71E5-4BFE-B37F-129EDB4F18E8}.Installers - Release|Mixed Platforms.Build.0 = Release|Any CPU
		{33A45442-71E5-4BFE-B37F-129EDB4F18E8}.Installers - Release|x64.ActiveCfg = Release|x64
		{33A45442-71E5-4BFE-B37F-129EDB4F18E8}.Installers - Release|x64.Build.0 = Release|x64
		{33A45442-71E5-4BFE-B37F-129EDB4F18E8}.Installers - Release|x86.ActiveCfg = Release|x86
		{33A45442-71E5-4BFE-B37F-129EDB4F18E8}.Installers - Release|x86.Build.0 = Release|x86
		{33A45442-71E5-4BFE-B37F-129EDB4F18E8}.Release|Any CPU.ActiveCfg = Release|Any CPU
		{33A45442-71E5-4BFE-B37F-129EDB4F18E8}.Release|Any CPU.Build.0 = Release|Any CPU
		{33A45442-71E5-4BFE-B37F-129EDB4F18E8}.Release|Mixed Platforms.ActiveCfg = Release|Any CPU
		{33A45442-71E5-4BFE-B37F-129EDB4F18E8}.Release|Mixed Platforms.Build.0 = Release|Any CPU
		{33A45442-71E5-4BFE-B37F-129EDB4F18E8}.Release|x64.ActiveCfg = Release|x64
		{33A45442-71E5-4BFE-B37F-129EDB4F18E8}.Release|x64.Build.0 = Release|x64
		{33A45442-71E5-4BFE-B37F-129EDB4F18E8}.Release|x86.ActiveCfg = Release|x86
		{33A45442-71E5-4BFE-B37F-129EDB4F18E8}.Release|x86.Build.0 = Release|x86
		{2C697760-1B66-4DED-B57A-B3438D5A75FC}.Debug|Any CPU.ActiveCfg = Debug|Any CPU
		{2C697760-1B66-4DED-B57A-B3438D5A75FC}.Debug|Any CPU.Build.0 = Debug|Any CPU
		{2C697760-1B66-4DED-B57A-B3438D5A75FC}.Debug|Mixed Platforms.ActiveCfg = Debug|Any CPU
		{2C697760-1B66-4DED-B57A-B3438D5A75FC}.Debug|Mixed Platforms.Build.0 = Debug|Any CPU
		{2C697760-1B66-4DED-B57A-B3438D5A75FC}.Debug|x64.ActiveCfg = Debug|x64
		{2C697760-1B66-4DED-B57A-B3438D5A75FC}.Debug|x64.Build.0 = Debug|x64
		{2C697760-1B66-4DED-B57A-B3438D5A75FC}.Debug|x86.ActiveCfg = Debug|x86
		{2C697760-1B66-4DED-B57A-B3438D5A75FC}.Debug|x86.Build.0 = Debug|x86
		{2C697760-1B66-4DED-B57A-B3438D5A75FC}.Installers - Release|Any CPU.ActiveCfg = Release|Any CPU
		{2C697760-1B66-4DED-B57A-B3438D5A75FC}.Installers - Release|Any CPU.Build.0 = Release|Any CPU
		{2C697760-1B66-4DED-B57A-B3438D5A75FC}.Installers - Release|Mixed Platforms.ActiveCfg = Release|Any CPU
		{2C697760-1B66-4DED-B57A-B3438D5A75FC}.Installers - Release|Mixed Platforms.Build.0 = Release|Any CPU
		{2C697760-1B66-4DED-B57A-B3438D5A75FC}.Installers - Release|x64.ActiveCfg = Release|x64
		{2C697760-1B66-4DED-B57A-B3438D5A75FC}.Installers - Release|x64.Build.0 = Release|x64
		{2C697760-1B66-4DED-B57A-B3438D5A75FC}.Installers - Release|x86.ActiveCfg = Release|x86
		{2C697760-1B66-4DED-B57A-B3438D5A75FC}.Installers - Release|x86.Build.0 = Release|x86
		{2C697760-1B66-4DED-B57A-B3438D5A75FC}.Release|Any CPU.ActiveCfg = Release|Any CPU
		{2C697760-1B66-4DED-B57A-B3438D5A75FC}.Release|Any CPU.Build.0 = Release|Any CPU
		{2C697760-1B66-4DED-B57A-B3438D5A75FC}.Release|Mixed Platforms.ActiveCfg = Release|Any CPU
		{2C697760-1B66-4DED-B57A-B3438D5A75FC}.Release|Mixed Platforms.Build.0 = Release|Any CPU
		{2C697760-1B66-4DED-B57A-B3438D5A75FC}.Release|x64.ActiveCfg = Release|x64
		{2C697760-1B66-4DED-B57A-B3438D5A75FC}.Release|x64.Build.0 = Release|x64
		{2C697760-1B66-4DED-B57A-B3438D5A75FC}.Release|x86.ActiveCfg = Release|x86
		{2C697760-1B66-4DED-B57A-B3438D5A75FC}.Release|x86.Build.0 = Release|x86
		{3ECB477E-5631-4E77-B66F-A64BC37C42EC}.Debug|Any CPU.ActiveCfg = Debug|x86
		{3ECB477E-5631-4E77-B66F-A64BC37C42EC}.Debug|Mixed Platforms.ActiveCfg = Debug|x86
		{3ECB477E-5631-4E77-B66F-A64BC37C42EC}.Debug|Mixed Platforms.Build.0 = Debug|x86
		{3ECB477E-5631-4E77-B66F-A64BC37C42EC}.Debug|x64.ActiveCfg = Debug|x64
		{3ECB477E-5631-4E77-B66F-A64BC37C42EC}.Debug|x64.Build.0 = Debug|x64
		{3ECB477E-5631-4E77-B66F-A64BC37C42EC}.Debug|x86.ActiveCfg = Debug|x86
		{3ECB477E-5631-4E77-B66F-A64BC37C42EC}.Debug|x86.Build.0 = Debug|x86
		{3ECB477E-5631-4E77-B66F-A64BC37C42EC}.Installers - Release|Any CPU.ActiveCfg = Release|x86
		{3ECB477E-5631-4E77-B66F-A64BC37C42EC}.Installers - Release|Mixed Platforms.ActiveCfg = Release|x86
		{3ECB477E-5631-4E77-B66F-A64BC37C42EC}.Installers - Release|Mixed Platforms.Build.0 = Release|x86
		{3ECB477E-5631-4E77-B66F-A64BC37C42EC}.Installers - Release|x64.ActiveCfg = Release|x64
		{3ECB477E-5631-4E77-B66F-A64BC37C42EC}.Installers - Release|x64.Build.0 = Release|x64
		{3ECB477E-5631-4E77-B66F-A64BC37C42EC}.Installers - Release|x86.ActiveCfg = Release|x86
		{3ECB477E-5631-4E77-B66F-A64BC37C42EC}.Installers - Release|x86.Build.0 = Release|x86
		{3ECB477E-5631-4E77-B66F-A64BC37C42EC}.Release|Any CPU.ActiveCfg = Release|x86
		{3ECB477E-5631-4E77-B66F-A64BC37C42EC}.Release|Mixed Platforms.ActiveCfg = Release|x86
		{3ECB477E-5631-4E77-B66F-A64BC37C42EC}.Release|Mixed Platforms.Build.0 = Release|x86
		{3ECB477E-5631-4E77-B66F-A64BC37C42EC}.Release|x64.ActiveCfg = Release|x64
		{3ECB477E-5631-4E77-B66F-A64BC37C42EC}.Release|x64.Build.0 = Release|x64
		{3ECB477E-5631-4E77-B66F-A64BC37C42EC}.Release|x86.ActiveCfg = Release|x86
		{3ECB477E-5631-4E77-B66F-A64BC37C42EC}.Release|x86.Build.0 = Release|x86
		{B57A7572-5F5C-4166-AE0B-9814B550E9B2}.Debug|Any CPU.ActiveCfg = Debug|Any CPU
		{B57A7572-5F5C-4166-AE0B-9814B550E9B2}.Debug|Any CPU.Build.0 = Debug|Any CPU
		{B57A7572-5F5C-4166-AE0B-9814B550E9B2}.Debug|Mixed Platforms.ActiveCfg = Debug|Any CPU
		{B57A7572-5F5C-4166-AE0B-9814B550E9B2}.Debug|Mixed Platforms.Build.0 = Debug|Any CPU
		{B57A7572-5F5C-4166-AE0B-9814B550E9B2}.Debug|x64.ActiveCfg = Debug|x64
		{B57A7572-5F5C-4166-AE0B-9814B550E9B2}.Debug|x64.Build.0 = Debug|x64
		{B57A7572-5F5C-4166-AE0B-9814B550E9B2}.Debug|x86.ActiveCfg = Debug|x86
		{B57A7572-5F5C-4166-AE0B-9814B550E9B2}.Debug|x86.Build.0 = Debug|x86
		{B57A7572-5F5C-4166-AE0B-9814B550E9B2}.Installers - Release|Any CPU.ActiveCfg = Release|Any CPU
		{B57A7572-5F5C-4166-AE0B-9814B550E9B2}.Installers - Release|Any CPU.Build.0 = Release|Any CPU
		{B57A7572-5F5C-4166-AE0B-9814B550E9B2}.Installers - Release|Mixed Platforms.ActiveCfg = Release|Any CPU
		{B57A7572-5F5C-4166-AE0B-9814B550E9B2}.Installers - Release|Mixed Platforms.Build.0 = Release|Any CPU
		{B57A7572-5F5C-4166-AE0B-9814B550E9B2}.Installers - Release|x64.ActiveCfg = Release|x64
		{B57A7572-5F5C-4166-AE0B-9814B550E9B2}.Installers - Release|x64.Build.0 = Release|x64
		{B57A7572-5F5C-4166-AE0B-9814B550E9B2}.Installers - Release|x86.ActiveCfg = Release|x86
		{B57A7572-5F5C-4166-AE0B-9814B550E9B2}.Installers - Release|x86.Build.0 = Release|x86
		{B57A7572-5F5C-4166-AE0B-9814B550E9B2}.Release|Any CPU.ActiveCfg = Release|Any CPU
		{B57A7572-5F5C-4166-AE0B-9814B550E9B2}.Release|Any CPU.Build.0 = Release|Any CPU
		{B57A7572-5F5C-4166-AE0B-9814B550E9B2}.Release|Mixed Platforms.ActiveCfg = Release|Any CPU
		{B57A7572-5F5C-4166-AE0B-9814B550E9B2}.Release|Mixed Platforms.Build.0 = Release|Any CPU
		{B57A7572-5F5C-4166-AE0B-9814B550E9B2}.Release|x64.ActiveCfg = Release|x64
		{B57A7572-5F5C-4166-AE0B-9814B550E9B2}.Release|x64.Build.0 = Release|x64
		{B57A7572-5F5C-4166-AE0B-9814B550E9B2}.Release|x86.ActiveCfg = Release|x86
		{B57A7572-5F5C-4166-AE0B-9814B550E9B2}.Release|x86.Build.0 = Release|x86
		{D9F288A7-A0EF-4237-A9D6-BA9CCE9C9C09}.Debug|Any CPU.ActiveCfg = Debug|Any CPU
		{D9F288A7-A0EF-4237-A9D6-BA9CCE9C9C09}.Debug|Any CPU.Build.0 = Debug|Any CPU
		{D9F288A7-A0EF-4237-A9D6-BA9CCE9C9C09}.Debug|Mixed Platforms.ActiveCfg = Debug|Any CPU
		{D9F288A7-A0EF-4237-A9D6-BA9CCE9C9C09}.Debug|Mixed Platforms.Build.0 = Debug|Any CPU
		{D9F288A7-A0EF-4237-A9D6-BA9CCE9C9C09}.Debug|x64.ActiveCfg = Debug|x64
		{D9F288A7-A0EF-4237-A9D6-BA9CCE9C9C09}.Debug|x64.Build.0 = Debug|x64
		{D9F288A7-A0EF-4237-A9D6-BA9CCE9C9C09}.Debug|x86.ActiveCfg = Debug|x86
		{D9F288A7-A0EF-4237-A9D6-BA9CCE9C9C09}.Debug|x86.Build.0 = Debug|x86
		{D9F288A7-A0EF-4237-A9D6-BA9CCE9C9C09}.Installers - Release|Any CPU.ActiveCfg = Release|Any CPU
		{D9F288A7-A0EF-4237-A9D6-BA9CCE9C9C09}.Installers - Release|Any CPU.Build.0 = Release|Any CPU
		{D9F288A7-A0EF-4237-A9D6-BA9CCE9C9C09}.Installers - Release|Mixed Platforms.ActiveCfg = Release|Any CPU
		{D9F288A7-A0EF-4237-A9D6-BA9CCE9C9C09}.Installers - Release|Mixed Platforms.Build.0 = Release|Any CPU
		{D9F288A7-A0EF-4237-A9D6-BA9CCE9C9C09}.Installers - Release|x64.ActiveCfg = Release|x64
		{D9F288A7-A0EF-4237-A9D6-BA9CCE9C9C09}.Installers - Release|x64.Build.0 = Release|x64
		{D9F288A7-A0EF-4237-A9D6-BA9CCE9C9C09}.Installers - Release|x86.ActiveCfg = Release|x86
		{D9F288A7-A0EF-4237-A9D6-BA9CCE9C9C09}.Installers - Release|x86.Build.0 = Release|x86
		{D9F288A7-A0EF-4237-A9D6-BA9CCE9C9C09}.Release|Any CPU.ActiveCfg = Release|Any CPU
		{D9F288A7-A0EF-4237-A9D6-BA9CCE9C9C09}.Release|Any CPU.Build.0 = Release|Any CPU
		{D9F288A7-A0EF-4237-A9D6-BA9CCE9C9C09}.Release|Mixed Platforms.ActiveCfg = Release|Any CPU
		{D9F288A7-A0EF-4237-A9D6-BA9CCE9C9C09}.Release|Mixed Platforms.Build.0 = Release|Any CPU
		{D9F288A7-A0EF-4237-A9D6-BA9CCE9C9C09}.Release|x64.ActiveCfg = Release|x64
		{D9F288A7-A0EF-4237-A9D6-BA9CCE9C9C09}.Release|x64.Build.0 = Release|x64
		{D9F288A7-A0EF-4237-A9D6-BA9CCE9C9C09}.Release|x86.ActiveCfg = Release|x86
		{D9F288A7-A0EF-4237-A9D6-BA9CCE9C9C09}.Release|x86.Build.0 = Release|x86
		{28833337-BDB1-412F-B378-575901285100}.Debug|Any CPU.ActiveCfg = Debug|Any CPU
		{28833337-BDB1-412F-B378-575901285100}.Debug|Any CPU.Build.0 = Debug|Any CPU
		{28833337-BDB1-412F-B378-575901285100}.Debug|Mixed Platforms.ActiveCfg = Debug|Any CPU
		{28833337-BDB1-412F-B378-575901285100}.Debug|Mixed Platforms.Build.0 = Debug|Any CPU
		{28833337-BDB1-412F-B378-575901285100}.Debug|x64.ActiveCfg = Debug|x64
		{28833337-BDB1-412F-B378-575901285100}.Debug|x64.Build.0 = Debug|x64
		{28833337-BDB1-412F-B378-575901285100}.Debug|x86.ActiveCfg = Debug|x86
		{28833337-BDB1-412F-B378-575901285100}.Debug|x86.Build.0 = Debug|x86
		{28833337-BDB1-412F-B378-575901285100}.Installers - Release|Any CPU.ActiveCfg = Release|Any CPU
		{28833337-BDB1-412F-B378-575901285100}.Installers - Release|Any CPU.Build.0 = Release|Any CPU
		{28833337-BDB1-412F-B378-575901285100}.Installers - Release|Mixed Platforms.ActiveCfg = Release|Any CPU
		{28833337-BDB1-412F-B378-575901285100}.Installers - Release|Mixed Platforms.Build.0 = Release|Any CPU
		{28833337-BDB1-412F-B378-575901285100}.Installers - Release|x64.ActiveCfg = Release|x64
		{28833337-BDB1-412F-B378-575901285100}.Installers - Release|x64.Build.0 = Release|x64
		{28833337-BDB1-412F-B378-575901285100}.Installers - Release|x86.ActiveCfg = Release|x86
		{28833337-BDB1-412F-B378-575901285100}.Installers - Release|x86.Build.0 = Release|x86
		{28833337-BDB1-412F-B378-575901285100}.Release|Any CPU.ActiveCfg = Release|Any CPU
		{28833337-BDB1-412F-B378-575901285100}.Release|Any CPU.Build.0 = Release|Any CPU
		{28833337-BDB1-412F-B378-575901285100}.Release|Mixed Platforms.ActiveCfg = Release|Any CPU
		{28833337-BDB1-412F-B378-575901285100}.Release|Mixed Platforms.Build.0 = Release|Any CPU
		{28833337-BDB1-412F-B378-575901285100}.Release|x64.ActiveCfg = Release|x64
		{28833337-BDB1-412F-B378-575901285100}.Release|x64.Build.0 = Release|x64
		{28833337-BDB1-412F-B378-575901285100}.Release|x86.ActiveCfg = Release|x86
		{28833337-BDB1-412F-B378-575901285100}.Release|x86.Build.0 = Release|x86
		{D0078338-6F65-47F6-BCCA-18B58295E66F}.Debug|Any CPU.ActiveCfg = Debug|x86
		{D0078338-6F65-47F6-BCCA-18B58295E66F}.Debug|Mixed Platforms.ActiveCfg = Debug|x86
		{D0078338-6F65-47F6-BCCA-18B58295E66F}.Debug|Mixed Platforms.Build.0 = Debug|x86
		{D0078338-6F65-47F6-BCCA-18B58295E66F}.Debug|x64.ActiveCfg = Debug|x64
		{D0078338-6F65-47F6-BCCA-18B58295E66F}.Debug|x86.ActiveCfg = Debug|x86
		{D0078338-6F65-47F6-BCCA-18B58295E66F}.Debug|x86.Build.0 = Debug|x86
		{D0078338-6F65-47F6-BCCA-18B58295E66F}.Installers - Release|Any CPU.ActiveCfg = Release|x86
		{D0078338-6F65-47F6-BCCA-18B58295E66F}.Installers - Release|Mixed Platforms.ActiveCfg = Release|x86
		{D0078338-6F65-47F6-BCCA-18B58295E66F}.Installers - Release|Mixed Platforms.Build.0 = Release|x86
		{D0078338-6F65-47F6-BCCA-18B58295E66F}.Installers - Release|x64.ActiveCfg = Release|x64
		{D0078338-6F65-47F6-BCCA-18B58295E66F}.Installers - Release|x64.Build.0 = Release|x64
		{D0078338-6F65-47F6-BCCA-18B58295E66F}.Installers - Release|x86.ActiveCfg = Release|x86
		{D0078338-6F65-47F6-BCCA-18B58295E66F}.Installers - Release|x86.Build.0 = Release|x86
		{D0078338-6F65-47F6-BCCA-18B58295E66F}.Release|Any CPU.ActiveCfg = Release|x86
		{D0078338-6F65-47F6-BCCA-18B58295E66F}.Release|Mixed Platforms.ActiveCfg = Release|x86
		{D0078338-6F65-47F6-BCCA-18B58295E66F}.Release|Mixed Platforms.Build.0 = Release|x86
		{D0078338-6F65-47F6-BCCA-18B58295E66F}.Release|x64.ActiveCfg = Release|x64
		{D0078338-6F65-47F6-BCCA-18B58295E66F}.Release|x86.ActiveCfg = Release|x86
		{00BD8E1B-B1F1-43D7-BD03-BF74819E2883}.Debug|Any CPU.ActiveCfg = Debug|x86
		{00BD8E1B-B1F1-43D7-BD03-BF74819E2883}.Debug|Mixed Platforms.ActiveCfg = Debug|x86
		{00BD8E1B-B1F1-43D7-BD03-BF74819E2883}.Debug|Mixed Platforms.Build.0 = Debug|x86
		{00BD8E1B-B1F1-43D7-BD03-BF74819E2883}.Debug|x64.ActiveCfg = Debug|x64
		{00BD8E1B-B1F1-43D7-BD03-BF74819E2883}.Debug|x86.ActiveCfg = Debug|x86
		{00BD8E1B-B1F1-43D7-BD03-BF74819E2883}.Debug|x86.Build.0 = Debug|x86
		{00BD8E1B-B1F1-43D7-BD03-BF74819E2883}.Installers - Release|Any CPU.ActiveCfg = Release|x86
		{00BD8E1B-B1F1-43D7-BD03-BF74819E2883}.Installers - Release|Mixed Platforms.ActiveCfg = Release|x86
		{00BD8E1B-B1F1-43D7-BD03-BF74819E2883}.Installers - Release|Mixed Platforms.Build.0 = Release|x86
		{00BD8E1B-B1F1-43D7-BD03-BF74819E2883}.Installers - Release|x64.ActiveCfg = Release|x64
		{00BD8E1B-B1F1-43D7-BD03-BF74819E2883}.Installers - Release|x64.Build.0 = Release|x64
		{00BD8E1B-B1F1-43D7-BD03-BF74819E2883}.Installers - Release|x86.ActiveCfg = Release|x86
		{00BD8E1B-B1F1-43D7-BD03-BF74819E2883}.Installers - Release|x86.Build.0 = Release|x86
		{00BD8E1B-B1F1-43D7-BD03-BF74819E2883}.Release|Any CPU.ActiveCfg = Release|x86
		{00BD8E1B-B1F1-43D7-BD03-BF74819E2883}.Release|Mixed Platforms.ActiveCfg = Release|x86
		{00BD8E1B-B1F1-43D7-BD03-BF74819E2883}.Release|Mixed Platforms.Build.0 = Release|x86
		{00BD8E1B-B1F1-43D7-BD03-BF74819E2883}.Release|x64.ActiveCfg = Release|x64
		{00BD8E1B-B1F1-43D7-BD03-BF74819E2883}.Release|x86.ActiveCfg = Release|x86
		{6156EB27-A408-4349-AE84-AD1CEF868936}.Debug|Any CPU.ActiveCfg = Debug|x86
		{6156EB27-A408-4349-AE84-AD1CEF868936}.Debug|Mixed Platforms.ActiveCfg = Debug|x86
		{6156EB27-A408-4349-AE84-AD1CEF868936}.Debug|Mixed Platforms.Build.0 = Debug|x86
		{6156EB27-A408-4349-AE84-AD1CEF868936}.Debug|x64.ActiveCfg = Debug|x64
		{6156EB27-A408-4349-AE84-AD1CEF868936}.Debug|x86.ActiveCfg = Debug|x86
		{6156EB27-A408-4349-AE84-AD1CEF868936}.Debug|x86.Build.0 = Debug|x86
		{6156EB27-A408-4349-AE84-AD1CEF868936}.Installers - Release|Any CPU.ActiveCfg = Release|x86
		{6156EB27-A408-4349-AE84-AD1CEF868936}.Installers - Release|Mixed Platforms.ActiveCfg = Release|x86
		{6156EB27-A408-4349-AE84-AD1CEF868936}.Installers - Release|Mixed Platforms.Build.0 = Release|x86
		{6156EB27-A408-4349-AE84-AD1CEF868936}.Installers - Release|x64.ActiveCfg = Release|x64
		{6156EB27-A408-4349-AE84-AD1CEF868936}.Installers - Release|x64.Build.0 = Release|x64
		{6156EB27-A408-4349-AE84-AD1CEF868936}.Installers - Release|x86.ActiveCfg = Release|x86
		{6156EB27-A408-4349-AE84-AD1CEF868936}.Installers - Release|x86.Build.0 = Release|x86
		{6156EB27-A408-4349-AE84-AD1CEF868936}.Release|Any CPU.ActiveCfg = Release|x86
		{6156EB27-A408-4349-AE84-AD1CEF868936}.Release|Mixed Platforms.ActiveCfg = Release|x86
		{6156EB27-A408-4349-AE84-AD1CEF868936}.Release|Mixed Platforms.Build.0 = Release|x86
		{6156EB27-A408-4349-AE84-AD1CEF868936}.Release|x64.ActiveCfg = Release|x64
		{6156EB27-A408-4349-AE84-AD1CEF868936}.Release|x86.ActiveCfg = Release|x86
		{7ED4F983-3946-48EB-AAB7-587CEFAC4D03}.Debug|Any CPU.ActiveCfg = Debug|Any CPU
		{7ED4F983-3946-48EB-AAB7-587CEFAC4D03}.Debug|Any CPU.Build.0 = Debug|Any CPU
		{7ED4F983-3946-48EB-AAB7-587CEFAC4D03}.Debug|Mixed Platforms.ActiveCfg = Debug|Any CPU
		{7ED4F983-3946-48EB-AAB7-587CEFAC4D03}.Debug|Mixed Platforms.Build.0 = Debug|Any CPU
		{7ED4F983-3946-48EB-AAB7-587CEFAC4D03}.Debug|x64.ActiveCfg = Debug|x64
		{7ED4F983-3946-48EB-AAB7-587CEFAC4D03}.Debug|x64.Build.0 = Debug|x64
		{7ED4F983-3946-48EB-AAB7-587CEFAC4D03}.Debug|x86.ActiveCfg = Debug|x86
		{7ED4F983-3946-48EB-AAB7-587CEFAC4D03}.Debug|x86.Build.0 = Debug|x86
		{7ED4F983-3946-48EB-AAB7-587CEFAC4D03}.Installers - Release|Any CPU.ActiveCfg = Release|Any CPU
		{7ED4F983-3946-48EB-AAB7-587CEFAC4D03}.Installers - Release|Any CPU.Build.0 = Release|Any CPU
		{7ED4F983-3946-48EB-AAB7-587CEFAC4D03}.Installers - Release|Mixed Platforms.ActiveCfg = Release|Any CPU
		{7ED4F983-3946-48EB-AAB7-587CEFAC4D03}.Installers - Release|Mixed Platforms.Build.0 = Release|Any CPU
		{7ED4F983-3946-48EB-AAB7-587CEFAC4D03}.Installers - Release|x64.ActiveCfg = Release|x64
		{7ED4F983-3946-48EB-AAB7-587CEFAC4D03}.Installers - Release|x64.Build.0 = Release|x64
		{7ED4F983-3946-48EB-AAB7-587CEFAC4D03}.Installers - Release|x86.ActiveCfg = Release|x86
		{7ED4F983-3946-48EB-AAB7-587CEFAC4D03}.Installers - Release|x86.Build.0 = Release|x86
		{7ED4F983-3946-48EB-AAB7-587CEFAC4D03}.Release|Any CPU.ActiveCfg = Release|Any CPU
		{7ED4F983-3946-48EB-AAB7-587CEFAC4D03}.Release|Any CPU.Build.0 = Release|Any CPU
		{7ED4F983-3946-48EB-AAB7-587CEFAC4D03}.Release|Mixed Platforms.ActiveCfg = Release|Any CPU
		{7ED4F983-3946-48EB-AAB7-587CEFAC4D03}.Release|Mixed Platforms.Build.0 = Release|Any CPU
		{7ED4F983-3946-48EB-AAB7-587CEFAC4D03}.Release|x64.ActiveCfg = Release|x64
		{7ED4F983-3946-48EB-AAB7-587CEFAC4D03}.Release|x64.Build.0 = Release|x64
		{7ED4F983-3946-48EB-AAB7-587CEFAC4D03}.Release|x86.ActiveCfg = Release|x86
		{7ED4F983-3946-48EB-AAB7-587CEFAC4D03}.Release|x86.Build.0 = Release|x86
		{DA31563C-5B51-4072-AF18-57E4FC5DE957}.Debug|Any CPU.ActiveCfg = Debug|Any CPU
		{DA31563C-5B51-4072-AF18-57E4FC5DE957}.Debug|Any CPU.Build.0 = Debug|Any CPU
		{DA31563C-5B51-4072-AF18-57E4FC5DE957}.Debug|Mixed Platforms.ActiveCfg = Debug|Any CPU
		{DA31563C-5B51-4072-AF18-57E4FC5DE957}.Debug|Mixed Platforms.Build.0 = Debug|Any CPU
		{DA31563C-5B51-4072-AF18-57E4FC5DE957}.Debug|x64.ActiveCfg = Debug|x64
		{DA31563C-5B51-4072-AF18-57E4FC5DE957}.Debug|x64.Build.0 = Debug|x64
		{DA31563C-5B51-4072-AF18-57E4FC5DE957}.Debug|x86.ActiveCfg = Debug|x86
		{DA31563C-5B51-4072-AF18-57E4FC5DE957}.Debug|x86.Build.0 = Debug|x86
		{DA31563C-5B51-4072-AF18-57E4FC5DE957}.Installers - Release|Any CPU.ActiveCfg = Release|Any CPU
		{DA31563C-5B51-4072-AF18-57E4FC5DE957}.Installers - Release|Any CPU.Build.0 = Release|Any CPU
		{DA31563C-5B51-4072-AF18-57E4FC5DE957}.Installers - Release|Mixed Platforms.ActiveCfg = Release|Any CPU
		{DA31563C-5B51-4072-AF18-57E4FC5DE957}.Installers - Release|Mixed Platforms.Build.0 = Release|Any CPU
		{DA31563C-5B51-4072-AF18-57E4FC5DE957}.Installers - Release|x64.ActiveCfg = Release|x64
		{DA31563C-5B51-4072-AF18-57E4FC5DE957}.Installers - Release|x64.Build.0 = Release|x64
		{DA31563C-5B51-4072-AF18-57E4FC5DE957}.Installers - Release|x86.ActiveCfg = Release|x86
		{DA31563C-5B51-4072-AF18-57E4FC5DE957}.Installers - Release|x86.Build.0 = Release|x86
		{DA31563C-5B51-4072-AF18-57E4FC5DE957}.Release|Any CPU.ActiveCfg = Release|Any CPU
		{DA31563C-5B51-4072-AF18-57E4FC5DE957}.Release|Any CPU.Build.0 = Release|Any CPU
		{DA31563C-5B51-4072-AF18-57E4FC5DE957}.Release|Mixed Platforms.ActiveCfg = Release|Any CPU
		{DA31563C-5B51-4072-AF18-57E4FC5DE957}.Release|Mixed Platforms.Build.0 = Release|Any CPU
		{DA31563C-5B51-4072-AF18-57E4FC5DE957}.Release|x64.ActiveCfg = Release|x64
		{DA31563C-5B51-4072-AF18-57E4FC5DE957}.Release|x64.Build.0 = Release|x64
		{DA31563C-5B51-4072-AF18-57E4FC5DE957}.Release|x86.ActiveCfg = Release|x86
		{DA31563C-5B51-4072-AF18-57E4FC5DE957}.Release|x86.Build.0 = Release|x86
		{9F4086FD-8332-489F-8A96-8D4425DB5DF2}.Debug|Any CPU.ActiveCfg = Debug|Any CPU
		{9F4086FD-8332-489F-8A96-8D4425DB5DF2}.Debug|Any CPU.Build.0 = Debug|Any CPU
		{9F4086FD-8332-489F-8A96-8D4425DB5DF2}.Debug|Mixed Platforms.ActiveCfg = Debug|x86
		{9F4086FD-8332-489F-8A96-8D4425DB5DF2}.Debug|Mixed Platforms.Build.0 = Debug|x86
		{9F4086FD-8332-489F-8A96-8D4425DB5DF2}.Debug|x64.ActiveCfg = Debug|x64
		{9F4086FD-8332-489F-8A96-8D4425DB5DF2}.Debug|x64.Build.0 = Debug|x64
		{9F4086FD-8332-489F-8A96-8D4425DB5DF2}.Debug|x86.ActiveCfg = Debug|x86
		{9F4086FD-8332-489F-8A96-8D4425DB5DF2}.Debug|x86.Build.0 = Debug|x86
		{9F4086FD-8332-489F-8A96-8D4425DB5DF2}.Installers - Release|Any CPU.ActiveCfg = Release|Any CPU
		{9F4086FD-8332-489F-8A96-8D4425DB5DF2}.Installers - Release|Any CPU.Build.0 = Release|Any CPU
		{9F4086FD-8332-489F-8A96-8D4425DB5DF2}.Installers - Release|Mixed Platforms.ActiveCfg = Release|x86
		{9F4086FD-8332-489F-8A96-8D4425DB5DF2}.Installers - Release|Mixed Platforms.Build.0 = Release|x86
		{9F4086FD-8332-489F-8A96-8D4425DB5DF2}.Installers - Release|x64.ActiveCfg = Release|x64
		{9F4086FD-8332-489F-8A96-8D4425DB5DF2}.Installers - Release|x64.Build.0 = Release|x64
		{9F4086FD-8332-489F-8A96-8D4425DB5DF2}.Installers - Release|x86.ActiveCfg = Release|x86
		{9F4086FD-8332-489F-8A96-8D4425DB5DF2}.Installers - Release|x86.Build.0 = Release|x86
		{9F4086FD-8332-489F-8A96-8D4425DB5DF2}.Release|Any CPU.ActiveCfg = Release|Any CPU
		{9F4086FD-8332-489F-8A96-8D4425DB5DF2}.Release|Any CPU.Build.0 = Release|Any CPU
		{9F4086FD-8332-489F-8A96-8D4425DB5DF2}.Release|Mixed Platforms.ActiveCfg = Release|x86
		{9F4086FD-8332-489F-8A96-8D4425DB5DF2}.Release|Mixed Platforms.Build.0 = Release|x86
		{9F4086FD-8332-489F-8A96-8D4425DB5DF2}.Release|x64.ActiveCfg = Release|x64
		{9F4086FD-8332-489F-8A96-8D4425DB5DF2}.Release|x64.Build.0 = Release|x64
		{9F4086FD-8332-489F-8A96-8D4425DB5DF2}.Release|x86.ActiveCfg = Release|x86
		{9F4086FD-8332-489F-8A96-8D4425DB5DF2}.Release|x86.Build.0 = Release|x86
		{ED3A5818-ED75-476B-8146-D5EEE289D2A2}.Debug|Any CPU.ActiveCfg = Debug|Any CPU
		{ED3A5818-ED75-476B-8146-D5EEE289D2A2}.Debug|Any CPU.Build.0 = Debug|Any CPU
		{ED3A5818-ED75-476B-8146-D5EEE289D2A2}.Debug|Mixed Platforms.ActiveCfg = Debug|x86
		{ED3A5818-ED75-476B-8146-D5EEE289D2A2}.Debug|Mixed Platforms.Build.0 = Debug|x86
		{ED3A5818-ED75-476B-8146-D5EEE289D2A2}.Debug|x64.ActiveCfg = Debug|x64
		{ED3A5818-ED75-476B-8146-D5EEE289D2A2}.Debug|x64.Build.0 = Debug|x64
		{ED3A5818-ED75-476B-8146-D5EEE289D2A2}.Debug|x86.ActiveCfg = Debug|x86
		{ED3A5818-ED75-476B-8146-D5EEE289D2A2}.Debug|x86.Build.0 = Debug|x86
		{ED3A5818-ED75-476B-8146-D5EEE289D2A2}.Installers - Release|Any CPU.ActiveCfg = Release|Any CPU
		{ED3A5818-ED75-476B-8146-D5EEE289D2A2}.Installers - Release|Any CPU.Build.0 = Release|Any CPU
		{ED3A5818-ED75-476B-8146-D5EEE289D2A2}.Installers - Release|Mixed Platforms.ActiveCfg = Release|x86
		{ED3A5818-ED75-476B-8146-D5EEE289D2A2}.Installers - Release|Mixed Platforms.Build.0 = Release|x86
		{ED3A5818-ED75-476B-8146-D5EEE289D2A2}.Installers - Release|x64.ActiveCfg = Release|x64
		{ED3A5818-ED75-476B-8146-D5EEE289D2A2}.Installers - Release|x64.Build.0 = Release|x64
		{ED3A5818-ED75-476B-8146-D5EEE289D2A2}.Installers - Release|x86.ActiveCfg = Release|x86
		{ED3A5818-ED75-476B-8146-D5EEE289D2A2}.Installers - Release|x86.Build.0 = Release|x86
		{ED3A5818-ED75-476B-8146-D5EEE289D2A2}.Release|Any CPU.ActiveCfg = Release|Any CPU
		{ED3A5818-ED75-476B-8146-D5EEE289D2A2}.Release|Any CPU.Build.0 = Release|Any CPU
		{ED3A5818-ED75-476B-8146-D5EEE289D2A2}.Release|Mixed Platforms.ActiveCfg = Release|x86
		{ED3A5818-ED75-476B-8146-D5EEE289D2A2}.Release|Mixed Platforms.Build.0 = Release|x86
		{ED3A5818-ED75-476B-8146-D5EEE289D2A2}.Release|x64.ActiveCfg = Release|x64
		{ED3A5818-ED75-476B-8146-D5EEE289D2A2}.Release|x64.Build.0 = Release|x64
		{ED3A5818-ED75-476B-8146-D5EEE289D2A2}.Release|x86.ActiveCfg = Release|x86
		{ED3A5818-ED75-476B-8146-D5EEE289D2A2}.Release|x86.Build.0 = Release|x86
		{85472B64-4F49-4182-8709-9229E25E5119}.Debug|Any CPU.ActiveCfg = Debug|Any CPU
		{85472B64-4F49-4182-8709-9229E25E5119}.Debug|Any CPU.Build.0 = Debug|Any CPU
		{85472B64-4F49-4182-8709-9229E25E5119}.Debug|Mixed Platforms.ActiveCfg = Debug|x86
		{85472B64-4F49-4182-8709-9229E25E5119}.Debug|Mixed Platforms.Build.0 = Debug|x86
		{85472B64-4F49-4182-8709-9229E25E5119}.Debug|x64.ActiveCfg = Debug|x64
		{85472B64-4F49-4182-8709-9229E25E5119}.Debug|x64.Build.0 = Debug|x64
		{85472B64-4F49-4182-8709-9229E25E5119}.Debug|x86.ActiveCfg = Debug|x86
		{85472B64-4F49-4182-8709-9229E25E5119}.Debug|x86.Build.0 = Debug|x86
		{85472B64-4F49-4182-8709-9229E25E5119}.Installers - Release|Any CPU.ActiveCfg = Release|Any CPU
		{85472B64-4F49-4182-8709-9229E25E5119}.Installers - Release|Any CPU.Build.0 = Release|Any CPU
		{85472B64-4F49-4182-8709-9229E25E5119}.Installers - Release|Mixed Platforms.ActiveCfg = Release|x86
		{85472B64-4F49-4182-8709-9229E25E5119}.Installers - Release|Mixed Platforms.Build.0 = Release|x86
		{85472B64-4F49-4182-8709-9229E25E5119}.Installers - Release|x64.ActiveCfg = Release|x64
		{85472B64-4F49-4182-8709-9229E25E5119}.Installers - Release|x64.Build.0 = Release|x64
		{85472B64-4F49-4182-8709-9229E25E5119}.Installers - Release|x86.ActiveCfg = Release|x86
		{85472B64-4F49-4182-8709-9229E25E5119}.Installers - Release|x86.Build.0 = Release|x86
		{85472B64-4F49-4182-8709-9229E25E5119}.Release|Any CPU.ActiveCfg = Release|Any CPU
		{85472B64-4F49-4182-8709-9229E25E5119}.Release|Any CPU.Build.0 = Release|Any CPU
		{85472B64-4F49-4182-8709-9229E25E5119}.Release|Mixed Platforms.ActiveCfg = Release|x86
		{85472B64-4F49-4182-8709-9229E25E5119}.Release|Mixed Platforms.Build.0 = Release|x86
		{85472B64-4F49-4182-8709-9229E25E5119}.Release|x64.ActiveCfg = Release|x64
		{85472B64-4F49-4182-8709-9229E25E5119}.Release|x64.Build.0 = Release|x64
		{85472B64-4F49-4182-8709-9229E25E5119}.Release|x86.ActiveCfg = Release|x86
		{85472B64-4F49-4182-8709-9229E25E5119}.Release|x86.Build.0 = Release|x86
		{0522B043-A04A-4669-90DB-204C96D52224}.Debug|Any CPU.ActiveCfg = Debug|Any CPU
		{0522B043-A04A-4669-90DB-204C96D52224}.Debug|Any CPU.Build.0 = Debug|Any CPU
		{0522B043-A04A-4669-90DB-204C96D52224}.Debug|Mixed Platforms.ActiveCfg = Debug|x86
		{0522B043-A04A-4669-90DB-204C96D52224}.Debug|Mixed Platforms.Build.0 = Debug|x86
		{0522B043-A04A-4669-90DB-204C96D52224}.Debug|x64.ActiveCfg = Debug|x64
		{0522B043-A04A-4669-90DB-204C96D52224}.Debug|x64.Build.0 = Debug|x64
		{0522B043-A04A-4669-90DB-204C96D52224}.Debug|x86.ActiveCfg = Debug|x86
		{0522B043-A04A-4669-90DB-204C96D52224}.Debug|x86.Build.0 = Debug|x86
		{0522B043-A04A-4669-90DB-204C96D52224}.Installers - Release|Any CPU.ActiveCfg = Release|Any CPU
		{0522B043-A04A-4669-90DB-204C96D52224}.Installers - Release|Any CPU.Build.0 = Release|Any CPU
		{0522B043-A04A-4669-90DB-204C96D52224}.Installers - Release|Mixed Platforms.ActiveCfg = Release|x86
		{0522B043-A04A-4669-90DB-204C96D52224}.Installers - Release|Mixed Platforms.Build.0 = Release|x86
		{0522B043-A04A-4669-90DB-204C96D52224}.Installers - Release|x64.ActiveCfg = Release|Any CPU
		{0522B043-A04A-4669-90DB-204C96D52224}.Installers - Release|x64.Build.0 = Release|Any CPU
		{0522B043-A04A-4669-90DB-204C96D52224}.Installers - Release|x86.ActiveCfg = Release|Any CPU
		{0522B043-A04A-4669-90DB-204C96D52224}.Installers - Release|x86.Build.0 = Release|Any CPU
		{0522B043-A04A-4669-90DB-204C96D52224}.Release|Any CPU.ActiveCfg = Release|Any CPU
		{0522B043-A04A-4669-90DB-204C96D52224}.Release|Any CPU.Build.0 = Release|Any CPU
		{0522B043-A04A-4669-90DB-204C96D52224}.Release|Mixed Platforms.ActiveCfg = Release|x86
		{0522B043-A04A-4669-90DB-204C96D52224}.Release|Mixed Platforms.Build.0 = Release|x86
		{0522B043-A04A-4669-90DB-204C96D52224}.Release|x64.ActiveCfg = Release|x64
		{0522B043-A04A-4669-90DB-204C96D52224}.Release|x64.Build.0 = Release|x64
		{0522B043-A04A-4669-90DB-204C96D52224}.Release|x86.ActiveCfg = Release|x86
		{0522B043-A04A-4669-90DB-204C96D52224}.Release|x86.Build.0 = Release|x86
		{8930138B-F96A-4A56-84CF-D660730989C9}.Debug|Any CPU.ActiveCfg = Debug|Any CPU
		{8930138B-F96A-4A56-84CF-D660730989C9}.Debug|Any CPU.Build.0 = Debug|Any CPU
		{8930138B-F96A-4A56-84CF-D660730989C9}.Debug|Mixed Platforms.ActiveCfg = Debug|x86
		{8930138B-F96A-4A56-84CF-D660730989C9}.Debug|Mixed Platforms.Build.0 = Debug|x86
		{8930138B-F96A-4A56-84CF-D660730989C9}.Debug|x64.ActiveCfg = Debug|x64
		{8930138B-F96A-4A56-84CF-D660730989C9}.Debug|x64.Build.0 = Debug|x64
		{8930138B-F96A-4A56-84CF-D660730989C9}.Debug|x86.ActiveCfg = Debug|x86
		{8930138B-F96A-4A56-84CF-D660730989C9}.Debug|x86.Build.0 = Debug|x86
		{8930138B-F96A-4A56-84CF-D660730989C9}.Installers - Release|Any CPU.ActiveCfg = Release|Any CPU
		{8930138B-F96A-4A56-84CF-D660730989C9}.Installers - Release|Any CPU.Build.0 = Release|Any CPU
		{8930138B-F96A-4A56-84CF-D660730989C9}.Installers - Release|Mixed Platforms.ActiveCfg = Release|x86
		{8930138B-F96A-4A56-84CF-D660730989C9}.Installers - Release|Mixed Platforms.Build.0 = Release|x86
		{8930138B-F96A-4A56-84CF-D660730989C9}.Installers - Release|x64.ActiveCfg = Release|Any CPU
		{8930138B-F96A-4A56-84CF-D660730989C9}.Installers - Release|x64.Build.0 = Release|Any CPU
		{8930138B-F96A-4A56-84CF-D660730989C9}.Installers - Release|x86.ActiveCfg = Release|Any CPU
		{8930138B-F96A-4A56-84CF-D660730989C9}.Installers - Release|x86.Build.0 = Release|Any CPU
		{8930138B-F96A-4A56-84CF-D660730989C9}.Release|Any CPU.ActiveCfg = Release|Any CPU
		{8930138B-F96A-4A56-84CF-D660730989C9}.Release|Any CPU.Build.0 = Release|Any CPU
		{8930138B-F96A-4A56-84CF-D660730989C9}.Release|Mixed Platforms.ActiveCfg = Release|x86
		{8930138B-F96A-4A56-84CF-D660730989C9}.Release|Mixed Platforms.Build.0 = Release|x86
		{8930138B-F96A-4A56-84CF-D660730989C9}.Release|x64.ActiveCfg = Release|x64
		{8930138B-F96A-4A56-84CF-D660730989C9}.Release|x64.Build.0 = Release|x64
		{8930138B-F96A-4A56-84CF-D660730989C9}.Release|x86.ActiveCfg = Release|x86
		{8930138B-F96A-4A56-84CF-D660730989C9}.Release|x86.Build.0 = Release|x86
		{704BD4A9-2FC2-4716-AB94-D3714A6ACC39}.Debug|Any CPU.ActiveCfg = Debug|Any CPU
		{704BD4A9-2FC2-4716-AB94-D3714A6ACC39}.Debug|Any CPU.Build.0 = Debug|Any CPU
		{704BD4A9-2FC2-4716-AB94-D3714A6ACC39}.Debug|Mixed Platforms.ActiveCfg = Debug|x86
		{704BD4A9-2FC2-4716-AB94-D3714A6ACC39}.Debug|Mixed Platforms.Build.0 = Debug|x86
		{704BD4A9-2FC2-4716-AB94-D3714A6ACC39}.Debug|x64.ActiveCfg = Debug|x64
		{704BD4A9-2FC2-4716-AB94-D3714A6ACC39}.Debug|x64.Build.0 = Debug|x64
		{704BD4A9-2FC2-4716-AB94-D3714A6ACC39}.Debug|x86.ActiveCfg = Debug|x86
		{704BD4A9-2FC2-4716-AB94-D3714A6ACC39}.Debug|x86.Build.0 = Debug|x86
		{704BD4A9-2FC2-4716-AB94-D3714A6ACC39}.Installers - Release|Any CPU.ActiveCfg = Release|Any CPU
		{704BD4A9-2FC2-4716-AB94-D3714A6ACC39}.Installers - Release|Any CPU.Build.0 = Release|Any CPU
		{704BD4A9-2FC2-4716-AB94-D3714A6ACC39}.Installers - Release|Mixed Platforms.ActiveCfg = Release|x86
		{704BD4A9-2FC2-4716-AB94-D3714A6ACC39}.Installers - Release|Mixed Platforms.Build.0 = Release|x86
		{704BD4A9-2FC2-4716-AB94-D3714A6ACC39}.Installers - Release|x64.ActiveCfg = Release|Any CPU
		{704BD4A9-2FC2-4716-AB94-D3714A6ACC39}.Installers - Release|x64.Build.0 = Release|Any CPU
		{704BD4A9-2FC2-4716-AB94-D3714A6ACC39}.Installers - Release|x86.ActiveCfg = Release|Any CPU
		{704BD4A9-2FC2-4716-AB94-D3714A6ACC39}.Installers - Release|x86.Build.0 = Release|Any CPU
		{704BD4A9-2FC2-4716-AB94-D3714A6ACC39}.Release|Any CPU.ActiveCfg = Release|Any CPU
		{704BD4A9-2FC2-4716-AB94-D3714A6ACC39}.Release|Any CPU.Build.0 = Release|Any CPU
		{704BD4A9-2FC2-4716-AB94-D3714A6ACC39}.Release|Mixed Platforms.ActiveCfg = Release|x86
		{704BD4A9-2FC2-4716-AB94-D3714A6ACC39}.Release|Mixed Platforms.Build.0 = Release|x86
		{704BD4A9-2FC2-4716-AB94-D3714A6ACC39}.Release|x64.ActiveCfg = Release|x64
		{704BD4A9-2FC2-4716-AB94-D3714A6ACC39}.Release|x64.Build.0 = Release|x64
		{704BD4A9-2FC2-4716-AB94-D3714A6ACC39}.Release|x86.ActiveCfg = Release|x86
		{704BD4A9-2FC2-4716-AB94-D3714A6ACC39}.Release|x86.Build.0 = Release|x86
		{983D3C18-8012-48AE-AE21-B6503FC0F5B8}.Debug|Any CPU.ActiveCfg = Debug|Any CPU
		{983D3C18-8012-48AE-AE21-B6503FC0F5B8}.Debug|Any CPU.Build.0 = Debug|Any CPU
		{983D3C18-8012-48AE-AE21-B6503FC0F5B8}.Debug|Mixed Platforms.ActiveCfg = Debug|x86
		{983D3C18-8012-48AE-AE21-B6503FC0F5B8}.Debug|Mixed Platforms.Build.0 = Debug|x86
		{983D3C18-8012-48AE-AE21-B6503FC0F5B8}.Debug|x64.ActiveCfg = Debug|x64
		{983D3C18-8012-48AE-AE21-B6503FC0F5B8}.Debug|x64.Build.0 = Debug|x64
		{983D3C18-8012-48AE-AE21-B6503FC0F5B8}.Debug|x86.ActiveCfg = Debug|x86
		{983D3C18-8012-48AE-AE21-B6503FC0F5B8}.Debug|x86.Build.0 = Debug|x86
		{983D3C18-8012-48AE-AE21-B6503FC0F5B8}.Installers - Release|Any CPU.ActiveCfg = Release|Any CPU
		{983D3C18-8012-48AE-AE21-B6503FC0F5B8}.Installers - Release|Any CPU.Build.0 = Release|Any CPU
		{983D3C18-8012-48AE-AE21-B6503FC0F5B8}.Installers - Release|Mixed Platforms.ActiveCfg = Release|x86
		{983D3C18-8012-48AE-AE21-B6503FC0F5B8}.Installers - Release|Mixed Platforms.Build.0 = Release|x86
		{983D3C18-8012-48AE-AE21-B6503FC0F5B8}.Installers - Release|x64.ActiveCfg = Release|x64
		{983D3C18-8012-48AE-AE21-B6503FC0F5B8}.Installers - Release|x64.Build.0 = Release|x64
		{983D3C18-8012-48AE-AE21-B6503FC0F5B8}.Installers - Release|x86.ActiveCfg = Release|x86
		{983D3C18-8012-48AE-AE21-B6503FC0F5B8}.Installers - Release|x86.Build.0 = Release|x86
		{983D3C18-8012-48AE-AE21-B6503FC0F5B8}.Release|Any CPU.ActiveCfg = Release|Any CPU
		{983D3C18-8012-48AE-AE21-B6503FC0F5B8}.Release|Any CPU.Build.0 = Release|Any CPU
		{983D3C18-8012-48AE-AE21-B6503FC0F5B8}.Release|Mixed Platforms.ActiveCfg = Release|x86
		{983D3C18-8012-48AE-AE21-B6503FC0F5B8}.Release|Mixed Platforms.Build.0 = Release|x86
		{983D3C18-8012-48AE-AE21-B6503FC0F5B8}.Release|x64.ActiveCfg = Release|x64
		{983D3C18-8012-48AE-AE21-B6503FC0F5B8}.Release|x64.Build.0 = Release|x64
		{983D3C18-8012-48AE-AE21-B6503FC0F5B8}.Release|x86.ActiveCfg = Release|x86
		{983D3C18-8012-48AE-AE21-B6503FC0F5B8}.Release|x86.Build.0 = Release|x86
		{81C2209C-F8DA-4693-8B2F-C68AB0C436ED}.Debug|Any CPU.ActiveCfg = Debug|Any CPU
		{81C2209C-F8DA-4693-8B2F-C68AB0C436ED}.Debug|Any CPU.Build.0 = Debug|Any CPU
		{81C2209C-F8DA-4693-8B2F-C68AB0C436ED}.Debug|Mixed Platforms.ActiveCfg = Debug|x86
		{81C2209C-F8DA-4693-8B2F-C68AB0C436ED}.Debug|Mixed Platforms.Build.0 = Debug|x86
		{81C2209C-F8DA-4693-8B2F-C68AB0C436ED}.Debug|x64.ActiveCfg = Debug|x64
		{81C2209C-F8DA-4693-8B2F-C68AB0C436ED}.Debug|x64.Build.0 = Debug|x64
		{81C2209C-F8DA-4693-8B2F-C68AB0C436ED}.Debug|x86.ActiveCfg = Debug|x86
		{81C2209C-F8DA-4693-8B2F-C68AB0C436ED}.Debug|x86.Build.0 = Debug|x86
		{81C2209C-F8DA-4693-8B2F-C68AB0C436ED}.Installers - Release|Any CPU.ActiveCfg = Release|Any CPU
		{81C2209C-F8DA-4693-8B2F-C68AB0C436ED}.Installers - Release|Any CPU.Build.0 = Release|Any CPU
		{81C2209C-F8DA-4693-8B2F-C68AB0C436ED}.Installers - Release|Mixed Platforms.ActiveCfg = Release|x86
		{81C2209C-F8DA-4693-8B2F-C68AB0C436ED}.Installers - Release|Mixed Platforms.Build.0 = Release|x86
		{81C2209C-F8DA-4693-8B2F-C68AB0C436ED}.Installers - Release|x64.ActiveCfg = Release|x64
		{81C2209C-F8DA-4693-8B2F-C68AB0C436ED}.Installers - Release|x64.Build.0 = Release|x64
		{81C2209C-F8DA-4693-8B2F-C68AB0C436ED}.Installers - Release|x86.ActiveCfg = Release|x86
		{81C2209C-F8DA-4693-8B2F-C68AB0C436ED}.Installers - Release|x86.Build.0 = Release|x86
		{81C2209C-F8DA-4693-8B2F-C68AB0C436ED}.Release|Any CPU.ActiveCfg = Release|Any CPU
		{81C2209C-F8DA-4693-8B2F-C68AB0C436ED}.Release|Any CPU.Build.0 = Release|Any CPU
		{81C2209C-F8DA-4693-8B2F-C68AB0C436ED}.Release|Mixed Platforms.ActiveCfg = Release|x86
		{81C2209C-F8DA-4693-8B2F-C68AB0C436ED}.Release|Mixed Platforms.Build.0 = Release|x86
		{81C2209C-F8DA-4693-8B2F-C68AB0C436ED}.Release|x64.ActiveCfg = Release|x64
		{81C2209C-F8DA-4693-8B2F-C68AB0C436ED}.Release|x64.Build.0 = Release|x64
		{81C2209C-F8DA-4693-8B2F-C68AB0C436ED}.Release|x86.ActiveCfg = Release|x86
		{81C2209C-F8DA-4693-8B2F-C68AB0C436ED}.Release|x86.Build.0 = Release|x86
		{EFBE506C-C260-409A-9AB8-D6619A091F54}.Debug|Any CPU.ActiveCfg = Debug|x86
		{EFBE506C-C260-409A-9AB8-D6619A091F54}.Debug|Mixed Platforms.ActiveCfg = Debug|x86
		{EFBE506C-C260-409A-9AB8-D6619A091F54}.Debug|Mixed Platforms.Build.0 = Debug|x86
		{EFBE506C-C260-409A-9AB8-D6619A091F54}.Debug|x64.ActiveCfg = Debug|x64
		{EFBE506C-C260-409A-9AB8-D6619A091F54}.Debug|x64.Build.0 = Debug|x64
		{EFBE506C-C260-409A-9AB8-D6619A091F54}.Debug|x86.ActiveCfg = Debug|x86
		{EFBE506C-C260-409A-9AB8-D6619A091F54}.Debug|x86.Build.0 = Debug|x86
		{EFBE506C-C260-409A-9AB8-D6619A091F54}.Installers - Release|Any CPU.ActiveCfg = Release|x86
		{EFBE506C-C260-409A-9AB8-D6619A091F54}.Installers - Release|Mixed Platforms.ActiveCfg = Release|x86
		{EFBE506C-C260-409A-9AB8-D6619A091F54}.Installers - Release|Mixed Platforms.Build.0 = Release|x86
		{EFBE506C-C260-409A-9AB8-D6619A091F54}.Installers - Release|x64.ActiveCfg = Release|x64
		{EFBE506C-C260-409A-9AB8-D6619A091F54}.Installers - Release|x64.Build.0 = Release|x64
		{EFBE506C-C260-409A-9AB8-D6619A091F54}.Installers - Release|x86.ActiveCfg = Release|x86
		{EFBE506C-C260-409A-9AB8-D6619A091F54}.Installers - Release|x86.Build.0 = Release|x86
		{EFBE506C-C260-409A-9AB8-D6619A091F54}.Release|Any CPU.ActiveCfg = Release|x86
		{EFBE506C-C260-409A-9AB8-D6619A091F54}.Release|Mixed Platforms.ActiveCfg = Release|x86
		{EFBE506C-C260-409A-9AB8-D6619A091F54}.Release|Mixed Platforms.Build.0 = Release|x86
		{EFBE506C-C260-409A-9AB8-D6619A091F54}.Release|x64.ActiveCfg = Release|x64
		{EFBE506C-C260-409A-9AB8-D6619A091F54}.Release|x64.Build.0 = Release|x64
		{EFBE506C-C260-409A-9AB8-D6619A091F54}.Release|x86.ActiveCfg = Release|x86
		{EFBE506C-C260-409A-9AB8-D6619A091F54}.Release|x86.Build.0 = Release|x86
		{415BAE6C-7FFE-47DD-860C-A1012E20400C}.Debug|Any CPU.ActiveCfg = Debug|Any CPU
		{415BAE6C-7FFE-47DD-860C-A1012E20400C}.Debug|Any CPU.Build.0 = Debug|Any CPU
		{415BAE6C-7FFE-47DD-860C-A1012E20400C}.Debug|Mixed Platforms.ActiveCfg = Debug|Any CPU
		{415BAE6C-7FFE-47DD-860C-A1012E20400C}.Debug|Mixed Platforms.Build.0 = Debug|Any CPU
		{415BAE6C-7FFE-47DD-860C-A1012E20400C}.Debug|x64.ActiveCfg = Debug|Any CPU
		{415BAE6C-7FFE-47DD-860C-A1012E20400C}.Debug|x86.ActiveCfg = Debug|Any CPU
		{415BAE6C-7FFE-47DD-860C-A1012E20400C}.Installers - Release|Any CPU.ActiveCfg = Release|Any CPU
		{415BAE6C-7FFE-47DD-860C-A1012E20400C}.Installers - Release|Any CPU.Build.0 = Release|Any CPU
		{415BAE6C-7FFE-47DD-860C-A1012E20400C}.Installers - Release|Mixed Platforms.ActiveCfg = Release|Any CPU
		{415BAE6C-7FFE-47DD-860C-A1012E20400C}.Installers - Release|Mixed Platforms.Build.0 = Release|Any CPU
		{415BAE6C-7FFE-47DD-860C-A1012E20400C}.Installers - Release|x64.ActiveCfg = Release|Any CPU
		{415BAE6C-7FFE-47DD-860C-A1012E20400C}.Installers - Release|x64.Build.0 = Release|Any CPU
		{415BAE6C-7FFE-47DD-860C-A1012E20400C}.Installers - Release|x86.ActiveCfg = Release|Any CPU
		{415BAE6C-7FFE-47DD-860C-A1012E20400C}.Installers - Release|x86.Build.0 = Release|Any CPU
		{415BAE6C-7FFE-47DD-860C-A1012E20400C}.Release|Any CPU.ActiveCfg = Release|Any CPU
		{415BAE6C-7FFE-47DD-860C-A1012E20400C}.Release|Any CPU.Build.0 = Release|Any CPU
		{415BAE6C-7FFE-47DD-860C-A1012E20400C}.Release|Mixed Platforms.ActiveCfg = Release|Any CPU
		{415BAE6C-7FFE-47DD-860C-A1012E20400C}.Release|Mixed Platforms.Build.0 = Release|Any CPU
		{415BAE6C-7FFE-47DD-860C-A1012E20400C}.Release|x64.ActiveCfg = Release|Any CPU
		{415BAE6C-7FFE-47DD-860C-A1012E20400C}.Release|x86.ActiveCfg = Release|Any CPU
		{19DBA418-08C1-4A02-BB7A-2D83A416C6A2}.Debug|Any CPU.ActiveCfg = Debug|Any CPU
		{19DBA418-08C1-4A02-BB7A-2D83A416C6A2}.Debug|Any CPU.Build.0 = Debug|Any CPU
		{19DBA418-08C1-4A02-BB7A-2D83A416C6A2}.Debug|Mixed Platforms.ActiveCfg = Debug|x86
		{19DBA418-08C1-4A02-BB7A-2D83A416C6A2}.Debug|Mixed Platforms.Build.0 = Debug|x86
		{19DBA418-08C1-4A02-BB7A-2D83A416C6A2}.Debug|x64.ActiveCfg = Debug|x64
		{19DBA418-08C1-4A02-BB7A-2D83A416C6A2}.Debug|x64.Build.0 = Debug|x64
		{19DBA418-08C1-4A02-BB7A-2D83A416C6A2}.Debug|x86.ActiveCfg = Debug|x86
		{19DBA418-08C1-4A02-BB7A-2D83A416C6A2}.Debug|x86.Build.0 = Debug|x86
		{19DBA418-08C1-4A02-BB7A-2D83A416C6A2}.Installers - Release|Any CPU.ActiveCfg = Release|Any CPU
		{19DBA418-08C1-4A02-BB7A-2D83A416C6A2}.Installers - Release|Any CPU.Build.0 = Release|Any CPU
		{19DBA418-08C1-4A02-BB7A-2D83A416C6A2}.Installers - Release|Mixed Platforms.ActiveCfg = Release|x86
		{19DBA418-08C1-4A02-BB7A-2D83A416C6A2}.Installers - Release|Mixed Platforms.Build.0 = Release|x86
		{19DBA418-08C1-4A02-BB7A-2D83A416C6A2}.Installers - Release|x64.ActiveCfg = Release|x64
		{19DBA418-08C1-4A02-BB7A-2D83A416C6A2}.Installers - Release|x64.Build.0 = Release|x64
		{19DBA418-08C1-4A02-BB7A-2D83A416C6A2}.Installers - Release|x86.ActiveCfg = Release|x86
		{19DBA418-08C1-4A02-BB7A-2D83A416C6A2}.Installers - Release|x86.Build.0 = Release|x86
		{19DBA418-08C1-4A02-BB7A-2D83A416C6A2}.Release|Any CPU.ActiveCfg = Release|Any CPU
		{19DBA418-08C1-4A02-BB7A-2D83A416C6A2}.Release|Any CPU.Build.0 = Release|Any CPU
		{19DBA418-08C1-4A02-BB7A-2D83A416C6A2}.Release|Mixed Platforms.ActiveCfg = Release|x86
		{19DBA418-08C1-4A02-BB7A-2D83A416C6A2}.Release|Mixed Platforms.Build.0 = Release|x86
		{19DBA418-08C1-4A02-BB7A-2D83A416C6A2}.Release|x64.ActiveCfg = Release|x64
		{19DBA418-08C1-4A02-BB7A-2D83A416C6A2}.Release|x64.Build.0 = Release|x64
		{19DBA418-08C1-4A02-BB7A-2D83A416C6A2}.Release|x86.ActiveCfg = Release|x86
		{19DBA418-08C1-4A02-BB7A-2D83A416C6A2}.Release|x86.Build.0 = Release|x86
		{1B087A97-C17A-4F75-80B1-8CC1FBFE90FB}.Debug|Any CPU.ActiveCfg = Debug|Any CPU
		{1B087A97-C17A-4F75-80B1-8CC1FBFE90FB}.Debug|Any CPU.Build.0 = Debug|Any CPU
		{1B087A97-C17A-4F75-80B1-8CC1FBFE90FB}.Debug|Mixed Platforms.ActiveCfg = Debug|Any CPU
		{1B087A97-C17A-4F75-80B1-8CC1FBFE90FB}.Debug|Mixed Platforms.Build.0 = Debug|Any CPU
		{1B087A97-C17A-4F75-80B1-8CC1FBFE90FB}.Debug|x64.ActiveCfg = Debug|Any CPU
		{1B087A97-C17A-4F75-80B1-8CC1FBFE90FB}.Debug|x86.ActiveCfg = Debug|Any CPU
		{1B087A97-C17A-4F75-80B1-8CC1FBFE90FB}.Installers - Release|Any CPU.ActiveCfg = Release|Any CPU
		{1B087A97-C17A-4F75-80B1-8CC1FBFE90FB}.Installers - Release|Any CPU.Build.0 = Release|Any CPU
		{1B087A97-C17A-4F75-80B1-8CC1FBFE90FB}.Installers - Release|Mixed Platforms.ActiveCfg = Release|Any CPU
		{1B087A97-C17A-4F75-80B1-8CC1FBFE90FB}.Installers - Release|Mixed Platforms.Build.0 = Release|Any CPU
		{1B087A97-C17A-4F75-80B1-8CC1FBFE90FB}.Installers - Release|x64.ActiveCfg = Release|Any CPU
		{1B087A97-C17A-4F75-80B1-8CC1FBFE90FB}.Installers - Release|x64.Build.0 = Release|Any CPU
		{1B087A97-C17A-4F75-80B1-8CC1FBFE90FB}.Installers - Release|x86.ActiveCfg = Release|Any CPU
		{1B087A97-C17A-4F75-80B1-8CC1FBFE90FB}.Installers - Release|x86.Build.0 = Release|Any CPU
		{1B087A97-C17A-4F75-80B1-8CC1FBFE90FB}.Release|Any CPU.ActiveCfg = Release|Any CPU
		{1B087A97-C17A-4F75-80B1-8CC1FBFE90FB}.Release|Any CPU.Build.0 = Release|Any CPU
		{1B087A97-C17A-4F75-80B1-8CC1FBFE90FB}.Release|Mixed Platforms.ActiveCfg = Release|Any CPU
		{1B087A97-C17A-4F75-80B1-8CC1FBFE90FB}.Release|Mixed Platforms.Build.0 = Release|Any CPU
		{1B087A97-C17A-4F75-80B1-8CC1FBFE90FB}.Release|x64.ActiveCfg = Release|Any CPU
		{1B087A97-C17A-4F75-80B1-8CC1FBFE90FB}.Release|x86.ActiveCfg = Release|Any CPU
		{5AF0E619-1A1E-41EB-B120-37F5CB51A6CF}.Debug|Any CPU.ActiveCfg = Debug|x86
		{5AF0E619-1A1E-41EB-B120-37F5CB51A6CF}.Debug|Mixed Platforms.ActiveCfg = Debug|x86
		{5AF0E619-1A1E-41EB-B120-37F5CB51A6CF}.Debug|Mixed Platforms.Build.0 = Debug|x86
		{5AF0E619-1A1E-41EB-B120-37F5CB51A6CF}.Debug|x64.ActiveCfg = Debug|x86
		{5AF0E619-1A1E-41EB-B120-37F5CB51A6CF}.Debug|x86.ActiveCfg = Debug|x86
		{5AF0E619-1A1E-41EB-B120-37F5CB51A6CF}.Debug|x86.Build.0 = Debug|x86
		{5AF0E619-1A1E-41EB-B120-37F5CB51A6CF}.Installers - Release|Any CPU.ActiveCfg = Release|x86
		{5AF0E619-1A1E-41EB-B120-37F5CB51A6CF}.Installers - Release|Mixed Platforms.ActiveCfg = Release|x86
		{5AF0E619-1A1E-41EB-B120-37F5CB51A6CF}.Installers - Release|Mixed Platforms.Build.0 = Release|x86
		{5AF0E619-1A1E-41EB-B120-37F5CB51A6CF}.Installers - Release|x64.ActiveCfg = Release|x64
		{5AF0E619-1A1E-41EB-B120-37F5CB51A6CF}.Installers - Release|x64.Build.0 = Release|x64
		{5AF0E619-1A1E-41EB-B120-37F5CB51A6CF}.Installers - Release|x86.ActiveCfg = Release|x86
		{5AF0E619-1A1E-41EB-B120-37F5CB51A6CF}.Installers - Release|x86.Build.0 = Release|x86
		{5AF0E619-1A1E-41EB-B120-37F5CB51A6CF}.Release|Any CPU.ActiveCfg = Release|x86
		{5AF0E619-1A1E-41EB-B120-37F5CB51A6CF}.Release|Mixed Platforms.ActiveCfg = Release|x86
		{5AF0E619-1A1E-41EB-B120-37F5CB51A6CF}.Release|Mixed Platforms.Build.0 = Release|x86
		{5AF0E619-1A1E-41EB-B120-37F5CB51A6CF}.Release|x64.ActiveCfg = Release|x86
		{5AF0E619-1A1E-41EB-B120-37F5CB51A6CF}.Release|x86.ActiveCfg = Release|x86
		{5AF0E619-1A1E-41EB-B120-37F5CB51A6CF}.Release|x86.Build.0 = Release|x86
		{8AF36109-6D52-4B28-9699-2B27A751A0A4}.Debug|Any CPU.ActiveCfg = Debug|Any CPU
		{8AF36109-6D52-4B28-9699-2B27A751A0A4}.Debug|Any CPU.Build.0 = Debug|Any CPU
		{8AF36109-6D52-4B28-9699-2B27A751A0A4}.Debug|Mixed Platforms.ActiveCfg = Debug|x86
		{8AF36109-6D52-4B28-9699-2B27A751A0A4}.Debug|Mixed Platforms.Build.0 = Debug|x86
		{8AF36109-6D52-4B28-9699-2B27A751A0A4}.Debug|x64.ActiveCfg = Debug|x64
		{8AF36109-6D52-4B28-9699-2B27A751A0A4}.Debug|x64.Build.0 = Debug|x64
		{8AF36109-6D52-4B28-9699-2B27A751A0A4}.Debug|x86.ActiveCfg = Debug|x86
		{8AF36109-6D52-4B28-9699-2B27A751A0A4}.Debug|x86.Build.0 = Debug|x86
		{8AF36109-6D52-4B28-9699-2B27A751A0A4}.Installers - Release|Any CPU.ActiveCfg = Release|Any CPU
		{8AF36109-6D52-4B28-9699-2B27A751A0A4}.Installers - Release|Any CPU.Build.0 = Release|Any CPU
		{8AF36109-6D52-4B28-9699-2B27A751A0A4}.Installers - Release|Mixed Platforms.ActiveCfg = Release|x86
		{8AF36109-6D52-4B28-9699-2B27A751A0A4}.Installers - Release|Mixed Platforms.Build.0 = Release|x86
		{8AF36109-6D52-4B28-9699-2B27A751A0A4}.Installers - Release|x64.ActiveCfg = Release|x64
		{8AF36109-6D52-4B28-9699-2B27A751A0A4}.Installers - Release|x64.Build.0 = Release|x64
		{8AF36109-6D52-4B28-9699-2B27A751A0A4}.Installers - Release|x86.ActiveCfg = Release|x86
		{8AF36109-6D52-4B28-9699-2B27A751A0A4}.Installers - Release|x86.Build.0 = Release|x86
		{8AF36109-6D52-4B28-9699-2B27A751A0A4}.Release|Any CPU.ActiveCfg = Release|Any CPU
		{8AF36109-6D52-4B28-9699-2B27A751A0A4}.Release|Any CPU.Build.0 = Release|Any CPU
		{8AF36109-6D52-4B28-9699-2B27A751A0A4}.Release|Mixed Platforms.ActiveCfg = Release|x86
		{8AF36109-6D52-4B28-9699-2B27A751A0A4}.Release|Mixed Platforms.Build.0 = Release|x86
		{8AF36109-6D52-4B28-9699-2B27A751A0A4}.Release|x64.ActiveCfg = Release|x64
		{8AF36109-6D52-4B28-9699-2B27A751A0A4}.Release|x64.Build.0 = Release|x64
		{8AF36109-6D52-4B28-9699-2B27A751A0A4}.Release|x86.ActiveCfg = Release|x86
		{8AF36109-6D52-4B28-9699-2B27A751A0A4}.Release|x86.Build.0 = Release|x86
		{8DFA71BE-5591-41A2-B640-A9F3984422A9}.Debug|Any CPU.ActiveCfg = Debug|Any CPU
		{8DFA71BE-5591-41A2-B640-A9F3984422A9}.Debug|Any CPU.Build.0 = Debug|Any CPU
		{8DFA71BE-5591-41A2-B640-A9F3984422A9}.Debug|Mixed Platforms.ActiveCfg = Debug|x86
		{8DFA71BE-5591-41A2-B640-A9F3984422A9}.Debug|Mixed Platforms.Build.0 = Debug|x86
		{8DFA71BE-5591-41A2-B640-A9F3984422A9}.Debug|x64.ActiveCfg = Debug|x64
		{8DFA71BE-5591-41A2-B640-A9F3984422A9}.Debug|x64.Build.0 = Debug|x64
		{8DFA71BE-5591-41A2-B640-A9F3984422A9}.Debug|x86.ActiveCfg = Debug|x86
		{8DFA71BE-5591-41A2-B640-A9F3984422A9}.Debug|x86.Build.0 = Debug|x86
		{8DFA71BE-5591-41A2-B640-A9F3984422A9}.Installers - Release|Any CPU.ActiveCfg = Release|Any CPU
		{8DFA71BE-5591-41A2-B640-A9F3984422A9}.Installers - Release|Any CPU.Build.0 = Release|Any CPU
		{8DFA71BE-5591-41A2-B640-A9F3984422A9}.Installers - Release|Mixed Platforms.ActiveCfg = Release|x86
		{8DFA71BE-5591-41A2-B640-A9F3984422A9}.Installers - Release|Mixed Platforms.Build.0 = Release|x86
		{8DFA71BE-5591-41A2-B640-A9F3984422A9}.Installers - Release|x64.ActiveCfg = Release|x64
		{8DFA71BE-5591-41A2-B640-A9F3984422A9}.Installers - Release|x64.Build.0 = Release|x64
		{8DFA71BE-5591-41A2-B640-A9F3984422A9}.Installers - Release|x86.ActiveCfg = Release|x86
		{8DFA71BE-5591-41A2-B640-A9F3984422A9}.Installers - Release|x86.Build.0 = Release|x86
		{8DFA71BE-5591-41A2-B640-A9F3984422A9}.Release|Any CPU.ActiveCfg = Release|Any CPU
		{8DFA71BE-5591-41A2-B640-A9F3984422A9}.Release|Any CPU.Build.0 = Release|Any CPU
		{8DFA71BE-5591-41A2-B640-A9F3984422A9}.Release|Mixed Platforms.ActiveCfg = Release|x86
		{8DFA71BE-5591-41A2-B640-A9F3984422A9}.Release|Mixed Platforms.Build.0 = Release|x86
		{8DFA71BE-5591-41A2-B640-A9F3984422A9}.Release|x64.ActiveCfg = Release|x64
		{8DFA71BE-5591-41A2-B640-A9F3984422A9}.Release|x64.Build.0 = Release|x64
		{8DFA71BE-5591-41A2-B640-A9F3984422A9}.Release|x86.ActiveCfg = Release|x86
		{8DFA71BE-5591-41A2-B640-A9F3984422A9}.Release|x86.Build.0 = Release|x86
		{B8130131-04E6-4DEB-90D8-C9858C6DE3A8}.Debug|Any CPU.ActiveCfg = Debug|x86
		{B8130131-04E6-4DEB-90D8-C9858C6DE3A8}.Debug|Mixed Platforms.ActiveCfg = Debug|x86
		{B8130131-04E6-4DEB-90D8-C9858C6DE3A8}.Debug|Mixed Platforms.Build.0 = Debug|x86
		{B8130131-04E6-4DEB-90D8-C9858C6DE3A8}.Debug|x64.ActiveCfg = Debug|x86
		{B8130131-04E6-4DEB-90D8-C9858C6DE3A8}.Debug|x86.ActiveCfg = Debug|x86
		{B8130131-04E6-4DEB-90D8-C9858C6DE3A8}.Debug|x86.Build.0 = Debug|x86
		{B8130131-04E6-4DEB-90D8-C9858C6DE3A8}.Installers - Release|Any CPU.ActiveCfg = Release|x86
		{B8130131-04E6-4DEB-90D8-C9858C6DE3A8}.Installers - Release|Mixed Platforms.ActiveCfg = Release|x86
		{B8130131-04E6-4DEB-90D8-C9858C6DE3A8}.Installers - Release|Mixed Platforms.Build.0 = Release|x86
		{B8130131-04E6-4DEB-90D8-C9858C6DE3A8}.Installers - Release|x64.ActiveCfg = Release|x64
		{B8130131-04E6-4DEB-90D8-C9858C6DE3A8}.Installers - Release|x64.Build.0 = Release|x64
		{B8130131-04E6-4DEB-90D8-C9858C6DE3A8}.Installers - Release|x86.ActiveCfg = Release|x86
		{B8130131-04E6-4DEB-90D8-C9858C6DE3A8}.Installers - Release|x86.Build.0 = Release|x86
		{B8130131-04E6-4DEB-90D8-C9858C6DE3A8}.Release|Any CPU.ActiveCfg = Release|x86
		{B8130131-04E6-4DEB-90D8-C9858C6DE3A8}.Release|Mixed Platforms.ActiveCfg = Release|x86
		{B8130131-04E6-4DEB-90D8-C9858C6DE3A8}.Release|Mixed Platforms.Build.0 = Release|x86
		{B8130131-04E6-4DEB-90D8-C9858C6DE3A8}.Release|x64.ActiveCfg = Release|x86
		{B8130131-04E6-4DEB-90D8-C9858C6DE3A8}.Release|x86.ActiveCfg = Release|x86
		{B8130131-04E6-4DEB-90D8-C9858C6DE3A8}.Release|x86.Build.0 = Release|x86
		{469B2EBE-C6B6-44E9-9B29-37CAAFE9767A}.Debug|Any CPU.ActiveCfg = Debug|x86
		{469B2EBE-C6B6-44E9-9B29-37CAAFE9767A}.Debug|Mixed Platforms.ActiveCfg = Debug|x86
		{469B2EBE-C6B6-44E9-9B29-37CAAFE9767A}.Debug|Mixed Platforms.Build.0 = Debug|x86
		{469B2EBE-C6B6-44E9-9B29-37CAAFE9767A}.Debug|x64.ActiveCfg = Debug|x86
		{469B2EBE-C6B6-44E9-9B29-37CAAFE9767A}.Debug|x86.ActiveCfg = Debug|x86
		{469B2EBE-C6B6-44E9-9B29-37CAAFE9767A}.Debug|x86.Build.0 = Debug|x86
		{469B2EBE-C6B6-44E9-9B29-37CAAFE9767A}.Installers - Release|Any CPU.ActiveCfg = Release|x86
		{469B2EBE-C6B6-44E9-9B29-37CAAFE9767A}.Installers - Release|Mixed Platforms.ActiveCfg = Release|x86
		{469B2EBE-C6B6-44E9-9B29-37CAAFE9767A}.Installers - Release|Mixed Platforms.Build.0 = Release|x86
		{469B2EBE-C6B6-44E9-9B29-37CAAFE9767A}.Installers - Release|x64.ActiveCfg = Release|x64
		{469B2EBE-C6B6-44E9-9B29-37CAAFE9767A}.Installers - Release|x64.Build.0 = Release|x64
		{469B2EBE-C6B6-44E9-9B29-37CAAFE9767A}.Installers - Release|x86.ActiveCfg = Release|x86
		{469B2EBE-C6B6-44E9-9B29-37CAAFE9767A}.Installers - Release|x86.Build.0 = Release|x86
		{469B2EBE-C6B6-44E9-9B29-37CAAFE9767A}.Release|Any CPU.ActiveCfg = Release|x86
		{469B2EBE-C6B6-44E9-9B29-37CAAFE9767A}.Release|Mixed Platforms.ActiveCfg = Release|x86
		{469B2EBE-C6B6-44E9-9B29-37CAAFE9767A}.Release|Mixed Platforms.Build.0 = Release|x86
		{469B2EBE-C6B6-44E9-9B29-37CAAFE9767A}.Release|x64.ActiveCfg = Release|x86
		{469B2EBE-C6B6-44E9-9B29-37CAAFE9767A}.Release|x86.ActiveCfg = Release|x86
		{469B2EBE-C6B6-44E9-9B29-37CAAFE9767A}.Release|x86.Build.0 = Release|x86
		{37156BD4-8E37-4F2C-85C8-4E48359EFED9}.Debug|Any CPU.ActiveCfg = Debug|Any CPU
		{37156BD4-8E37-4F2C-85C8-4E48359EFED9}.Debug|Any CPU.Build.0 = Debug|Any CPU
		{37156BD4-8E37-4F2C-85C8-4E48359EFED9}.Debug|Mixed Platforms.ActiveCfg = Debug|x86
		{37156BD4-8E37-4F2C-85C8-4E48359EFED9}.Debug|Mixed Platforms.Build.0 = Debug|x86
		{37156BD4-8E37-4F2C-85C8-4E48359EFED9}.Debug|x64.ActiveCfg = Debug|x64
		{37156BD4-8E37-4F2C-85C8-4E48359EFED9}.Debug|x64.Build.0 = Debug|x64
		{37156BD4-8E37-4F2C-85C8-4E48359EFED9}.Debug|x86.ActiveCfg = Debug|x86
		{37156BD4-8E37-4F2C-85C8-4E48359EFED9}.Debug|x86.Build.0 = Debug|x86
		{37156BD4-8E37-4F2C-85C8-4E48359EFED9}.Installers - Release|Any CPU.ActiveCfg = Release|Any CPU
		{37156BD4-8E37-4F2C-85C8-4E48359EFED9}.Installers - Release|Any CPU.Build.0 = Release|Any CPU
		{37156BD4-8E37-4F2C-85C8-4E48359EFED9}.Installers - Release|Mixed Platforms.ActiveCfg = Release|x86
		{37156BD4-8E37-4F2C-85C8-4E48359EFED9}.Installers - Release|Mixed Platforms.Build.0 = Release|x86
		{37156BD4-8E37-4F2C-85C8-4E48359EFED9}.Installers - Release|x64.ActiveCfg = Release|x64
		{37156BD4-8E37-4F2C-85C8-4E48359EFED9}.Installers - Release|x64.Build.0 = Release|x64
		{37156BD4-8E37-4F2C-85C8-4E48359EFED9}.Installers - Release|x86.ActiveCfg = Release|x86
		{37156BD4-8E37-4F2C-85C8-4E48359EFED9}.Installers - Release|x86.Build.0 = Release|x86
		{37156BD4-8E37-4F2C-85C8-4E48359EFED9}.Release|Any CPU.ActiveCfg = Release|Any CPU
		{37156BD4-8E37-4F2C-85C8-4E48359EFED9}.Release|Any CPU.Build.0 = Release|Any CPU
		{37156BD4-8E37-4F2C-85C8-4E48359EFED9}.Release|Mixed Platforms.ActiveCfg = Release|x86
		{37156BD4-8E37-4F2C-85C8-4E48359EFED9}.Release|Mixed Platforms.Build.0 = Release|x86
		{37156BD4-8E37-4F2C-85C8-4E48359EFED9}.Release|x64.ActiveCfg = Release|x64
		{37156BD4-8E37-4F2C-85C8-4E48359EFED9}.Release|x64.Build.0 = Release|x64
		{37156BD4-8E37-4F2C-85C8-4E48359EFED9}.Release|x86.ActiveCfg = Release|x86
		{37156BD4-8E37-4F2C-85C8-4E48359EFED9}.Release|x86.Build.0 = Release|x86
	EndGlobalSection
	GlobalSection(SolutionProperties) = preSolution
		HideSolutionNode = FALSE
	EndGlobalSection
	GlobalSection(NestedProjects) = preSolution
		{D0078338-6F65-47F6-BCCA-18B58295E66F} = {175D21C8-5272-4E37-BD08-06E7B0408EC8}
		{00BD8E1B-B1F1-43D7-BD03-BF74819E2883} = {175D21C8-5272-4E37-BD08-06E7B0408EC8}
		{6156EB27-A408-4349-AE84-AD1CEF868936} = {175D21C8-5272-4E37-BD08-06E7B0408EC8}
		{EFBE506C-C260-409A-9AB8-D6619A091F54} = {175D21C8-5272-4E37-BD08-06E7B0408EC8}
		{415BAE6C-7FFE-47DD-860C-A1012E20400C} = {175D21C8-5272-4E37-BD08-06E7B0408EC8}
		{5AF0E619-1A1E-41EB-B120-37F5CB51A6CF} = {175D21C8-5272-4E37-BD08-06E7B0408EC8}
		{B8130131-04E6-4DEB-90D8-C9858C6DE3A8} = {175D21C8-5272-4E37-BD08-06E7B0408EC8}
		{469B2EBE-C6B6-44E9-9B29-37CAAFE9767A} = {175D21C8-5272-4E37-BD08-06E7B0408EC8}
	EndGlobalSection
EndGlobal
