
Microsoft Visual Studio Solution File, Format Version 11.00
# Visual Studio 2010
Project("{FAE04EC0-301F-11D3-BF4B-00C04F79EFBC}") = "Noise.Core", "Noise.Core\Noise.Core.csproj", "{33A45442-71E5-4BFE-B37F-129EDB4F18E8}"
EndProject
Project("{FAE04EC0-301F-11D3-BF4B-00C04F79EFBC}") = "Noise.Infrastructure", "Noise.Infrastructure\Noise.Infrastructure.csproj", "{2C697760-1B66-4DED-B57A-B3438D5A75FC}"
EndProject
Project("{FAE04EC0-301F-11D3-BF4B-00C04F79EFBC}") = "Noise.Desktop", "Noise.Desktop\Noise.Desktop.csproj", "{3ECB477E-5631-4E77-B66F-A64BC37C42EC}"
EndProject
Project("{FAE04EC0-301F-11D3-BF4B-00C04F79EFBC}") = "LastFmSharp", "LastFmSharp\LastFmSharp.csproj", "{B57A7572-5F5C-4166-AE0B-9814B550E9B2}"
EndProject
Project("{FAE04EC0-301F-11D3-BF4B-00C04F79EFBC}") = "Noise.UI", "Noise.UI\Noise.UI.csproj", "{D9F288A7-A0EF-4237-A9D6-BA9CCE9C9C09}"
EndProject
Global
	GlobalSection(SolutionConfigurationPlatforms) = preSolution
		Debug|Any CPU = Debug|Any CPU
		Debug|Mixed Platforms = Debug|Mixed Platforms
		Debug|x64 = Debug|x64
		Debug|x86 = Debug|x86
		Release|Any CPU = Release|Any CPU
		Release|Mixed Platforms = Release|Mixed Platforms
		Release|x64 = Release|x64
		Release|x86 = Release|x86
	EndGlobalSection
	GlobalSection(ProjectConfigurationPlatforms) = postSolution
		{33A45442-71E5-4BFE-B37F-129EDB4F18E8}.Debug|Any CPU.ActiveCfg = Debug|Any CPU
		{33A45442-71E5-4BFE-B37F-129EDB4F18E8}.Debug|Any CPU.Build.0 = Debug|Any CPU
		{33A45442-71E5-4BFE-B37F-129EDB4F18E8}.Debug|Mixed Platforms.ActiveCfg = Debug|Any CPU
		{33A45442-71E5-4BFE-B37F-129EDB4F18E8}.Debug|Mixed Platforms.Build.0 = Debug|Any CPU
		{33A45442-71E5-4BFE-B37F-129EDB4F18E8}.Debug|x64.ActiveCfg = Debug|x64
		{33A45442-71E5-4BFE-B37F-129EDB4F18E8}.Debug|x64.Build.0 = Debug|x64
		{33A45442-71E5-4BFE-B37F-129EDB4F18E8}.Debug|x86.ActiveCfg = Debug|Any CPU
		{33A45442-71E5-4BFE-B37F-129EDB4F18E8}.Release|Any CPU.ActiveCfg = Release|Any CPU
		{33A45442-71E5-4BFE-B37F-129EDB4F18E8}.Release|Any CPU.Build.0 = Release|Any CPU
		{33A45442-71E5-4BFE-B37F-129EDB4F18E8}.Release|Mixed Platforms.ActiveCfg = Release|Any CPU
		{33A45442-71E5-4BFE-B37F-129EDB4F18E8}.Release|Mixed Platforms.Build.0 = Release|Any CPU
		{33A45442-71E5-4BFE-B37F-129EDB4F18E8}.Release|x64.ActiveCfg = Release|x64
		{33A45442-71E5-4BFE-B37F-129EDB4F18E8}.Release|x64.Build.0 = Release|x64
		{33A45442-71E5-4BFE-B37F-129EDB4F18E8}.Release|x86.ActiveCfg = Release|Any CPU
		{2C697760-1B66-4DED-B57A-B3438D5A75FC}.Debug|Any CPU.ActiveCfg = Debug|Any CPU
		{2C697760-1B66-4DED-B57A-B3438D5A75FC}.Debug|Any CPU.Build.0 = Debug|Any CPU
		{2C697760-1B66-4DED-B57A-B3438D5A75FC}.Debug|Mixed Platforms.ActiveCfg = Debug|Any CPU
		{2C697760-1B66-4DED-B57A-B3438D5A75FC}.Debug|Mixed Platforms.Build.0 = Debug|Any CPU
		{2C697760-1B66-4DED-B57A-B3438D5A75FC}.Debug|x64.ActiveCfg = Debug|x64
		{2C697760-1B66-4DED-B57A-B3438D5A75FC}.Debug|x64.Build.0 = Debug|x64
		{2C697760-1B66-4DED-B57A-B3438D5A75FC}.Debug|x86.ActiveCfg = Debug|Any CPU
		{2C697760-1B66-4DED-B57A-B3438D5A75FC}.Release|Any CPU.ActiveCfg = Release|Any CPU
		{2C697760-1B66-4DED-B57A-B3438D5A75FC}.Release|Any CPU.Build.0 = Release|Any CPU
		{2C697760-1B66-4DED-B57A-B3438D5A75FC}.Release|Mixed Platforms.ActiveCfg = Release|Any CPU
		{2C697760-1B66-4DED-B57A-B3438D5A75FC}.Release|Mixed Platforms.Build.0 = Release|Any CPU
		{2C697760-1B66-4DED-B57A-B3438D5A75FC}.Release|x64.ActiveCfg = Release|x64
		{2C697760-1B66-4DED-B57A-B3438D5A75FC}.Release|x64.Build.0 = Release|x64
		{2C697760-1B66-4DED-B57A-B3438D5A75FC}.Release|x86.ActiveCfg = Release|Any CPU
		{3ECB477E-5631-4E77-B66F-A64BC37C42EC}.Debug|Any CPU.ActiveCfg = Debug|x86
		{3ECB477E-5631-4E77-B66F-A64BC37C42EC}.Debug|Mixed Platforms.ActiveCfg = Debug|x86
		{3ECB477E-5631-4E77-B66F-A64BC37C42EC}.Debug|Mixed Platforms.Build.0 = Debug|x86
		{3ECB477E-5631-4E77-B66F-A64BC37C42EC}.Debug|x64.ActiveCfg = Debug|x64
		{3ECB477E-5631-4E77-B66F-A64BC37C42EC}.Debug|x64.Build.0 = Debug|x64
		{3ECB477E-5631-4E77-B66F-A64BC37C42EC}.Debug|x86.ActiveCfg = Debug|x86
		{3ECB477E-5631-4E77-B66F-A64BC37C42EC}.Debug|x86.Build.0 = Debug|x86
		{3ECB477E-5631-4E77-B66F-A64BC37C42EC}.Release|Any CPU.ActiveCfg = Release|x86
		{3ECB477E-5631-4E77-B66F-A64BC37C42EC}.Release|Mixed Platforms.ActiveCfg = Release|x86
		{3ECB477E-5631-4E77-B66F-A64BC37C42EC}.Release|Mixed Platforms.Build.0 = Release|x86
		{3ECB477E-5631-4E77-B66F-A64BC37C42EC}.Release|x64.ActiveCfg = Release|x64
		{3ECB477E-5631-4E77-B66F-A64BC37C42EC}.Release|x86.ActiveCfg = Release|x86
		{3ECB477E-5631-4E77-B66F-A64BC37C42EC}.Release|x86.Build.0 = Release|x86
		{B57A7572-5F5C-4166-AE0B-9814B550E9B2}.Debug|Any CPU.ActiveCfg = Debug|Any CPU
		{B57A7572-5F5C-4166-AE0B-9814B550E9B2}.Debug|Any CPU.Build.0 = Debug|Any CPU
		{B57A7572-5F5C-4166-AE0B-9814B550E9B2}.Debug|Mixed Platforms.ActiveCfg = Debug|Any CPU
		{B57A7572-5F5C-4166-AE0B-9814B550E9B2}.Debug|Mixed Platforms.Build.0 = Debug|Any CPU
		{B57A7572-5F5C-4166-AE0B-9814B550E9B2}.Debug|x64.ActiveCfg = Debug|Any CPU
		{B57A7572-5F5C-4166-AE0B-9814B550E9B2}.Debug|x86.ActiveCfg = Debug|Any CPU
		{B57A7572-5F5C-4166-AE0B-9814B550E9B2}.Release|Any CPU.ActiveCfg = Release|Any CPU
		{B57A7572-5F5C-4166-AE0B-9814B550E9B2}.Release|Any CPU.Build.0 = Release|Any CPU
		{B57A7572-5F5C-4166-AE0B-9814B550E9B2}.Release|Mixed Platforms.ActiveCfg = Release|Any CPU
		{B57A7572-5F5C-4166-AE0B-9814B550E9B2}.Release|Mixed Platforms.Build.0 = Release|Any CPU
		{B57A7572-5F5C-4166-AE0B-9814B550E9B2}.Release|x64.ActiveCfg = Release|Any CPU
		{B57A7572-5F5C-4166-AE0B-9814B550E9B2}.Release|x86.ActiveCfg = Release|Any CPU
		{D9F288A7-A0EF-4237-A9D6-BA9CCE9C9C09}.Debug|Any CPU.ActiveCfg = Debug|Any CPU
		{D9F288A7-A0EF-4237-A9D6-BA9CCE9C9C09}.Debug|Any CPU.Build.0 = Debug|Any CPU
		{D9F288A7-A0EF-4237-A9D6-BA9CCE9C9C09}.Debug|Mixed Platforms.ActiveCfg = Debug|Any CPU
		{D9F288A7-A0EF-4237-A9D6-BA9CCE9C9C09}.Debug|Mixed Platforms.Build.0 = Debug|Any CPU
		{D9F288A7-A0EF-4237-A9D6-BA9CCE9C9C09}.Debug|x64.ActiveCfg = Debug|Any CPU
		{D9F288A7-A0EF-4237-A9D6-BA9CCE9C9C09}.Debug|x86.ActiveCfg = Debug|Any CPU
		{D9F288A7-A0EF-4237-A9D6-BA9CCE9C9C09}.Release|Any CPU.ActiveCfg = Release|Any CPU
		{D9F288A7-A0EF-4237-A9D6-BA9CCE9C9C09}.Release|Any CPU.Build.0 = Release|Any CPU
		{D9F288A7-A0EF-4237-A9D6-BA9CCE9C9C09}.Release|Mixed Platforms.ActiveCfg = Release|Any CPU
		{D9F288A7-A0EF-4237-A9D6-BA9CCE9C9C09}.Release|Mixed Platforms.Build.0 = Release|Any CPU
		{D9F288A7-A0EF-4237-A9D6-BA9CCE9C9C09}.Release|x64.ActiveCfg = Release|Any CPU
		{D9F288A7-A0EF-4237-A9D6-BA9CCE9C9C09}.Release|x86.ActiveCfg = Release|Any CPU
	EndGlobalSection
	GlobalSection(SolutionProperties) = preSolution
		HideSolutionNode = FALSE
	EndGlobalSection
EndGlobal
