// !$*UTF8*$!
{
	archiveVersion = 1;
	classes = {
	};
	objectVersion = 46;
	objects = {

/* Begin PBXBuildFile section */
		A91271011476A0B70048A6C6 /* RoArtistInfo.m in Sources */ = {isa = PBXBuildFile; fileRef = A91271001476A0B70048A6C6 /* RoArtistInfo.m */; };
		A91271041476A1F80048A6C6 /* ArtistInfoResult.m in Sources */ = {isa = PBXBuildFile; fileRef = A91271031476A1F80048A6C6 /* ArtistInfoResult.m */; };
		A91271071476A25B0048A6C6 /* RoAlbumInfo.m in Sources */ = {isa = PBXBuildFile; fileRef = A91271061476A25B0048A6C6 /* RoAlbumInfo.m */; };
		A912710A1476A2E00048A6C6 /* AlbumInfoResult.m in Sources */ = {isa = PBXBuildFile; fileRef = A91271091476A2E00048A6C6 /* AlbumInfoResult.m */; };
		A912710D1476A3C90048A6C6 /* ArtistInfoDelegate.m in Sources */ = {isa = PBXBuildFile; fileRef = A912710C1476A3C90048A6C6 /* ArtistInfoDelegate.m */; };
		A91271101476A4570048A6C6 /* AlbumInfoDelegate.m in Sources */ = {isa = PBXBuildFile; fileRef = A912710F1476A4570048A6C6 /* AlbumInfoDelegate.m */; };
		A912712B1476BB530048A6C6 /* Base64.m in Sources */ = {isa = PBXBuildFile; fileRef = A912712A1476BB530048A6C6 /* Base64.m */; };
		A912712E1476C9DD0048A6C6 /* RoPlayQueueTrack.m in Sources */ = {isa = PBXBuildFile; fileRef = A912712D1476C9DD0048A6C6 /* RoPlayQueueTrack.m */; };
		A91271311476CAF90048A6C6 /* PlayQueueListResult.m in Sources */ = {isa = PBXBuildFile; fileRef = A91271301476CAF90048A6C6 /* PlayQueueListResult.m */; };
		A91271341476CBBB0048A6C6 /* PlayQueueListDelegate.m in Sources */ = {isa = PBXBuildFile; fileRef = A91271331476CBBB0048A6C6 /* PlayQueueListDelegate.m */; };
		A91271371476D02D0048A6C6 /* PlayQueueListCell.m in Sources */ = {isa = PBXBuildFile; fileRef = A91271361476D02D0048A6C6 /* PlayQueueListCell.m */; };
		A912713B1476D22B0048A6C6 /* PlayQueueListCell.xib in Resources */ = {isa = PBXBuildFile; fileRef = A912713A1476D22B0048A6C6 /* PlayQueueListCell.xib */; };
		A912713E1476E7150048A6C6 /* RoSearchResultItem.m in Sources */ = {isa = PBXBuildFile; fileRef = A912713D1476E7130048A6C6 /* RoSearchResultItem.m */; };
		A91271411476E8560048A6C6 /* SearchResult.m in Sources */ = {isa = PBXBuildFile; fileRef = A91271401476E8540048A6C6 /* SearchResult.m */; };
		A91271451476E9140048A6C6 /* RemoteSearchClient.m in Sources */ = {isa = PBXBuildFile; fileRef = A91271441476E9140048A6C6 /* RemoteSearchClient.m */; };
		A91271481476E9D60048A6C6 /* SearchResultDelegate.m in Sources */ = {isa = PBXBuildFile; fileRef = A91271471476E9D60048A6C6 /* SearchResultDelegate.m */; };
		A912714B1476EEDA0048A6C6 /* SearchListCell.m in Sources */ = {isa = PBXBuildFile; fileRef = A912714A1476EEDA0048A6C6 /* SearchListCell.m */; };
		A912714F1476EF220048A6C6 /* SearchListCell.xib in Resources */ = {isa = PBXBuildFile; fileRef = A912714E1476EF220048A6C6 /* SearchListCell.xib */; };
		A94C2CDF147B2DC100DA0F89 /* StartupViewController.m in Sources */ = {isa = PBXBuildFile; fileRef = A94C2CDD147B2DC100DA0F89 /* StartupViewController.m */; };
		A94C2CE0147B2DC100DA0F89 /* StartupViewController.xib in Resources */ = {isa = PBXBuildFile; fileRef = A94C2CDE147B2DC100DA0F89 /* StartupViewController.xib */; };
		A956FA61147A9BAB00DF659D /* RemoteNoiseClient.m in Sources */ = {isa = PBXBuildFile; fileRef = A956FA60147A9BAB00DF659D /* RemoteNoiseClient.m */; };
		A956FA64147A9E2400DF659D /* ServerVersion.m in Sources */ = {isa = PBXBuildFile; fileRef = A956FA63147A9E2400DF659D /* ServerVersion.m */; };
		A956FA67147A9F1F00DF659D /* ServerVersionDelegate.m in Sources */ = {isa = PBXBuildFile; fileRef = A956FA66147A9F1F00DF659D /* ServerVersionDelegate.m */; };
		A956FA6E147AB64600DF659D /* UriDispatcher.m in Sources */ = {isa = PBXBuildFile; fileRef = A956FA6D147AB64600DF659D /* UriDispatcher.m */; };
		A956FA71147AB93F00DF659D /* CallbackHttpConnection.m in Sources */ = {isa = PBXBuildFile; fileRef = A956FA70147AB93F00DF659D /* CallbackHttpConnection.m */; };
		A956FA77147ABB5800DF659D /* CallbackHttpServer.m in Sources */ = {isa = PBXBuildFile; fileRef = A956FA76147ABB5800DF659D /* CallbackHttpServer.m */; };
		A956FA7A147ABBD000DF659D /* UriHandlers.m in Sources */ = {isa = PBXBuildFile; fileRef = A956FA79147ABBD000DF659D /* UriHandlers.m */; };
		A956FA86147AE5A800DF659D /* ServerResultDelegate.m in Sources */ = {isa = PBXBuildFile; fileRef = A956FA85147AE5A200DF659D /* ServerResultDelegate.m */; };
		A957C4B41479A6B300ADF44B /* DDData.m in Sources */ = {isa = PBXBuildFile; fileRef = A957C47C1479A6B300ADF44B /* DDData.m */; };
		A957C4B51479A6B300ADF44B /* DDNumber.m in Sources */ = {isa = PBXBuildFile; fileRef = A957C47E1479A6B300ADF44B /* DDNumber.m */; };
		A957C4B61479A6B300ADF44B /* DDRange.m in Sources */ = {isa = PBXBuildFile; fileRef = A957C4801479A6B300ADF44B /* DDRange.m */; };
		A957C4B71479A6B300ADF44B /* HTTPAuthenticationRequest.m in Sources */ = {isa = PBXBuildFile; fileRef = A957C4821479A6B300ADF44B /* HTTPAuthenticationRequest.m */; };
		A957C4B81479A6B300ADF44B /* HTTPConnection.m in Sources */ = {isa = PBXBuildFile; fileRef = A957C4841479A6B300ADF44B /* HTTPConnection.m */; };
		A957C4B91479A6B300ADF44B /* HTTPMessage.m in Sources */ = {isa = PBXBuildFile; fileRef = A957C4871479A6B300ADF44B /* HTTPMessage.m */; };
		A957C4BA1479A6B300ADF44B /* HTTPServer.m in Sources */ = {isa = PBXBuildFile; fileRef = A957C48A1479A6B300ADF44B /* HTTPServer.m */; };
		A957C4BB1479A6B300ADF44B /* HTTPAsyncFileResponse.m in Sources */ = {isa = PBXBuildFile; fileRef = A957C48D1479A6B300ADF44B /* HTTPAsyncFileResponse.m */; };
		A957C4BC1479A6B300ADF44B /* HTTPDataResponse.m in Sources */ = {isa = PBXBuildFile; fileRef = A957C48F1479A6B300ADF44B /* HTTPDataResponse.m */; };
		A957C4BD1479A6B300ADF44B /* HTTPDynamicFileResponse.m in Sources */ = {isa = PBXBuildFile; fileRef = A957C4911479A6B300ADF44B /* HTTPDynamicFileResponse.m */; };
		A957C4BE1479A6B300ADF44B /* HTTPFileResponse.m in Sources */ = {isa = PBXBuildFile; fileRef = A957C4931479A6B300ADF44B /* HTTPFileResponse.m */; };
		A957C4BF1479A6B300ADF44B /* HTTPRedirectResponse.m in Sources */ = {isa = PBXBuildFile; fileRef = A957C4951479A6B300ADF44B /* HTTPRedirectResponse.m */; };
		A957C4C01479A6B300ADF44B /* WebSocket.m in Sources */ = {isa = PBXBuildFile; fileRef = A957C4971479A6B300ADF44B /* WebSocket.m */; };
		A957C4C61479A6B300ADF44B /* About.txt in Resources */ = {isa = PBXBuildFile; fileRef = A957C4A51479A6B300ADF44B /* About.txt */; };
		A957C4C71479A6B300ADF44B /* GCDAsyncSocket.m in Sources */ = {isa = PBXBuildFile; fileRef = A957C4A71479A6B300ADF44B /* GCDAsyncSocket.m */; };
		A957C4C81479A6B300ADF44B /* About.txt in Resources */ = {isa = PBXBuildFile; fileRef = A957C4A91479A6B300ADF44B /* About.txt */; };
		A957C4C91479A6B300ADF44B /* DDAbstractDatabaseLogger.m in Sources */ = {isa = PBXBuildFile; fileRef = A957C4AB1479A6B300ADF44B /* DDAbstractDatabaseLogger.m */; };
		A957C4CA1479A6B300ADF44B /* DDASLLogger.m in Sources */ = {isa = PBXBuildFile; fileRef = A957C4AD1479A6B300ADF44B /* DDASLLogger.m */; };
		A957C4CB1479A6B300ADF44B /* DDFileLogger.m in Sources */ = {isa = PBXBuildFile; fileRef = A957C4AF1479A6B300ADF44B /* DDFileLogger.m */; };
		A957C4CC1479A6B300ADF44B /* DDLog.m in Sources */ = {isa = PBXBuildFile; fileRef = A957C4B11479A6B300ADF44B /* DDLog.m */; };
		A957C4CD1479A6B300ADF44B /* DDTTYLogger.m in Sources */ = {isa = PBXBuildFile; fileRef = A957C4B31479A6B300ADF44B /* DDTTYLogger.m */; };
		A957C4D11479A75600ADF44B /* CallbackServer.m in Sources */ = {isa = PBXBuildFile; fileRef = A957C4D01479A75600ADF44B /* CallbackServer.m */; };
		A95AF36114705F380074A070 /* UIKit.framework in Frameworks */ = {isa = PBXBuildFile; fileRef = A95AF36014705F380074A070 /* UIKit.framework */; };
		A95AF36314705F380074A070 /* Foundation.framework in Frameworks */ = {isa = PBXBuildFile; fileRef = A95AF36214705F380074A070 /* Foundation.framework */; };
		A95AF36514705F380074A070 /* CoreGraphics.framework in Frameworks */ = {isa = PBXBuildFile; fileRef = A95AF36414705F380074A070 /* CoreGraphics.framework */; };
		A95AF36B14705F380074A070 /* InfoPlist.strings in Resources */ = {isa = PBXBuildFile; fileRef = A95AF36914705F380074A070 /* InfoPlist.strings */; };
		A95AF36D14705F380074A070 /* main.m in Sources */ = {isa = PBXBuildFile; fileRef = A95AF36C14705F380074A070 /* main.m */; };
		A95AF37114705F390074A070 /* AppDelegate.m in Sources */ = {isa = PBXBuildFile; fileRef = A95AF37014705F390074A070 /* AppDelegate.m */; };
		A95AF3A4147064830074A070 /* libRestKitNetwork.a in Frameworks */ = {isa = PBXBuildFile; fileRef = A95AF38C147061EB0074A070 /* libRestKitNetwork.a */; };
		A95AF3A51470648A0074A070 /* libRestKitObjectMapping.a in Frameworks */ = {isa = PBXBuildFile; fileRef = A95AF38E147061EB0074A070 /* libRestKitObjectMapping.a */; };
		A95AF3A6147064900074A070 /* libRestKitSupport.a in Frameworks */ = {isa = PBXBuildFile; fileRef = A95AF390147061EB0074A070 /* libRestKitSupport.a */; };
		A95AF3A7147064980074A070 /* libRestKitJSONParserJSONKit.a in Frameworks */ = {isa = PBXBuildFile; fileRef = A95AF398147061EB0074A070 /* libRestKitJSONParserJSONKit.a */; };
		A95AF3A9147064CB0074A070 /* CFNetwork.framework in Frameworks */ = {isa = PBXBuildFile; fileRef = A95AF3A8147064CB0074A070 /* CFNetwork.framework */; };
		A95AF3AB147064E50074A070 /* MobileCoreServices.framework in Frameworks */ = {isa = PBXBuildFile; fileRef = A95AF3AA147064E50074A070 /* MobileCoreServices.framework */; };
		A95AF3AD147064F40074A070 /* SystemConfiguration.framework in Frameworks */ = {isa = PBXBuildFile; fileRef = A95AF3AC147064F40074A070 /* SystemConfiguration.framework */; };
		A95AF3B914706F800074A070 /* RoBase.m in Sources */ = {isa = PBXBuildFile; fileRef = A95AF3B814706F7F0074A070 /* RoBase.m */; };
		A95AF3BC147070070074A070 /* RoArtist.m in Sources */ = {isa = PBXBuildFile; fileRef = A95AF3BB147070070074A070 /* RoArtist.m */; };
		A95AF3BF1470723B0074A070 /* BaseServerResult.m in Sources */ = {isa = PBXBuildFile; fileRef = A95AF3BE1470723B0074A070 /* BaseServerResult.m */; };
		A95AF3C21470725B0074A070 /* ArtistListResult.m in Sources */ = {isa = PBXBuildFile; fileRef = A95AF3C11470725B0074A070 /* ArtistListResult.m */; };
		A95AF3C6147073890074A070 /* RemoteDataClient.m in Sources */ = {isa = PBXBuildFile; fileRef = A95AF3C5147073890074A070 /* RemoteDataClient.m */; };
		A95AF3C914709C510074A070 /* RemoteMgr.m in Sources */ = {isa = PBXBuildFile; fileRef = A95AF3C814709C510074A070 /* RemoteMgr.m */; };
		A96B8E1214734A27000CD104 /* RoTrack.m in Sources */ = {isa = PBXBuildFile; fileRef = A96B8E1114734A27000CD104 /* RoTrack.m */; };
		A96B8E1514734B65000CD104 /* TrackListResult.m in Sources */ = {isa = PBXBuildFile; fileRef = A96B8E1414734B65000CD104 /* TrackListResult.m */; };
		A96B8E1814734C26000CD104 /* TrackListDelegate.m in Sources */ = {isa = PBXBuildFile; fileRef = A96B8E1714734C26000CD104 /* TrackListDelegate.m */; };
		A96B8E261473542D000CD104 /* AlbumViewController.m in Sources */ = {isa = PBXBuildFile; fileRef = A96B8E241473542D000CD104 /* AlbumViewController.m */; };
		A96B8E271473542D000CD104 /* AlbumViewController.xib in Resources */ = {isa = PBXBuildFile; fileRef = A96B8E251473542D000CD104 /* AlbumViewController.xib */; };
		A96D6C6D1472B51500521583 /* BaseResultDelegate.m in Sources */ = {isa = PBXBuildFile; fileRef = A96D6C6C1472B51500521583 /* BaseResultDelegate.m */; };
		A96D6C701472B60400521583 /* ArtistListDelegate.m in Sources */ = {isa = PBXBuildFile; fileRef = A96D6C6F1472B60400521583 /* ArtistListDelegate.m */; };
		A96D6C731472B87400521583 /* AlbumListDelegate.m in Sources */ = {isa = PBXBuildFile; fileRef = A96D6C721472B87400521583 /* AlbumListDelegate.m */; };
		A96D6C771472CAB700521583 /* ArtistListCell.m in Sources */ = {isa = PBXBuildFile; fileRef = A96D6C761472CAB700521583 /* ArtistListCell.m */; };
		A98D41A314740BF30044CB93 /* RemoteQueueClient.m in Sources */ = {isa = PBXBuildFile; fileRef = A98D41A214740BF30044CB93 /* RemoteQueueClient.m */; };
		A98D41AA147418D10044CB93 /* Noise.png in Resources */ = {isa = PBXBuildFile; fileRef = A98D41A9147418D10044CB93 /* Noise.png */; };
		A9B309131479CDD000EA38B0 /* HostLocator.m in Sources */ = {isa = PBXBuildFile; fileRef = A9B309121479CDD000EA38B0 /* HostLocator.m */; };
		A9B5864714756F120047C781 /* AlbumListCell.m in Sources */ = {isa = PBXBuildFile; fileRef = A9B5864614756F120047C781 /* AlbumListCell.m */; };
		A9B5864914756F5E0047C781 /* AlbumListCell.xib in Resources */ = {isa = PBXBuildFile; fileRef = A9B5864814756F5E0047C781 /* AlbumListCell.xib */; };
		A9B5864B147575DC0047C781 /* Play.png in Resources */ = {isa = PBXBuildFile; fileRef = A9B5864A147575DC0047C781 /* Play.png */; };
		A9B5864E147579FB0047C781 /* TrackListCell.m in Sources */ = {isa = PBXBuildFile; fileRef = A9B5864D147579FB0047C781 /* TrackListCell.m */; };
		A9B5865214757A670047C781 /* TrackListCell.xib in Resources */ = {isa = PBXBuildFile; fileRef = A9B5865114757A670047C781 /* TrackListCell.xib */; };
		A9B5866C147590E60047C781 /* RoFavorite.m in Sources */ = {isa = PBXBuildFile; fileRef = A9B5866B147590E60047C781 /* RoFavorite.m */; };
		A9B5866F147592DE0047C781 /* FavoriteListResult.m in Sources */ = {isa = PBXBuildFile; fileRef = A9B5866E147592DE0047C781 /* FavoriteListResult.m */; };
		A9B58672147593B90047C781 /* FavoritesListDelegate.m in Sources */ = {isa = PBXBuildFile; fileRef = A9B58671147593B90047C781 /* FavoritesListDelegate.m */; };
		A9B58675147599680047C781 /* FavoriteListCell.m in Sources */ = {isa = PBXBuildFile; fileRef = A9B58674147599680047C781 /* FavoriteListCell.m */; };
		A9B58679147599B90047C781 /* FavoriteListCell.xib in Resources */ = {isa = PBXBuildFile; fileRef = A9B58678147599B90047C781 /* FavoriteListCell.xib */; };
		A9C12697147563D100A803F3 /* iPad Library Tab.png in Resources */ = {isa = PBXBuildFile; fileRef = A9C12696147563D000A803F3 /* iPad Library Tab.png */; };
		A9C1269B147564D400A803F3 /* QueueViewController.m in Sources */ = {isa = PBXBuildFile; fileRef = A9C12699147564D400A803F3 /* QueueViewController.m */; };
		A9C1269C147564D400A803F3 /* QueueViewController.xib in Resources */ = {isa = PBXBuildFile; fileRef = A9C1269A147564D400A803F3 /* QueueViewController.xib */; };
		A9C126A01475664B00A803F3 /* FavoritesViewController.m in Sources */ = {isa = PBXBuildFile; fileRef = A9C1269E1475664B00A803F3 /* FavoritesViewController.m */; };
		A9C126A11475664B00A803F3 /* FavoritesViewController.xib in Resources */ = {isa = PBXBuildFile; fileRef = A9C1269F1475664B00A803F3 /* FavoritesViewController.xib */; };
		A9C126A5147567EF00A803F3 /* SearchViewController.m in Sources */ = {isa = PBXBuildFile; fileRef = A9C126A3147567EE00A803F3 /* SearchViewController.m */; };
		A9C126A6147567EF00A803F3 /* SearchViewController.xib in Resources */ = {isa = PBXBuildFile; fileRef = A9C126A4147567EE00A803F3 /* SearchViewController.xib */; };
		A9C904671471853100F98E2B /* Events.m in Sources */ = {isa = PBXBuildFile; fileRef = A9C904661471853100F98E2B /* Events.m */; };
		A9C9046B1471900F00F98E2B /* ArtistListController.m in Sources */ = {isa = PBXBuildFile; fileRef = A9C904691471900F00F98E2B /* ArtistListController.m */; };
		A9C9046C1471900F00F98E2B /* ArtistListController.xib in Resources */ = {isa = PBXBuildFile; fileRef = A9C9046A1471900F00F98E2B /* ArtistListController.xib */; };
		A9F8047D1472CCBC00255255 /* ArtistListCell.xib in Resources */ = {isa = PBXBuildFile; fileRef = A9F8047C1472CCBC00255255 /* ArtistListCell.xib */; };
		A9F839231471F12D0067217A /* MainViewController.m in Sources */ = {isa = PBXBuildFile; fileRef = A9F839211471F12D0067217A /* MainViewController.m */; };
		A9F839241471F12D0067217A /* MainViewController.xib in Resources */ = {isa = PBXBuildFile; fileRef = A9F839221471F12D0067217A /* MainViewController.xib */; };
		A9F839281471F4670067217A /* ArtistViewController.m in Sources */ = {isa = PBXBuildFile; fileRef = A9F839261471F4670067217A /* ArtistViewController.m */; };
		A9F839291471F4670067217A /* ArtistViewController.xib in Resources */ = {isa = PBXBuildFile; fileRef = A9F839271471F4670067217A /* ArtistViewController.xib */; };
		A9F83931147203980067217A /* AlbumListResult.m in Sources */ = {isa = PBXBuildFile; fileRef = A9F83930147203980067217A /* AlbumListResult.m */; };
		A9F83934147203B20067217A /* RoAlbum.m in Sources */ = {isa = PBXBuildFile; fileRef = A9F83933147203B20067217A /* RoAlbum.m */; };
/* End PBXBuildFile section */

/* Begin PBXContainerItemProxy section */
		A95AF38B147061EB0074A070 /* PBXContainerItemProxy */ = {
			isa = PBXContainerItemProxy;
			containerPortal = A95AF377147061EB0074A070 /* RestKit.xcodeproj */;
			proxyType = 2;
			remoteGlobalIDString = 253A07FC1255161B00976E89;
			remoteInfo = RestKitNetwork;
		};
		A95AF38D147061EB0074A070 /* PBXContainerItemProxy */ = {
			isa = PBXContainerItemProxy;
			containerPortal = A95AF377147061EB0074A070 /* RestKit.xcodeproj */;
			proxyType = 2;
			remoteGlobalIDString = 253A08031255162C00976E89;
			remoteInfo = RestKitObjectMapping;
		};
		A95AF38F147061EB0074A070 /* PBXContainerItemProxy */ = {
			isa = PBXContainerItemProxy;
			containerPortal = A95AF377147061EB0074A070 /* RestKit.xcodeproj */;
			proxyType = 2;
			remoteGlobalIDString = 253A080C12551D3000976E89;
			remoteInfo = RestKitSupport;
		};
		A95AF391147061EB0074A070 /* PBXContainerItemProxy */ = {
			isa = PBXContainerItemProxy;
			containerPortal = A95AF377147061EB0074A070 /* RestKit.xcodeproj */;
			proxyType = 2;
			remoteGlobalIDString = 20808DBD13DE8CDC000A156A;
			remoteInfo = "RestKitJSONParser+NXJSON";
		};
		A95AF393147061EB0074A070 /* PBXContainerItemProxy */ = {
			isa = PBXContainerItemProxy;
			containerPortal = A95AF377147061EB0074A070 /* RestKit.xcodeproj */;
			proxyType = 2;
			remoteGlobalIDString = 2590E64F125231F600531FA8;
			remoteInfo = "RestKitJSONParser+YAJL";
		};
		A95AF395147061EB0074A070 /* PBXContainerItemProxy */ = {
			isa = PBXContainerItemProxy;
			containerPortal = A95AF377147061EB0074A070 /* RestKit.xcodeproj */;
			proxyType = 2;
			remoteGlobalIDString = 2590E66B1252353700531FA8;
			remoteInfo = "RestKitJSONParser+SBJSON";
		};
		A95AF397147061EB0074A070 /* PBXContainerItemProxy */ = {
			isa = PBXContainerItemProxy;
			containerPortal = A95AF377147061EB0074A070 /* RestKit.xcodeproj */;
			proxyType = 2;
			remoteGlobalIDString = 73057FD11331AD2E001908EE;
			remoteInfo = "RestKitJSONParser+JSONKit";
		};
		A95AF399147061EB0074A070 /* PBXContainerItemProxy */ = {
			isa = PBXContainerItemProxy;
			containerPortal = A95AF377147061EB0074A070 /* RestKit.xcodeproj */;
			proxyType = 2;
			remoteGlobalIDString = 25BD43BD1340315800DBACDD;
			remoteInfo = "RestKitXMLParser+Libxml";
		};
		A95AF39B147061EB0074A070 /* PBXContainerItemProxy */ = {
			isa = PBXContainerItemProxy;
			containerPortal = A95AF377147061EB0074A070 /* RestKit.xcodeproj */;
			proxyType = 2;
			remoteGlobalIDString = 253A081412551D5300976E89;
			remoteInfo = RestKitCoreData;
		};
		A95AF39D147061EB0074A070 /* PBXContainerItemProxy */ = {
			isa = PBXContainerItemProxy;
			containerPortal = A95AF377147061EB0074A070 /* RestKit.xcodeproj */;
			proxyType = 2;
			remoteGlobalIDString = 2523360511E79F090048F9B4;
			remoteInfo = RestKitThree20;
		};
		A95AF39F147061EB0074A070 /* PBXContainerItemProxy */ = {
			isa = PBXContainerItemProxy;
			containerPortal = A95AF377147061EB0074A070 /* RestKit.xcodeproj */;
			proxyType = 2;
			remoteGlobalIDString = 3F6C39A510FE5C95008F47C5;
			remoteInfo = UISpec;
		};
		A95AF3A21470645F0074A070 /* PBXContainerItemProxy */ = {
			isa = PBXContainerItemProxy;
			containerPortal = A95AF377147061EB0074A070 /* RestKit.xcodeproj */;
			proxyType = 1;
			remoteGlobalIDString = 255B7588133BABBF00ED76AD;
			remoteInfo = RestKit;
		};
/* End PBXContainerItemProxy section */

/* Begin PBXFileReference section */
		A91270FF1476A0B70048A6C6 /* RoArtistInfo.h */ = {isa = PBXFileReference; fileEncoding = 4; lastKnownFileType = sourcecode.c.h; name = RoArtistInfo.h; path = Infrastructure/Dto/RoArtistInfo.h; sourceTree = "<group>"; };
		A91271001476A0B70048A6C6 /* RoArtistInfo.m */ = {isa = PBXFileReference; fileEncoding = 4; lastKnownFileType = sourcecode.c.objc; name = RoArtistInfo.m; path = Infrastructure/Dto/RoArtistInfo.m; sourceTree = "<group>"; };
		A91271021476A1F80048A6C6 /* ArtistInfoResult.h */ = {isa = PBXFileReference; fileEncoding = 4; lastKnownFileType = sourcecode.c.h; name = ArtistInfoResult.h; path = Infrastructure/Dto/ArtistInfoResult.h; sourceTree = "<group>"; };
		A91271031476A1F80048A6C6 /* ArtistInfoResult.m */ = {isa = PBXFileReference; fileEncoding = 4; lastKnownFileType = sourcecode.c.objc; name = ArtistInfoResult.m; path = Infrastructure/Dto/ArtistInfoResult.m; sourceTree = "<group>"; };
		A91271051476A25B0048A6C6 /* RoAlbumInfo.h */ = {isa = PBXFileReference; fileEncoding = 4; lastKnownFileType = sourcecode.c.h; name = RoAlbumInfo.h; path = Infrastructure/Dto/RoAlbumInfo.h; sourceTree = "<group>"; };
		A91271061476A25B0048A6C6 /* RoAlbumInfo.m */ = {isa = PBXFileReference; fileEncoding = 4; lastKnownFileType = sourcecode.c.objc; name = RoAlbumInfo.m; path = Infrastructure/Dto/RoAlbumInfo.m; sourceTree = "<group>"; };
		A91271081476A2E00048A6C6 /* AlbumInfoResult.h */ = {isa = PBXFileReference; fileEncoding = 4; lastKnownFileType = sourcecode.c.h; name = AlbumInfoResult.h; path = Infrastructure/Dto/AlbumInfoResult.h; sourceTree = "<group>"; };
		A91271091476A2E00048A6C6 /* AlbumInfoResult.m */ = {isa = PBXFileReference; fileEncoding = 4; lastKnownFileType = sourcecode.c.objc; name = AlbumInfoResult.m; path = Infrastructure/Dto/AlbumInfoResult.m; sourceTree = "<group>"; };
		A912710B1476A3C90048A6C6 /* ArtistInfoDelegate.h */ = {isa = PBXFileReference; fileEncoding = 4; lastKnownFileType = sourcecode.c.h; name = ArtistInfoDelegate.h; path = "Core/Remote Data Client/ArtistInfoDelegate.h"; sourceTree = "<group>"; };
		A912710C1476A3C90048A6C6 /* ArtistInfoDelegate.m */ = {isa = PBXFileReference; fileEncoding = 4; lastKnownFileType = sourcecode.c.objc; name = ArtistInfoDelegate.m; path = "Core/Remote Data Client/ArtistInfoDelegate.m"; sourceTree = "<group>"; };
		A912710E1476A4570048A6C6 /* AlbumInfoDelegate.h */ = {isa = PBXFileReference; fileEncoding = 4; lastKnownFileType = sourcecode.c.h; name = AlbumInfoDelegate.h; path = "Core/Remote Data Client/AlbumInfoDelegate.h"; sourceTree = "<group>"; };
		A912710F1476A4570048A6C6 /* AlbumInfoDelegate.m */ = {isa = PBXFileReference; fileEncoding = 4; lastKnownFileType = sourcecode.c.objc; name = AlbumInfoDelegate.m; path = "Core/Remote Data Client/AlbumInfoDelegate.m"; sourceTree = "<group>"; };
		A91271291476BB530048A6C6 /* Base64.h */ = {isa = PBXFileReference; fileEncoding = 4; lastKnownFileType = sourcecode.c.h; name = Base64.h; path = Utility/Base64.h; sourceTree = "<group>"; };
		A912712A1476BB530048A6C6 /* Base64.m */ = {isa = PBXFileReference; fileEncoding = 4; lastKnownFileType = sourcecode.c.objc; name = Base64.m; path = Utility/Base64.m; sourceTree = "<group>"; };
		A912712C1476C9DD0048A6C6 /* RoPlayQueueTrack.h */ = {isa = PBXFileReference; fileEncoding = 4; lastKnownFileType = sourcecode.c.h; name = RoPlayQueueTrack.h; path = Infrastructure/Dto/RoPlayQueueTrack.h; sourceTree = "<group>"; };
		A912712D1476C9DD0048A6C6 /* RoPlayQueueTrack.m */ = {isa = PBXFileReference; fileEncoding = 4; lastKnownFileType = sourcecode.c.objc; name = RoPlayQueueTrack.m; path = Infrastructure/Dto/RoPlayQueueTrack.m; sourceTree = "<group>"; };
		A912712F1476CAF90048A6C6 /* PlayQueueListResult.h */ = {isa = PBXFileReference; fileEncoding = 4; lastKnownFileType = sourcecode.c.h; name = PlayQueueListResult.h; path = Infrastructure/Dto/PlayQueueListResult.h; sourceTree = "<group>"; };
		A91271301476CAF90048A6C6 /* PlayQueueListResult.m */ = {isa = PBXFileReference; fileEncoding = 4; lastKnownFileType = sourcecode.c.objc; name = PlayQueueListResult.m; path = Infrastructure/Dto/PlayQueueListResult.m; sourceTree = "<group>"; };
		A91271321476CBBB0048A6C6 /* PlayQueueListDelegate.h */ = {isa = PBXFileReference; fileEncoding = 4; lastKnownFileType = sourcecode.c.h; name = PlayQueueListDelegate.h; path = "Core/Remote Queue Client/PlayQueueListDelegate.h"; sourceTree = "<group>"; };
		A91271331476CBBB0048A6C6 /* PlayQueueListDelegate.m */ = {isa = PBXFileReference; fileEncoding = 4; lastKnownFileType = sourcecode.c.objc; name = PlayQueueListDelegate.m; path = "Core/Remote Queue Client/PlayQueueListDelegate.m"; sourceTree = "<group>"; };
		A91271351476D02D0048A6C6 /* PlayQueueListCell.h */ = {isa = PBXFileReference; fileEncoding = 4; lastKnownFileType = sourcecode.c.h; name = PlayQueueListCell.h; path = UI/Views/PlayQueueListCell.h; sourceTree = "<group>"; };
		A91271361476D02D0048A6C6 /* PlayQueueListCell.m */ = {isa = PBXFileReference; fileEncoding = 4; lastKnownFileType = sourcecode.c.objc; name = PlayQueueListCell.m; path = UI/Views/PlayQueueListCell.m; sourceTree = "<group>"; };
		A912713A1476D22B0048A6C6 /* PlayQueueListCell.xib */ = {isa = PBXFileReference; fileEncoding = 4; lastKnownFileType = file.xib; name = PlayQueueListCell.xib; path = UI/Views/PlayQueueListCell.xib; sourceTree = "<group>"; };
		A912713C1476E7120048A6C6 /* RoSearchResultItem.h */ = {isa = PBXFileReference; fileEncoding = 4; lastKnownFileType = sourcecode.c.h; name = RoSearchResultItem.h; path = Infrastructure/Dto/RoSearchResultItem.h; sourceTree = "<group>"; };
		A912713D1476E7130048A6C6 /* RoSearchResultItem.m */ = {isa = PBXFileReference; fileEncoding = 4; lastKnownFileType = sourcecode.c.objc; name = RoSearchResultItem.m; path = Infrastructure/Dto/RoSearchResultItem.m; sourceTree = "<group>"; };
		A912713F1476E8530048A6C6 /* SearchResult.h */ = {isa = PBXFileReference; fileEncoding = 4; lastKnownFileType = sourcecode.c.h; name = SearchResult.h; path = Infrastructure/Dto/SearchResult.h; sourceTree = "<group>"; };
		A91271401476E8540048A6C6 /* SearchResult.m */ = {isa = PBXFileReference; fileEncoding = 4; lastKnownFileType = sourcecode.c.objc; name = SearchResult.m; path = Infrastructure/Dto/SearchResult.m; sourceTree = "<group>"; };
		A91271431476E9140048A6C6 /* RemoteSearchClient.h */ = {isa = PBXFileReference; fileEncoding = 4; lastKnownFileType = sourcecode.c.h; name = RemoteSearchClient.h; path = "Core/Remote Search Client/RemoteSearchClient.h"; sourceTree = "<group>"; };
		A91271441476E9140048A6C6 /* RemoteSearchClient.m */ = {isa = PBXFileReference; fileEncoding = 4; lastKnownFileType = sourcecode.c.objc; name = RemoteSearchClient.m; path = "Core/Remote Search Client/RemoteSearchClient.m"; sourceTree = "<group>"; };
		A91271461476E9D60048A6C6 /* SearchResultDelegate.h */ = {isa = PBXFileReference; fileEncoding = 4; lastKnownFileType = sourcecode.c.h; name = SearchResultDelegate.h; path = "Core/Remote Search Client/SearchResultDelegate.h"; sourceTree = "<group>"; };
		A91271471476E9D60048A6C6 /* SearchResultDelegate.m */ = {isa = PBXFileReference; fileEncoding = 4; lastKnownFileType = sourcecode.c.objc; name = SearchResultDelegate.m; path = "Core/Remote Search Client/SearchResultDelegate.m"; sourceTree = "<group>"; };
		A91271491476EEDA0048A6C6 /* SearchListCell.h */ = {isa = PBXFileReference; fileEncoding = 4; lastKnownFileType = sourcecode.c.h; name = SearchListCell.h; path = UI/Views/SearchListCell.h; sourceTree = "<group>"; };
		A912714A1476EEDA0048A6C6 /* SearchListCell.m */ = {isa = PBXFileReference; fileEncoding = 4; lastKnownFileType = sourcecode.c.objc; name = SearchListCell.m; path = UI/Views/SearchListCell.m; sourceTree = "<group>"; };
		A912714E1476EF220048A6C6 /* SearchListCell.xib */ = {isa = PBXFileReference; fileEncoding = 4; lastKnownFileType = file.xib; name = SearchListCell.xib; path = UI/Views/SearchListCell.xib; sourceTree = "<group>"; };
		A94C2CDB147B242800DA0F89 /* HostLocatorDelegate.h */ = {isa = PBXFileReference; fileEncoding = 4; lastKnownFileType = sourcecode.c.h; name = HostLocatorDelegate.h; path = Core/HostLocatorDelegate.h; sourceTree = "<group>"; };
		A94C2CDC147B2DC100DA0F89 /* StartupViewController.h */ = {isa = PBXFileReference; fileEncoding = 4; lastKnownFileType = sourcecode.c.h; name = StartupViewController.h; path = UI/StartupViewController.h; sourceTree = "<group>"; };
		A94C2CDD147B2DC100DA0F89 /* StartupViewController.m */ = {isa = PBXFileReference; fileEncoding = 4; lastKnownFileType = sourcecode.c.objc; name = StartupViewController.m; path = UI/StartupViewController.m; sourceTree = "<group>"; };
		A94C2CDE147B2DC100DA0F89 /* StartupViewController.xib */ = {isa = PBXFileReference; fileEncoding = 4; lastKnownFileType = file.xib; name = StartupViewController.xib; path = UI/StartupViewController.xib; sourceTree = "<group>"; };
		A956FA5F147A9BAB00DF659D /* RemoteNoiseClient.h */ = {isa = PBXFileReference; fileEncoding = 4; lastKnownFileType = sourcecode.c.h; name = RemoteNoiseClient.h; path = "Core/Remote Noise Client/RemoteNoiseClient.h"; sourceTree = "<group>"; };
		A956FA60147A9BAB00DF659D /* RemoteNoiseClient.m */ = {isa = PBXFileReference; fileEncoding = 4; lastKnownFileType = sourcecode.c.objc; name = RemoteNoiseClient.m; path = "Core/Remote Noise Client/RemoteNoiseClient.m"; sourceTree = "<group>"; };
		A956FA62147A9E2400DF659D /* ServerVersion.h */ = {isa = PBXFileReference; fileEncoding = 4; lastKnownFileType = sourcecode.c.h; name = ServerVersion.h; path = Infrastructure/Dto/ServerVersion.h; sourceTree = "<group>"; };
		A956FA63147A9E2400DF659D /* ServerVersion.m */ = {isa = PBXFileReference; fileEncoding = 4; lastKnownFileType = sourcecode.c.objc; name = ServerVersion.m; path = Infrastructure/Dto/ServerVersion.m; sourceTree = "<group>"; };
		A956FA65147A9F1F00DF659D /* ServerVersionDelegate.h */ = {isa = PBXFileReference; fileEncoding = 4; lastKnownFileType = sourcecode.c.h; name = ServerVersionDelegate.h; path = "Core/Remote Noise Client/ServerVersionDelegate.h"; sourceTree = "<group>"; };
		A956FA66147A9F1F00DF659D /* ServerVersionDelegate.m */ = {isa = PBXFileReference; fileEncoding = 4; lastKnownFileType = sourcecode.c.objc; name = ServerVersionDelegate.m; path = "Core/Remote Noise Client/ServerVersionDelegate.m"; sourceTree = "<group>"; };
		A956FA6C147AB64500DF659D /* UriDispatcher.h */ = {isa = PBXFileReference; fileEncoding = 4; lastKnownFileType = sourcecode.c.h; name = UriDispatcher.h; path = "Core/Callback Service/UriDispatcher.h"; sourceTree = "<group>"; };
		A956FA6D147AB64600DF659D /* UriDispatcher.m */ = {isa = PBXFileReference; fileEncoding = 4; lastKnownFileType = sourcecode.c.objc; name = UriDispatcher.m; path = "Core/Callback Service/UriDispatcher.m"; sourceTree = "<group>"; };
		A956FA6F147AB93F00DF659D /* CallbackHttpConnection.h */ = {isa = PBXFileReference; fileEncoding = 4; lastKnownFileType = sourcecode.c.h; name = CallbackHttpConnection.h; path = "Core/Callback Service/CallbackHttpConnection.h"; sourceTree = "<group>"; };
		A956FA70147AB93F00DF659D /* CallbackHttpConnection.m */ = {isa = PBXFileReference; fileEncoding = 4; lastKnownFileType = sourcecode.c.objc; name = CallbackHttpConnection.m; path = "Core/Callback Service/CallbackHttpConnection.m"; sourceTree = "<group>"; };
		A956FA75147ABB5800DF659D /* CallbackHttpServer.h */ = {isa = PBXFileReference; fileEncoding = 4; lastKnownFileType = sourcecode.c.h; name = CallbackHttpServer.h; path = "Core/Callback Service/CallbackHttpServer.h"; sourceTree = "<group>"; };
		A956FA76147ABB5800DF659D /* CallbackHttpServer.m */ = {isa = PBXFileReference; fileEncoding = 4; lastKnownFileType = sourcecode.c.objc; name = CallbackHttpServer.m; path = "Core/Callback Service/CallbackHttpServer.m"; sourceTree = "<group>"; };
		A956FA78147ABBD000DF659D /* UriHandlers.h */ = {isa = PBXFileReference; fileEncoding = 4; lastKnownFileType = sourcecode.c.h; name = UriHandlers.h; path = "Core/Callback Service/UriHandlers.h"; sourceTree = "<group>"; };
		A956FA79147ABBD000DF659D /* UriHandlers.m */ = {isa = PBXFileReference; fileEncoding = 4; lastKnownFileType = sourcecode.c.objc; name = UriHandlers.m; path = "Core/Callback Service/UriHandlers.m"; sourceTree = "<group>"; };
		A956FA84147AE59900DF659D /* ServerResultDelegate.h */ = {isa = PBXFileReference; fileEncoding = 4; lastKnownFileType = sourcecode.c.h; name = ServerResultDelegate.h; path = Core/ServerResultDelegate.h; sourceTree = "<group>"; };
		A956FA85147AE5A200DF659D /* ServerResultDelegate.m */ = {isa = PBXFileReference; fileEncoding = 4; lastKnownFileType = sourcecode.c.objc; name = ServerResultDelegate.m; path = Core/ServerResultDelegate.m; sourceTree = "<group>"; };
		A957C47B1479A6B300ADF44B /* DDData.h */ = {isa = PBXFileReference; fileEncoding = 4; lastKnownFileType = sourcecode.c.h; path = DDData.h; sourceTree = "<group>"; };
		A957C47C1479A6B300ADF44B /* DDData.m */ = {isa = PBXFileReference; fileEncoding = 4; lastKnownFileType = sourcecode.c.objc; path = DDData.m; sourceTree = "<group>"; };
		A957C47D1479A6B300ADF44B /* DDNumber.h */ = {isa = PBXFileReference; fileEncoding = 4; lastKnownFileType = sourcecode.c.h; path = DDNumber.h; sourceTree = "<group>"; };
		A957C47E1479A6B300ADF44B /* DDNumber.m */ = {isa = PBXFileReference; fileEncoding = 4; lastKnownFileType = sourcecode.c.objc; path = DDNumber.m; sourceTree = "<group>"; };
		A957C47F1479A6B300ADF44B /* DDRange.h */ = {isa = PBXFileReference; fileEncoding = 4; lastKnownFileType = sourcecode.c.h; path = DDRange.h; sourceTree = "<group>"; };
		A957C4801479A6B300ADF44B /* DDRange.m */ = {isa = PBXFileReference; fileEncoding = 4; lastKnownFileType = sourcecode.c.objc; path = DDRange.m; sourceTree = "<group>"; };
		A957C4811479A6B300ADF44B /* HTTPAuthenticationRequest.h */ = {isa = PBXFileReference; fileEncoding = 4; lastKnownFileType = sourcecode.c.h; path = HTTPAuthenticationRequest.h; sourceTree = "<group>"; };
		A957C4821479A6B300ADF44B /* HTTPAuthenticationRequest.m */ = {isa = PBXFileReference; fileEncoding = 4; lastKnownFileType = sourcecode.c.objc; path = HTTPAuthenticationRequest.m; sourceTree = "<group>"; };
		A957C4831479A6B300ADF44B /* HTTPConnection.h */ = {isa = PBXFileReference; fileEncoding = 4; lastKnownFileType = sourcecode.c.h; path = HTTPConnection.h; sourceTree = "<group>"; };
		A957C4841479A6B300ADF44B /* HTTPConnection.m */ = {isa = PBXFileReference; fileEncoding = 4; lastKnownFileType = sourcecode.c.objc; path = HTTPConnection.m; sourceTree = "<group>"; };
		A957C4851479A6B300ADF44B /* HTTPLogging.h */ = {isa = PBXFileReference; fileEncoding = 4; lastKnownFileType = sourcecode.c.h; path = HTTPLogging.h; sourceTree = "<group>"; };
		A957C4861479A6B300ADF44B /* HTTPMessage.h */ = {isa = PBXFileReference; fileEncoding = 4; lastKnownFileType = sourcecode.c.h; path = HTTPMessage.h; sourceTree = "<group>"; };
		A957C4871479A6B300ADF44B /* HTTPMessage.m */ = {isa = PBXFileReference; fileEncoding = 4; lastKnownFileType = sourcecode.c.objc; path = HTTPMessage.m; sourceTree = "<group>"; };
		A957C4881479A6B300ADF44B /* HTTPResponse.h */ = {isa = PBXFileReference; fileEncoding = 4; lastKnownFileType = sourcecode.c.h; path = HTTPResponse.h; sourceTree = "<group>"; };
		A957C4891479A6B300ADF44B /* HTTPServer.h */ = {isa = PBXFileReference; fileEncoding = 4; lastKnownFileType = sourcecode.c.h; path = HTTPServer.h; sourceTree = "<group>"; };
		A957C48A1479A6B300ADF44B /* HTTPServer.m */ = {isa = PBXFileReference; fileEncoding = 4; lastKnownFileType = sourcecode.c.objc; path = HTTPServer.m; sourceTree = "<group>"; };
		A957C48C1479A6B300ADF44B /* HTTPAsyncFileResponse.h */ = {isa = PBXFileReference; fileEncoding = 4; lastKnownFileType = sourcecode.c.h; path = HTTPAsyncFileResponse.h; sourceTree = "<group>"; };
		A957C48D1479A6B300ADF44B /* HTTPAsyncFileResponse.m */ = {isa = PBXFileReference; fileEncoding = 4; lastKnownFileType = sourcecode.c.objc; path = HTTPAsyncFileResponse.m; sourceTree = "<group>"; };
		A957C48E1479A6B300ADF44B /* HTTPDataResponse.h */ = {isa = PBXFileReference; fileEncoding = 4; lastKnownFileType = sourcecode.c.h; path = HTTPDataResponse.h; sourceTree = "<group>"; };
		A957C48F1479A6B300ADF44B /* HTTPDataResponse.m */ = {isa = PBXFileReference; fileEncoding = 4; lastKnownFileType = sourcecode.c.objc; path = HTTPDataResponse.m; sourceTree = "<group>"; };
		A957C4901479A6B300ADF44B /* HTTPDynamicFileResponse.h */ = {isa = PBXFileReference; fileEncoding = 4; lastKnownFileType = sourcecode.c.h; path = HTTPDynamicFileResponse.h; sourceTree = "<group>"; };
		A957C4911479A6B300ADF44B /* HTTPDynamicFileResponse.m */ = {isa = PBXFileReference; fileEncoding = 4; lastKnownFileType = sourcecode.c.objc; path = HTTPDynamicFileResponse.m; sourceTree = "<group>"; };
		A957C4921479A6B300ADF44B /* HTTPFileResponse.h */ = {isa = PBXFileReference; fileEncoding = 4; lastKnownFileType = sourcecode.c.h; path = HTTPFileResponse.h; sourceTree = "<group>"; };
		A957C4931479A6B300ADF44B /* HTTPFileResponse.m */ = {isa = PBXFileReference; fileEncoding = 4; lastKnownFileType = sourcecode.c.objc; path = HTTPFileResponse.m; sourceTree = "<group>"; };
		A957C4941479A6B300ADF44B /* HTTPRedirectResponse.h */ = {isa = PBXFileReference; fileEncoding = 4; lastKnownFileType = sourcecode.c.h; path = HTTPRedirectResponse.h; sourceTree = "<group>"; };
		A957C4951479A6B300ADF44B /* HTTPRedirectResponse.m */ = {isa = PBXFileReference; fileEncoding = 4; lastKnownFileType = sourcecode.c.objc; path = HTTPRedirectResponse.m; sourceTree = "<group>"; };
		A957C4961479A6B300ADF44B /* WebSocket.h */ = {isa = PBXFileReference; fileEncoding = 4; lastKnownFileType = sourcecode.c.h; path = WebSocket.h; sourceTree = "<group>"; };
		A957C4971479A6B300ADF44B /* WebSocket.m */ = {isa = PBXFileReference; fileEncoding = 4; lastKnownFileType = sourcecode.c.objc; path = WebSocket.m; sourceTree = "<group>"; };
		A957C4A51479A6B300ADF44B /* About.txt */ = {isa = PBXFileReference; fileEncoding = 4; lastKnownFileType = text; path = About.txt; sourceTree = "<group>"; };
		A957C4A61479A6B300ADF44B /* GCDAsyncSocket.h */ = {isa = PBXFileReference; fileEncoding = 4; lastKnownFileType = sourcecode.c.h; path = GCDAsyncSocket.h; sourceTree = "<group>"; };
		A957C4A71479A6B300ADF44B /* GCDAsyncSocket.m */ = {isa = PBXFileReference; fileEncoding = 4; lastKnownFileType = sourcecode.c.objc; path = GCDAsyncSocket.m; sourceTree = "<group>"; };
		A957C4A91479A6B300ADF44B /* About.txt */ = {isa = PBXFileReference; fileEncoding = 4; lastKnownFileType = text; path = About.txt; sourceTree = "<group>"; };
		A957C4AA1479A6B300ADF44B /* DDAbstractDatabaseLogger.h */ = {isa = PBXFileReference; fileEncoding = 4; lastKnownFileType = sourcecode.c.h; path = DDAbstractDatabaseLogger.h; sourceTree = "<group>"; };
		A957C4AB1479A6B300ADF44B /* DDAbstractDatabaseLogger.m */ = {isa = PBXFileReference; fileEncoding = 4; lastKnownFileType = sourcecode.c.objc; path = DDAbstractDatabaseLogger.m; sourceTree = "<group>"; };
		A957C4AC1479A6B300ADF44B /* DDASLLogger.h */ = {isa = PBXFileReference; fileEncoding = 4; lastKnownFileType = sourcecode.c.h; path = DDASLLogger.h; sourceTree = "<group>"; };
		A957C4AD1479A6B300ADF44B /* DDASLLogger.m */ = {isa = PBXFileReference; fileEncoding = 4; lastKnownFileType = sourcecode.c.objc; path = DDASLLogger.m; sourceTree = "<group>"; };
		A957C4AE1479A6B300ADF44B /* DDFileLogger.h */ = {isa = PBXFileReference; fileEncoding = 4; lastKnownFileType = sourcecode.c.h; path = DDFileLogger.h; sourceTree = "<group>"; };
		A957C4AF1479A6B300ADF44B /* DDFileLogger.m */ = {isa = PBXFileReference; fileEncoding = 4; lastKnownFileType = sourcecode.c.objc; path = DDFileLogger.m; sourceTree = "<group>"; };
		A957C4B01479A6B300ADF44B /* DDLog.h */ = {isa = PBXFileReference; fileEncoding = 4; lastKnownFileType = sourcecode.c.h; path = DDLog.h; sourceTree = "<group>"; };
		A957C4B11479A6B300ADF44B /* DDLog.m */ = {isa = PBXFileReference; fileEncoding = 4; lastKnownFileType = sourcecode.c.objc; path = DDLog.m; sourceTree = "<group>"; };
		A957C4B21479A6B300ADF44B /* DDTTYLogger.h */ = {isa = PBXFileReference; fileEncoding = 4; lastKnownFileType = sourcecode.c.h; path = DDTTYLogger.h; sourceTree = "<group>"; };
		A957C4B31479A6B300ADF44B /* DDTTYLogger.m */ = {isa = PBXFileReference; fileEncoding = 4; lastKnownFileType = sourcecode.c.objc; path = DDTTYLogger.m; sourceTree = "<group>"; };
		A957C4CF1479A75600ADF44B /* CallbackServer.h */ = {isa = PBXFileReference; fileEncoding = 4; lastKnownFileType = sourcecode.c.h; name = CallbackServer.h; path = "Core/Callback Service/CallbackServer.h"; sourceTree = "<group>"; };
		A957C4D01479A75600ADF44B /* CallbackServer.m */ = {isa = PBXFileReference; fileEncoding = 4; lastKnownFileType = sourcecode.c.objc; name = CallbackServer.m; path = "Core/Callback Service/CallbackServer.m"; sourceTree = "<group>"; };
		A95AF35C14705F380074A070 /* Noisie.app */ = {isa = PBXFileReference; explicitFileType = wrapper.application; includeInIndex = 0; path = Noisie.app; sourceTree = BUILT_PRODUCTS_DIR; };
		A95AF36014705F380074A070 /* UIKit.framework */ = {isa = PBXFileReference; lastKnownFileType = wrapper.framework; name = UIKit.framework; path = System/Library/Frameworks/UIKit.framework; sourceTree = SDKROOT; };
		A95AF36214705F380074A070 /* Foundation.framework */ = {isa = PBXFileReference; lastKnownFileType = wrapper.framework; name = Foundation.framework; path = System/Library/Frameworks/Foundation.framework; sourceTree = SDKROOT; };
		A95AF36414705F380074A070 /* CoreGraphics.framework */ = {isa = PBXFileReference; lastKnownFileType = wrapper.framework; name = CoreGraphics.framework; path = System/Library/Frameworks/CoreGraphics.framework; sourceTree = SDKROOT; };
		A95AF36814705F380074A070 /* Noisie-Info.plist */ = {isa = PBXFileReference; lastKnownFileType = text.plist.xml; path = "Noisie-Info.plist"; sourceTree = "<group>"; };
		A95AF36A14705F380074A070 /* en */ = {isa = PBXFileReference; lastKnownFileType = text.plist.strings; name = en; path = en.lproj/InfoPlist.strings; sourceTree = "<group>"; };
		A95AF36C14705F380074A070 /* main.m */ = {isa = PBXFileReference; lastKnownFileType = sourcecode.c.objc; path = main.m; sourceTree = "<group>"; };
		A95AF36E14705F380074A070 /* Noisie-Prefix.pch */ = {isa = PBXFileReference; lastKnownFileType = sourcecode.c.h; path = "Noisie-Prefix.pch"; sourceTree = "<group>"; };
		A95AF36F14705F380074A070 /* AppDelegate.h */ = {isa = PBXFileReference; lastKnownFileType = sourcecode.c.h; path = AppDelegate.h; sourceTree = "<group>"; };
		A95AF37014705F390074A070 /* AppDelegate.m */ = {isa = PBXFileReference; lastKnownFileType = sourcecode.c.objc; path = AppDelegate.m; sourceTree = "<group>"; };
		A95AF377147061EB0074A070 /* RestKit.xcodeproj */ = {isa = PBXFileReference; lastKnownFileType = "wrapper.pb-project"; name = RestKit.xcodeproj; path = RestKit/RestKit.xcodeproj; sourceTree = "<group>"; };
		A95AF3A8147064CB0074A070 /* CFNetwork.framework */ = {isa = PBXFileReference; lastKnownFileType = wrapper.framework; name = CFNetwork.framework; path = System/Library/Frameworks/CFNetwork.framework; sourceTree = SDKROOT; };
		A95AF3AA147064E50074A070 /* MobileCoreServices.framework */ = {isa = PBXFileReference; lastKnownFileType = wrapper.framework; name = MobileCoreServices.framework; path = System/Library/Frameworks/MobileCoreServices.framework; sourceTree = SDKROOT; };
		A95AF3AC147064F40074A070 /* SystemConfiguration.framework */ = {isa = PBXFileReference; lastKnownFileType = wrapper.framework; name = SystemConfiguration.framework; path = System/Library/Frameworks/SystemConfiguration.framework; sourceTree = SDKROOT; };
		A95AF3B714706F7F0074A070 /* RoBase.h */ = {isa = PBXFileReference; fileEncoding = 4; lastKnownFileType = sourcecode.c.h; name = RoBase.h; path = Infrastructure/Dto/RoBase.h; sourceTree = "<group>"; };
		A95AF3B814706F7F0074A070 /* RoBase.m */ = {isa = PBXFileReference; fileEncoding = 4; lastKnownFileType = sourcecode.c.objc; name = RoBase.m; path = Infrastructure/Dto/RoBase.m; sourceTree = "<group>"; };
		A95AF3BA147070070074A070 /* RoArtist.h */ = {isa = PBXFileReference; fileEncoding = 4; lastKnownFileType = sourcecode.c.h; name = RoArtist.h; path = Infrastructure/Dto/RoArtist.h; sourceTree = "<group>"; };
		A95AF3BB147070070074A070 /* RoArtist.m */ = {isa = PBXFileReference; fileEncoding = 4; lastKnownFileType = sourcecode.c.objc; name = RoArtist.m; path = Infrastructure/Dto/RoArtist.m; sourceTree = "<group>"; };
		A95AF3BD1470723B0074A070 /* BaseServerResult.h */ = {isa = PBXFileReference; fileEncoding = 4; lastKnownFileType = sourcecode.c.h; name = BaseServerResult.h; path = Infrastructure/Dto/BaseServerResult.h; sourceTree = "<group>"; };
		A95AF3BE1470723B0074A070 /* BaseServerResult.m */ = {isa = PBXFileReference; fileEncoding = 4; lastKnownFileType = sourcecode.c.objc; name = BaseServerResult.m; path = Infrastructure/Dto/BaseServerResult.m; sourceTree = "<group>"; };
		A95AF3C01470725B0074A070 /* ArtistListResult.h */ = {isa = PBXFileReference; fileEncoding = 4; lastKnownFileType = sourcecode.c.h; name = ArtistListResult.h; path = Infrastructure/Dto/ArtistListResult.h; sourceTree = "<group>"; };
		A95AF3C11470725B0074A070 /* ArtistListResult.m */ = {isa = PBXFileReference; fileEncoding = 4; lastKnownFileType = sourcecode.c.objc; name = ArtistListResult.m; path = Infrastructure/Dto/ArtistListResult.m; sourceTree = "<group>"; };
		A95AF3C4147073890074A070 /* RemoteDataClient.h */ = {isa = PBXFileReference; fileEncoding = 4; lastKnownFileType = sourcecode.c.h; name = RemoteDataClient.h; path = "Core/Remote Data Client/RemoteDataClient.h"; sourceTree = "<group>"; };
		A95AF3C5147073890074A070 /* RemoteDataClient.m */ = {isa = PBXFileReference; fileEncoding = 4; lastKnownFileType = sourcecode.c.objc; name = RemoteDataClient.m; path = "Core/Remote Data Client/RemoteDataClient.m"; sourceTree = "<group>"; };
		A95AF3C714709C510074A070 /* RemoteMgr.h */ = {isa = PBXFileReference; fileEncoding = 4; lastKnownFileType = sourcecode.c.h; name = RemoteMgr.h; path = Core/RemoteMgr.h; sourceTree = "<group>"; };
		A95AF3C814709C510074A070 /* RemoteMgr.m */ = {isa = PBXFileReference; fileEncoding = 4; lastKnownFileType = sourcecode.c.objc; name = RemoteMgr.m; path = Core/RemoteMgr.m; sourceTree = "<group>"; };
		A96B8E1014734A27000CD104 /* RoTrack.h */ = {isa = PBXFileReference; fileEncoding = 4; lastKnownFileType = sourcecode.c.h; name = RoTrack.h; path = Infrastructure/Dto/RoTrack.h; sourceTree = "<group>"; };
		A96B8E1114734A27000CD104 /* RoTrack.m */ = {isa = PBXFileReference; fileEncoding = 4; lastKnownFileType = sourcecode.c.objc; name = RoTrack.m; path = Infrastructure/Dto/RoTrack.m; sourceTree = "<group>"; };
		A96B8E1314734B65000CD104 /* TrackListResult.h */ = {isa = PBXFileReference; fileEncoding = 4; lastKnownFileType = sourcecode.c.h; name = TrackListResult.h; path = Infrastructure/Dto/TrackListResult.h; sourceTree = "<group>"; };
		A96B8E1414734B65000CD104 /* TrackListResult.m */ = {isa = PBXFileReference; fileEncoding = 4; lastKnownFileType = sourcecode.c.objc; name = TrackListResult.m; path = Infrastructure/Dto/TrackListResult.m; sourceTree = "<group>"; };
		A96B8E1614734C26000CD104 /* TrackListDelegate.h */ = {isa = PBXFileReference; fileEncoding = 4; lastKnownFileType = sourcecode.c.h; name = TrackListDelegate.h; path = "Core/Remote Data Client/TrackListDelegate.h"; sourceTree = "<group>"; };
		A96B8E1714734C26000CD104 /* TrackListDelegate.m */ = {isa = PBXFileReference; fileEncoding = 4; lastKnownFileType = sourcecode.c.objc; name = TrackListDelegate.m; path = "Core/Remote Data Client/TrackListDelegate.m"; sourceTree = "<group>"; };
		A96B8E231473542D000CD104 /* AlbumViewController.h */ = {isa = PBXFileReference; fileEncoding = 4; lastKnownFileType = sourcecode.c.h; name = AlbumViewController.h; path = UI/AlbumViewController.h; sourceTree = "<group>"; };
		A96B8E241473542D000CD104 /* AlbumViewController.m */ = {isa = PBXFileReference; fileEncoding = 4; lastKnownFileType = sourcecode.c.objc; name = AlbumViewController.m; path = UI/AlbumViewController.m; sourceTree = "<group>"; };
		A96B8E251473542D000CD104 /* AlbumViewController.xib */ = {isa = PBXFileReference; fileEncoding = 4; lastKnownFileType = file.xib; name = AlbumViewController.xib; path = UI/AlbumViewController.xib; sourceTree = "<group>"; };
		A96D6C6B1472B51500521583 /* BaseResultDelegate.h */ = {isa = PBXFileReference; fileEncoding = 4; lastKnownFileType = sourcecode.c.h; name = BaseResultDelegate.h; path = Core/BaseResultDelegate.h; sourceTree = "<group>"; };
		A96D6C6C1472B51500521583 /* BaseResultDelegate.m */ = {isa = PBXFileReference; fileEncoding = 4; lastKnownFileType = sourcecode.c.objc; name = BaseResultDelegate.m; path = Core/BaseResultDelegate.m; sourceTree = "<group>"; };
		A96D6C6E1472B60400521583 /* ArtistListDelegate.h */ = {isa = PBXFileReference; fileEncoding = 4; lastKnownFileType = sourcecode.c.h; name = ArtistListDelegate.h; path = "Core/Remote Data Client/ArtistListDelegate.h"; sourceTree = "<group>"; };
		A96D6C6F1472B60400521583 /* ArtistListDelegate.m */ = {isa = PBXFileReference; fileEncoding = 4; lastKnownFileType = sourcecode.c.objc; name = ArtistListDelegate.m; path = "Core/Remote Data Client/ArtistListDelegate.m"; sourceTree = "<group>"; };
		A96D6C711472B87400521583 /* AlbumListDelegate.h */ = {isa = PBXFileReference; fileEncoding = 4; lastKnownFileType = sourcecode.c.h; name = AlbumListDelegate.h; path = "Core/Remote Data Client/AlbumListDelegate.h"; sourceTree = "<group>"; };
		A96D6C721472B87400521583 /* AlbumListDelegate.m */ = {isa = PBXFileReference; fileEncoding = 4; lastKnownFileType = sourcecode.c.objc; name = AlbumListDelegate.m; path = "Core/Remote Data Client/AlbumListDelegate.m"; sourceTree = "<group>"; };
		A96D6C751472CAB700521583 /* ArtistListCell.h */ = {isa = PBXFileReference; fileEncoding = 4; lastKnownFileType = sourcecode.c.h; name = ArtistListCell.h; path = UI/Views/ArtistListCell.h; sourceTree = "<group>"; };
		A96D6C761472CAB700521583 /* ArtistListCell.m */ = {isa = PBXFileReference; fileEncoding = 4; lastKnownFileType = sourcecode.c.objc; name = ArtistListCell.m; path = UI/Views/ArtistListCell.m; sourceTree = "<group>"; };
		A98D41A114740BF30044CB93 /* RemoteQueueClient.h */ = {isa = PBXFileReference; fileEncoding = 4; lastKnownFileType = sourcecode.c.h; name = RemoteQueueClient.h; path = "Core/Remote Queue Client/RemoteQueueClient.h"; sourceTree = "<group>"; };
		A98D41A214740BF30044CB93 /* RemoteQueueClient.m */ = {isa = PBXFileReference; fileEncoding = 4; lastKnownFileType = sourcecode.c.objc; name = RemoteQueueClient.m; path = "Core/Remote Queue Client/RemoteQueueClient.m"; sourceTree = "<group>"; };
		A98D41A9147418D10044CB93 /* Noise.png */ = {isa = PBXFileReference; lastKnownFileType = image.png; name = Noise.png; path = ../Noise.png; sourceTree = "<group>"; };
		A9B309111479CDD000EA38B0 /* HostLocator.h */ = {isa = PBXFileReference; fileEncoding = 4; lastKnownFileType = sourcecode.c.h; name = HostLocator.h; path = Core/HostLocator.h; sourceTree = "<group>"; };
		A9B309121479CDD000EA38B0 /* HostLocator.m */ = {isa = PBXFileReference; fileEncoding = 4; lastKnownFileType = sourcecode.c.objc; name = HostLocator.m; path = Core/HostLocator.m; sourceTree = "<group>"; };
		A9B5864514756F120047C781 /* AlbumListCell.h */ = {isa = PBXFileReference; fileEncoding = 4; lastKnownFileType = sourcecode.c.h; name = AlbumListCell.h; path = UI/Views/AlbumListCell.h; sourceTree = "<group>"; };
		A9B5864614756F120047C781 /* AlbumListCell.m */ = {isa = PBXFileReference; fileEncoding = 4; lastKnownFileType = sourcecode.c.objc; name = AlbumListCell.m; path = UI/Views/AlbumListCell.m; sourceTree = "<group>"; };
		A9B5864814756F5E0047C781 /* AlbumListCell.xib */ = {isa = PBXFileReference; fileEncoding = 4; lastKnownFileType = file.xib; name = AlbumListCell.xib; path = UI/Views/AlbumListCell.xib; sourceTree = "<group>"; };
		A9B5864A147575DC0047C781 /* Play.png */ = {isa = PBXFileReference; lastKnownFileType = image.png; name = Play.png; path = Resources/Play.png; sourceTree = "<group>"; };
		A9B5864C147579FA0047C781 /* TrackListCell.h */ = {isa = PBXFileReference; fileEncoding = 4; lastKnownFileType = sourcecode.c.h; name = TrackListCell.h; path = UI/Views/TrackListCell.h; sourceTree = "<group>"; };
		A9B5864D147579FB0047C781 /* TrackListCell.m */ = {isa = PBXFileReference; fileEncoding = 4; lastKnownFileType = sourcecode.c.objc; name = TrackListCell.m; path = UI/Views/TrackListCell.m; sourceTree = "<group>"; };
		A9B5865114757A670047C781 /* TrackListCell.xib */ = {isa = PBXFileReference; fileEncoding = 4; lastKnownFileType = file.xib; name = TrackListCell.xib; path = UI/Views/TrackListCell.xib; sourceTree = "<group>"; };
		A9B5866A147590E60047C781 /* RoFavorite.h */ = {isa = PBXFileReference; fileEncoding = 4; lastKnownFileType = sourcecode.c.h; name = RoFavorite.h; path = Infrastructure/Dto/RoFavorite.h; sourceTree = "<group>"; };
		A9B5866B147590E60047C781 /* RoFavorite.m */ = {isa = PBXFileReference; fileEncoding = 4; lastKnownFileType = sourcecode.c.objc; name = RoFavorite.m; path = Infrastructure/Dto/RoFavorite.m; sourceTree = "<group>"; };
		A9B5866D147592DE0047C781 /* FavoriteListResult.h */ = {isa = PBXFileReference; fileEncoding = 4; lastKnownFileType = sourcecode.c.h; name = FavoriteListResult.h; path = Infrastructure/Dto/FavoriteListResult.h; sourceTree = "<group>"; };
		A9B5866E147592DE0047C781 /* FavoriteListResult.m */ = {isa = PBXFileReference; fileEncoding = 4; lastKnownFileType = sourcecode.c.objc; name = FavoriteListResult.m; path = Infrastructure/Dto/FavoriteListResult.m; sourceTree = "<group>"; };
		A9B58670147593B90047C781 /* FavoritesListDelegate.h */ = {isa = PBXFileReference; fileEncoding = 4; lastKnownFileType = sourcecode.c.h; name = FavoritesListDelegate.h; path = "Core/Remote Data Client/FavoritesListDelegate.h"; sourceTree = "<group>"; };
		A9B58671147593B90047C781 /* FavoritesListDelegate.m */ = {isa = PBXFileReference; fileEncoding = 4; lastKnownFileType = sourcecode.c.objc; name = FavoritesListDelegate.m; path = "Core/Remote Data Client/FavoritesListDelegate.m"; sourceTree = "<group>"; };
		A9B58673147599670047C781 /* FavoriteListCell.h */ = {isa = PBXFileReference; fileEncoding = 4; lastKnownFileType = sourcecode.c.h; name = FavoriteListCell.h; path = UI/Views/FavoriteListCell.h; sourceTree = "<group>"; };
		A9B58674147599680047C781 /* FavoriteListCell.m */ = {isa = PBXFileReference; fileEncoding = 4; lastKnownFileType = sourcecode.c.objc; name = FavoriteListCell.m; path = UI/Views/FavoriteListCell.m; sourceTree = "<group>"; };
		A9B58678147599B90047C781 /* FavoriteListCell.xib */ = {isa = PBXFileReference; fileEncoding = 4; lastKnownFileType = file.xib; name = FavoriteListCell.xib; path = UI/Views/FavoriteListCell.xib; sourceTree = "<group>"; };
		A9C12696147563D000A803F3 /* iPad Library Tab.png */ = {isa = PBXFileReference; lastKnownFileType = image.png; name = "iPad Library Tab.png"; path = "Resources/iPad Library Tab.png"; sourceTree = "<group>"; };
		A9C12698147564D400A803F3 /* QueueViewController.h */ = {isa = PBXFileReference; fileEncoding = 4; lastKnownFileType = sourcecode.c.h; name = QueueViewController.h; path = UI/QueueViewController.h; sourceTree = "<group>"; };
		A9C12699147564D400A803F3 /* QueueViewController.m */ = {isa = PBXFileReference; fileEncoding = 4; lastKnownFileType = sourcecode.c.objc; name = QueueViewController.m; path = UI/QueueViewController.m; sourceTree = "<group>"; };
		A9C1269A147564D400A803F3 /* QueueViewController.xib */ = {isa = PBXFileReference; fileEncoding = 4; lastKnownFileType = file.xib; name = QueueViewController.xib; path = UI/QueueViewController.xib; sourceTree = "<group>"; };
		A9C1269D1475664B00A803F3 /* FavoritesViewController.h */ = {isa = PBXFileReference; fileEncoding = 4; lastKnownFileType = sourcecode.c.h; name = FavoritesViewController.h; path = UI/FavoritesViewController.h; sourceTree = "<group>"; };
		A9C1269E1475664B00A803F3 /* FavoritesViewController.m */ = {isa = PBXFileReference; fileEncoding = 4; lastKnownFileType = sourcecode.c.objc; name = FavoritesViewController.m; path = UI/FavoritesViewController.m; sourceTree = "<group>"; };
		A9C1269F1475664B00A803F3 /* FavoritesViewController.xib */ = {isa = PBXFileReference; fileEncoding = 4; lastKnownFileType = file.xib; name = FavoritesViewController.xib; path = UI/FavoritesViewController.xib; sourceTree = "<group>"; };
		A9C126A2147567EE00A803F3 /* SearchViewController.h */ = {isa = PBXFileReference; fileEncoding = 4; lastKnownFileType = sourcecode.c.h; name = SearchViewController.h; path = UI/SearchViewController.h; sourceTree = "<group>"; };
		A9C126A3147567EE00A803F3 /* SearchViewController.m */ = {isa = PBXFileReference; fileEncoding = 4; lastKnownFileType = sourcecode.c.objc; name = SearchViewController.m; path = UI/SearchViewController.m; sourceTree = "<group>"; };
		A9C126A4147567EE00A803F3 /* SearchViewController.xib */ = {isa = PBXFileReference; fileEncoding = 4; lastKnownFileType = file.xib; name = SearchViewController.xib; path = UI/SearchViewController.xib; sourceTree = "<group>"; };
		A9C904651471853100F98E2B /* Events.h */ = {isa = PBXFileReference; fileEncoding = 4; lastKnownFileType = sourcecode.c.h; name = Events.h; path = Infrastructure/Events.h; sourceTree = "<group>"; };
		A9C904661471853100F98E2B /* Events.m */ = {isa = PBXFileReference; fileEncoding = 4; lastKnownFileType = sourcecode.c.objc; name = Events.m; path = Infrastructure/Events.m; sourceTree = "<group>"; };
		A9C904681471900F00F98E2B /* ArtistListController.h */ = {isa = PBXFileReference; fileEncoding = 4; lastKnownFileType = sourcecode.c.h; name = ArtistListController.h; path = UI/ArtistListController.h; sourceTree = "<group>"; };
		A9C904691471900F00F98E2B /* ArtistListController.m */ = {isa = PBXFileReference; fileEncoding = 4; lastKnownFileType = sourcecode.c.objc; name = ArtistListController.m; path = UI/ArtistListController.m; sourceTree = "<group>"; };
		A9C9046A1471900F00F98E2B /* ArtistListController.xib */ = {isa = PBXFileReference; fileEncoding = 4; lastKnownFileType = file.xib; name = ArtistListController.xib; path = UI/ArtistListController.xib; sourceTree = "<group>"; };
		A9F8047C1472CCBC00255255 /* ArtistListCell.xib */ = {isa = PBXFileReference; fileEncoding = 4; lastKnownFileType = file.xib; name = ArtistListCell.xib; path = UI/Views/ArtistListCell.xib; sourceTree = "<group>"; };
		A9F839201471F12D0067217A /* MainViewController.h */ = {isa = PBXFileReference; fileEncoding = 4; lastKnownFileType = sourcecode.c.h; name = MainViewController.h; path = UI/MainViewController.h; sourceTree = "<group>"; };
		A9F839211471F12D0067217A /* MainViewController.m */ = {isa = PBXFileReference; fileEncoding = 4; lastKnownFileType = sourcecode.c.objc; name = MainViewController.m; path = UI/MainViewController.m; sourceTree = "<group>"; };
		A9F839221471F12D0067217A /* MainViewController.xib */ = {isa = PBXFileReference; fileEncoding = 4; lastKnownFileType = file.xib; name = MainViewController.xib; path = UI/MainViewController.xib; sourceTree = "<group>"; };
		A9F839251471F4670067217A /* ArtistViewController.h */ = {isa = PBXFileReference; fileEncoding = 4; lastKnownFileType = sourcecode.c.h; name = ArtistViewController.h; path = UI/ArtistViewController.h; sourceTree = "<group>"; };
		A9F839261471F4670067217A /* ArtistViewController.m */ = {isa = PBXFileReference; fileEncoding = 4; lastKnownFileType = sourcecode.c.objc; name = ArtistViewController.m; path = UI/ArtistViewController.m; sourceTree = "<group>"; };
		A9F839271471F4670067217A /* ArtistViewController.xib */ = {isa = PBXFileReference; fileEncoding = 4; lastKnownFileType = file.xib; name = ArtistViewController.xib; path = UI/ArtistViewController.xib; sourceTree = "<group>"; };
		A9F8392F147203980067217A /* AlbumListResult.h */ = {isa = PBXFileReference; fileEncoding = 4; lastKnownFileType = sourcecode.c.h; name = AlbumListResult.h; path = Infrastructure/Dto/AlbumListResult.h; sourceTree = "<group>"; };
		A9F83930147203980067217A /* AlbumListResult.m */ = {isa = PBXFileReference; fileEncoding = 4; lastKnownFileType = sourcecode.c.objc; name = AlbumListResult.m; path = Infrastructure/Dto/AlbumListResult.m; sourceTree = "<group>"; };
		A9F83932147203B20067217A /* RoAlbum.h */ = {isa = PBXFileReference; fileEncoding = 4; lastKnownFileType = sourcecode.c.h; name = RoAlbum.h; path = Infrastructure/Dto/RoAlbum.h; sourceTree = "<group>"; };
		A9F83933147203B20067217A /* RoAlbum.m */ = {isa = PBXFileReference; fileEncoding = 4; lastKnownFileType = sourcecode.c.objc; name = RoAlbum.m; path = Infrastructure/Dto/RoAlbum.m; sourceTree = "<group>"; };
/* End PBXFileReference section */

/* Begin PBXFrameworksBuildPhase section */
		A95AF35914705F380074A070 /* Frameworks */ = {
			isa = PBXFrameworksBuildPhase;
			buildActionMask = 2147483647;
			files = (
				A95AF3AD147064F40074A070 /* SystemConfiguration.framework in Frameworks */,
				A95AF3AB147064E50074A070 /* MobileCoreServices.framework in Frameworks */,
				A95AF3A9147064CB0074A070 /* CFNetwork.framework in Frameworks */,
				A95AF3A7147064980074A070 /* libRestKitJSONParserJSONKit.a in Frameworks */,
				A95AF3A6147064900074A070 /* libRestKitSupport.a in Frameworks */,
				A95AF3A51470648A0074A070 /* libRestKitObjectMapping.a in Frameworks */,
				A95AF3A4147064830074A070 /* libRestKitNetwork.a in Frameworks */,
				A95AF36114705F380074A070 /* UIKit.framework in Frameworks */,
				A95AF36314705F380074A070 /* Foundation.framework in Frameworks */,
				A95AF36514705F380074A070 /* CoreGraphics.framework in Frameworks */,
			);
			runOnlyForDeploymentPostprocessing = 0;
		};
/* End PBXFrameworksBuildPhase section */

/* Begin PBXGroup section */
		A91271281476BB210048A6C6 /* Utility */ = {
			isa = PBXGroup;
			children = (
				A91271291476BB530048A6C6 /* Base64.h */,
				A912712A1476BB530048A6C6 /* Base64.m */,
			);
			name = Utility;
			sourceTree = "<group>";
		};
		A91271421476E8E00048A6C6 /* Remote Search Client */ = {
			isa = PBXGroup;
			children = (
				A91271431476E9140048A6C6 /* RemoteSearchClient.h */,
				A91271441476E9140048A6C6 /* RemoteSearchClient.m */,
				A91271461476E9D60048A6C6 /* SearchResultDelegate.h */,
				A91271471476E9D60048A6C6 /* SearchResultDelegate.m */,
			);
			name = "Remote Search Client";
			sourceTree = "<group>";
		};
		A956FA5E147A9B7C00DF659D /* Remote Noise Client */ = {
			isa = PBXGroup;
			children = (
				A956FA5F147A9BAB00DF659D /* RemoteNoiseClient.h */,
				A956FA60147A9BAB00DF659D /* RemoteNoiseClient.m */,
				A956FA65147A9F1F00DF659D /* ServerVersionDelegate.h */,
				A956FA66147A9F1F00DF659D /* ServerVersionDelegate.m */,
			);
			name = "Remote Noise Client";
			sourceTree = "<group>";
		};
		A957C4781479A69B00ADF44B /* cocoaHttpServer */ = {
			isa = PBXGroup;
			children = (
				A957C4791479A6B300ADF44B /* Core */,
				A957C4A31479A6B300ADF44B /* Vendor */,
			);
			name = cocoaHttpServer;
			sourceTree = "<group>";
		};
		A957C4791479A6B300ADF44B /* Core */ = {
			isa = PBXGroup;
			children = (
				A957C47A1479A6B300ADF44B /* Categories */,
				A957C4811479A6B300ADF44B /* HTTPAuthenticationRequest.h */,
				A957C4821479A6B300ADF44B /* HTTPAuthenticationRequest.m */,
				A957C4831479A6B300ADF44B /* HTTPConnection.h */,
				A957C4841479A6B300ADF44B /* HTTPConnection.m */,
				A957C4851479A6B300ADF44B /* HTTPLogging.h */,
				A957C4861479A6B300ADF44B /* HTTPMessage.h */,
				A957C4871479A6B300ADF44B /* HTTPMessage.m */,
				A957C4881479A6B300ADF44B /* HTTPResponse.h */,
				A957C4891479A6B300ADF44B /* HTTPServer.h */,
				A957C48A1479A6B300ADF44B /* HTTPServer.m */,
				A957C48B1479A6B300ADF44B /* Responses */,
				A957C4961479A6B300ADF44B /* WebSocket.h */,
				A957C4971479A6B300ADF44B /* WebSocket.m */,
			);
			name = Core;
			path = cocoaHttpServer/Core;
			sourceTree = "<group>";
		};
		A957C47A1479A6B300ADF44B /* Categories */ = {
			isa = PBXGroup;
			children = (
				A957C47B1479A6B300ADF44B /* DDData.h */,
				A957C47C1479A6B300ADF44B /* DDData.m */,
				A957C47D1479A6B300ADF44B /* DDNumber.h */,
				A957C47E1479A6B300ADF44B /* DDNumber.m */,
				A957C47F1479A6B300ADF44B /* DDRange.h */,
				A957C4801479A6B300ADF44B /* DDRange.m */,
			);
			path = Categories;
			sourceTree = "<group>";
		};
		A957C48B1479A6B300ADF44B /* Responses */ = {
			isa = PBXGroup;
			children = (
				A957C48C1479A6B300ADF44B /* HTTPAsyncFileResponse.h */,
				A957C48D1479A6B300ADF44B /* HTTPAsyncFileResponse.m */,
				A957C48E1479A6B300ADF44B /* HTTPDataResponse.h */,
				A957C48F1479A6B300ADF44B /* HTTPDataResponse.m */,
				A957C4901479A6B300ADF44B /* HTTPDynamicFileResponse.h */,
				A957C4911479A6B300ADF44B /* HTTPDynamicFileResponse.m */,
				A957C4921479A6B300ADF44B /* HTTPFileResponse.h */,
				A957C4931479A6B300ADF44B /* HTTPFileResponse.m */,
				A957C4941479A6B300ADF44B /* HTTPRedirectResponse.h */,
				A957C4951479A6B300ADF44B /* HTTPRedirectResponse.m */,
			);
			path = Responses;
			sourceTree = "<group>";
		};
		A957C4A31479A6B300ADF44B /* Vendor */ = {
			isa = PBXGroup;
			children = (
				A957C4A41479A6B300ADF44B /* CocoaAsyncSocket */,
				A957C4A81479A6B300ADF44B /* CocoaLumberjack */,
			);
			name = Vendor;
			path = cocoaHttpServer/Vendor;
			sourceTree = "<group>";
		};
		A957C4A41479A6B300ADF44B /* CocoaAsyncSocket */ = {
			isa = PBXGroup;
			children = (
				A957C4A51479A6B300ADF44B /* About.txt */,
				A957C4A61479A6B300ADF44B /* GCDAsyncSocket.h */,
				A957C4A71479A6B300ADF44B /* GCDAsyncSocket.m */,
			);
			path = CocoaAsyncSocket;
			sourceTree = "<group>";
		};
		A957C4A81479A6B300ADF44B /* CocoaLumberjack */ = {
			isa = PBXGroup;
			children = (
				A957C4A91479A6B300ADF44B /* About.txt */,
				A957C4AA1479A6B300ADF44B /* DDAbstractDatabaseLogger.h */,
				A957C4AB1479A6B300ADF44B /* DDAbstractDatabaseLogger.m */,
				A957C4AC1479A6B300ADF44B /* DDASLLogger.h */,
				A957C4AD1479A6B300ADF44B /* DDASLLogger.m */,
				A957C4AE1479A6B300ADF44B /* DDFileLogger.h */,
				A957C4AF1479A6B300ADF44B /* DDFileLogger.m */,
				A957C4B01479A6B300ADF44B /* DDLog.h */,
				A957C4B11479A6B300ADF44B /* DDLog.m */,
				A957C4B21479A6B300ADF44B /* DDTTYLogger.h */,
				A957C4B31479A6B300ADF44B /* DDTTYLogger.m */,
			);
			path = CocoaLumberjack;
			sourceTree = "<group>";
		};
		A957C4CE1479A6F100ADF44B /* Callback Service */ = {
			isa = PBXGroup;
			children = (
				A957C4CF1479A75600ADF44B /* CallbackServer.h */,
				A957C4D01479A75600ADF44B /* CallbackServer.m */,
				A956FA6C147AB64500DF659D /* UriDispatcher.h */,
				A956FA6D147AB64600DF659D /* UriDispatcher.m */,
				A956FA6F147AB93F00DF659D /* CallbackHttpConnection.h */,
				A956FA70147AB93F00DF659D /* CallbackHttpConnection.m */,
				A956FA75147ABB5800DF659D /* CallbackHttpServer.h */,
				A956FA76147ABB5800DF659D /* CallbackHttpServer.m */,
				A956FA78147ABBD000DF659D /* UriHandlers.h */,
				A956FA79147ABBD000DF659D /* UriHandlers.m */,
			);
			name = "Callback Service";
			sourceTree = "<group>";
		};
		A95AF35114705F380074A070 = {
			isa = PBXGroup;
			children = (
				A95AF36614705F380074A070 /* Noisie */,
				A95AF35F14705F380074A070 /* Frameworks */,
				A95AF35D14705F380074A070 /* Products */,
			);
			sourceTree = "<group>";
		};
		A95AF35D14705F380074A070 /* Products */ = {
			isa = PBXGroup;
			children = (
				A95AF35C14705F380074A070 /* Noisie.app */,
			);
			name = Products;
			sourceTree = "<group>";
		};
		A95AF35F14705F380074A070 /* Frameworks */ = {
			isa = PBXGroup;
			children = (
				A957C4781479A69B00ADF44B /* cocoaHttpServer */,
				A95AF377147061EB0074A070 /* RestKit.xcodeproj */,
				A95AF3AC147064F40074A070 /* SystemConfiguration.framework */,
				A95AF3AA147064E50074A070 /* MobileCoreServices.framework */,
				A95AF3A8147064CB0074A070 /* CFNetwork.framework */,
				A95AF36014705F380074A070 /* UIKit.framework */,
				A95AF36214705F380074A070 /* Foundation.framework */,
				A95AF36414705F380074A070 /* CoreGraphics.framework */,
			);
			name = Frameworks;
			sourceTree = "<group>";
		};
		A95AF36614705F380074A070 /* Noisie */ = {
			isa = PBXGroup;
			children = (
				A91271281476BB210048A6C6 /* Utility */,
				A9C9044A14717F3E00F98E2B /* UI */,
				A95AF3B514706F0F0074A070 /* Infrastructure */,
				A95AF3B414706C220074A070 /* Core */,
				A95AF3B314706B420074A070 /* Application */,
				A98D41A4147416210044CB93 /* Resources */,
				A95AF36714705F380074A070 /* Supporting Files */,
			);
			path = Noisie;
			sourceTree = "<group>";
		};
		A95AF36714705F380074A070 /* Supporting Files */ = {
			isa = PBXGroup;
			children = (
				A95AF36814705F380074A070 /* Noisie-Info.plist */,
				A95AF36914705F380074A070 /* InfoPlist.strings */,
				A95AF36C14705F380074A070 /* main.m */,
				A95AF36E14705F380074A070 /* Noisie-Prefix.pch */,
			);
			name = "Supporting Files";
			sourceTree = "<group>";
		};
		A95AF378147061EB0074A070 /* Products */ = {
			isa = PBXGroup;
			children = (
				A95AF38C147061EB0074A070 /* libRestKitNetwork.a */,
				A95AF38E147061EB0074A070 /* libRestKitObjectMapping.a */,
				A95AF390147061EB0074A070 /* libRestKitSupport.a */,
				A95AF392147061EB0074A070 /* libRestKitJSONParser+NXJSON.a */,
				A95AF394147061EB0074A070 /* libRestKitJSONParserYAJL.a */,
				A95AF396147061EB0074A070 /* libRestKitJSONParserSBJSON.a */,
				A95AF398147061EB0074A070 /* libRestKitJSONParserJSONKit.a */,
				A95AF39A147061EB0074A070 /* libRestKitXMLParserLibxml.a */,
				A95AF39C147061EB0074A070 /* libRestKitCoreData.a */,
				A95AF39E147061EB0074A070 /* libRestKitThree20.a */,
				A95AF3A0147061EB0074A070 /* UISpec.app */,
			);
			name = Products;
			sourceTree = "<group>";
		};
		A95AF3B314706B420074A070 /* Application */ = {
			isa = PBXGroup;
			children = (
				A95AF36F14705F380074A070 /* AppDelegate.h */,
				A95AF37014705F390074A070 /* AppDelegate.m */,
			);
			name = Application;
			sourceTree = "<group>";
		};
		A95AF3B414706C220074A070 /* Core */ = {
			isa = PBXGroup;
			children = (
				A956FA5E147A9B7C00DF659D /* Remote Noise Client */,
				A957C4CE1479A6F100ADF44B /* Callback Service */,
				A91271421476E8E00048A6C6 /* Remote Search Client */,
				A95AF3C3147073370074A070 /* Remote Data Client */,
				A98D41A014740B9F0044CB93 /* Remote Queue Client */,
				A95AF3C714709C510074A070 /* RemoteMgr.h */,
				A95AF3C814709C510074A070 /* RemoteMgr.m */,
				A96D6C6B1472B51500521583 /* BaseResultDelegate.h */,
				A96D6C6C1472B51500521583 /* BaseResultDelegate.m */,
				A956FA84147AE59900DF659D /* ServerResultDelegate.h */,
				A956FA85147AE5A200DF659D /* ServerResultDelegate.m */,
				A9B309111479CDD000EA38B0 /* HostLocator.h */,
				A9B309121479CDD000EA38B0 /* HostLocator.m */,
				A94C2CDB147B242800DA0F89 /* HostLocatorDelegate.h */,
			);
			name = Core;
			sourceTree = "<group>";
		};
		A95AF3B514706F0F0074A070 /* Infrastructure */ = {
			isa = PBXGroup;
			children = (
				A95AF3B614706F220074A070 /* Dto */,
				A9C904651471853100F98E2B /* Events.h */,
				A9C904661471853100F98E2B /* Events.m */,
			);
			name = Infrastructure;
			sourceTree = "<group>";
		};
		A95AF3B614706F220074A070 /* Dto */ = {
			isa = PBXGroup;
			children = (
				A95AF3B714706F7F0074A070 /* RoBase.h */,
				A95AF3B814706F7F0074A070 /* RoBase.m */,
				A95AF3BA147070070074A070 /* RoArtist.h */,
				A95AF3BB147070070074A070 /* RoArtist.m */,
				A91270FF1476A0B70048A6C6 /* RoArtistInfo.h */,
				A91271001476A0B70048A6C6 /* RoArtistInfo.m */,
				A9F83932147203B20067217A /* RoAlbum.h */,
				A9F83933147203B20067217A /* RoAlbum.m */,
				A91271051476A25B0048A6C6 /* RoAlbumInfo.h */,
				A91271061476A25B0048A6C6 /* RoAlbumInfo.m */,
				A96B8E1014734A27000CD104 /* RoTrack.h */,
				A96B8E1114734A27000CD104 /* RoTrack.m */,
				A9B5866A147590E60047C781 /* RoFavorite.h */,
				A9B5866B147590E60047C781 /* RoFavorite.m */,
				A912712C1476C9DD0048A6C6 /* RoPlayQueueTrack.h */,
				A912712D1476C9DD0048A6C6 /* RoPlayQueueTrack.m */,
				A912713C1476E7120048A6C6 /* RoSearchResultItem.h */,
				A912713D1476E7130048A6C6 /* RoSearchResultItem.m */,
				A95AF3BD1470723B0074A070 /* BaseServerResult.h */,
				A95AF3BE1470723B0074A070 /* BaseServerResult.m */,
				A95AF3C01470725B0074A070 /* ArtistListResult.h */,
				A95AF3C11470725B0074A070 /* ArtistListResult.m */,
				A91271021476A1F80048A6C6 /* ArtistInfoResult.h */,
				A91271031476A1F80048A6C6 /* ArtistInfoResult.m */,
				A9F8392F147203980067217A /* AlbumListResult.h */,
				A9F83930147203980067217A /* AlbumListResult.m */,
				A91271081476A2E00048A6C6 /* AlbumInfoResult.h */,
				A91271091476A2E00048A6C6 /* AlbumInfoResult.m */,
				A96B8E1314734B65000CD104 /* TrackListResult.h */,
				A96B8E1414734B65000CD104 /* TrackListResult.m */,
				A9B5866D147592DE0047C781 /* FavoriteListResult.h */,
				A9B5866E147592DE0047C781 /* FavoriteListResult.m */,
				A912712F1476CAF90048A6C6 /* PlayQueueListResult.h */,
				A91271301476CAF90048A6C6 /* PlayQueueListResult.m */,
				A912713F1476E8530048A6C6 /* SearchResult.h */,
				A91271401476E8540048A6C6 /* SearchResult.m */,
				A956FA62147A9E2400DF659D /* ServerVersion.h */,
				A956FA63147A9E2400DF659D /* ServerVersion.m */,
			);
			name = Dto;
			sourceTree = "<group>";
		};
		A95AF3C3147073370074A070 /* Remote Data Client */ = {
			isa = PBXGroup;
			children = (
				A95AF3C4147073890074A070 /* RemoteDataClient.h */,
				A95AF3C5147073890074A070 /* RemoteDataClient.m */,
				A96D6C6E1472B60400521583 /* ArtistListDelegate.h */,
				A96D6C6F1472B60400521583 /* ArtistListDelegate.m */,
				A912710B1476A3C90048A6C6 /* ArtistInfoDelegate.h */,
				A912710C1476A3C90048A6C6 /* ArtistInfoDelegate.m */,
				A96D6C711472B87400521583 /* AlbumListDelegate.h */,
				A96D6C721472B87400521583 /* AlbumListDelegate.m */,
				A912710E1476A4570048A6C6 /* AlbumInfoDelegate.h */,
				A912710F1476A4570048A6C6 /* AlbumInfoDelegate.m */,
				A96B8E1614734C26000CD104 /* TrackListDelegate.h */,
				A96B8E1714734C26000CD104 /* TrackListDelegate.m */,
				A9B58670147593B90047C781 /* FavoritesListDelegate.h */,
				A9B58671147593B90047C781 /* FavoritesListDelegate.m */,
			);
			name = "Remote Data Client";
			sourceTree = "<group>";
		};
		A96D6C741472C9DE00521583 /* Views */ = {
			isa = PBXGroup;
			children = (
				A9F8047C1472CCBC00255255 /* ArtistListCell.xib */,
				A96D6C751472CAB700521583 /* ArtistListCell.h */,
				A96D6C761472CAB700521583 /* ArtistListCell.m */,
				A9B5864814756F5E0047C781 /* AlbumListCell.xib */,
				A9B5864514756F120047C781 /* AlbumListCell.h */,
				A9B5864614756F120047C781 /* AlbumListCell.m */,
				A9B5865114757A670047C781 /* TrackListCell.xib */,
				A9B5864C147579FA0047C781 /* TrackListCell.h */,
				A9B5864D147579FB0047C781 /* TrackListCell.m */,
				A9B58678147599B90047C781 /* FavoriteListCell.xib */,
				A9B58673147599670047C781 /* FavoriteListCell.h */,
				A9B58674147599680047C781 /* FavoriteListCell.m */,
				A912713A1476D22B0048A6C6 /* PlayQueueListCell.xib */,
				A91271351476D02D0048A6C6 /* PlayQueueListCell.h */,
				A91271361476D02D0048A6C6 /* PlayQueueListCell.m */,
				A912714E1476EF220048A6C6 /* SearchListCell.xib */,
				A91271491476EEDA0048A6C6 /* SearchListCell.h */,
				A912714A1476EEDA0048A6C6 /* SearchListCell.m */,
			);
			name = Views;
			sourceTree = "<group>";
		};
		A98D41A014740B9F0044CB93 /* Remote Queue Client */ = {
			isa = PBXGroup;
			children = (
				A98D41A114740BF30044CB93 /* RemoteQueueClient.h */,
				A98D41A214740BF30044CB93 /* RemoteQueueClient.m */,
				A91271321476CBBB0048A6C6 /* PlayQueueListDelegate.h */,
				A91271331476CBBB0048A6C6 /* PlayQueueListDelegate.m */,
			);
			name = "Remote Queue Client";
			sourceTree = "<group>";
		};
		A98D41A4147416210044CB93 /* Resources */ = {
			isa = PBXGroup;
			children = (
				A9B5864A147575DC0047C781 /* Play.png */,
				A9C12696147563D000A803F3 /* iPad Library Tab.png */,
				A98D41A9147418D10044CB93 /* Noise.png */,
			);
			name = Resources;
			sourceTree = "<group>";
		};
		A9C9044A14717F3E00F98E2B /* UI */ = {
			isa = PBXGroup;
			children = (
				A96D6C741472C9DE00521583 /* Views */,
				A9F839201471F12D0067217A /* MainViewController.h */,
				A9F839211471F12D0067217A /* MainViewController.m */,
				A9F839221471F12D0067217A /* MainViewController.xib */,
				A9C904681471900F00F98E2B /* ArtistListController.h */,
				A9C904691471900F00F98E2B /* ArtistListController.m */,
				A9C9046A1471900F00F98E2B /* ArtistListController.xib */,
				A9F839251471F4670067217A /* ArtistViewController.h */,
				A9F839261471F4670067217A /* ArtistViewController.m */,
				A9F839271471F4670067217A /* ArtistViewController.xib */,
				A96B8E231473542D000CD104 /* AlbumViewController.h */,
				A96B8E241473542D000CD104 /* AlbumViewController.m */,
				A96B8E251473542D000CD104 /* AlbumViewController.xib */,
				A9C1269D1475664B00A803F3 /* FavoritesViewController.h */,
				A9C1269E1475664B00A803F3 /* FavoritesViewController.m */,
				A9C1269F1475664B00A803F3 /* FavoritesViewController.xib */,
				A9C12698147564D400A803F3 /* QueueViewController.h */,
				A9C12699147564D400A803F3 /* QueueViewController.m */,
				A9C1269A147564D400A803F3 /* QueueViewController.xib */,
				A9C126A2147567EE00A803F3 /* SearchViewController.h */,
				A9C126A3147567EE00A803F3 /* SearchViewController.m */,
				A9C126A4147567EE00A803F3 /* SearchViewController.xib */,
				A94C2CDC147B2DC100DA0F89 /* StartupViewController.h */,
				A94C2CDD147B2DC100DA0F89 /* StartupViewController.m */,
				A94C2CDE147B2DC100DA0F89 /* StartupViewController.xib */,
			);
			name = UI;
			sourceTree = "<group>";
		};
/* End PBXGroup section */

/* Begin PBXNativeTarget section */
		A95AF35B14705F380074A070 /* Noisie */ = {
			isa = PBXNativeTarget;
			buildConfigurationList = A95AF37414705F390074A070 /* Build configuration list for PBXNativeTarget "Noisie" */;
			buildPhases = (
				A95AF35814705F380074A070 /* Sources */,
				A95AF35914705F380074A070 /* Frameworks */,
				A95AF35A14705F380074A070 /* Resources */,
			);
			buildRules = (
			);
			dependencies = (
				A95AF3A31470645F0074A070 /* PBXTargetDependency */,
			);
			name = Noisie;
			productName = Noisie;
			productReference = A95AF35C14705F380074A070 /* Noisie.app */;
			productType = "com.apple.product-type.application";
		};
/* End PBXNativeTarget section */

/* Begin PBXProject section */
		A95AF35314705F380074A070 /* Project object */ = {
			isa = PBXProject;
			attributes = {
				LastUpgradeCheck = 0420;
				ORGANIZATIONNAME = "Secret Squirrel Products";
			};
			buildConfigurationList = A95AF35614705F380074A070 /* Build configuration list for PBXProject "Noisie" */;
			compatibilityVersion = "Xcode 3.2";
			developmentRegion = English;
			hasScannedForEncodings = 0;
			knownRegions = (
				en,
			);
			mainGroup = A95AF35114705F380074A070;
			productRefGroup = A95AF35D14705F380074A070 /* Products */;
			projectDirPath = "";
			projectReferences = (
				{
					ProductGroup = A95AF378147061EB0074A070 /* Products */;
					ProjectRef = A95AF377147061EB0074A070 /* RestKit.xcodeproj */;
				},
			);
			projectRoot = "";
			targets = (
				A95AF35B14705F380074A070 /* Noisie */,
			);
		};
/* End PBXProject section */

/* Begin PBXReferenceProxy section */
		A95AF38C147061EB0074A070 /* libRestKitNetwork.a */ = {
			isa = PBXReferenceProxy;
			fileType = archive.ar;
			path = libRestKitNetwork.a;
			remoteRef = A95AF38B147061EB0074A070 /* PBXContainerItemProxy */;
			sourceTree = BUILT_PRODUCTS_DIR;
		};
		A95AF38E147061EB0074A070 /* libRestKitObjectMapping.a */ = {
			isa = PBXReferenceProxy;
			fileType = archive.ar;
			path = libRestKitObjectMapping.a;
			remoteRef = A95AF38D147061EB0074A070 /* PBXContainerItemProxy */;
			sourceTree = BUILT_PRODUCTS_DIR;
		};
		A95AF390147061EB0074A070 /* libRestKitSupport.a */ = {
			isa = PBXReferenceProxy;
			fileType = archive.ar;
			path = libRestKitSupport.a;
			remoteRef = A95AF38F147061EB0074A070 /* PBXContainerItemProxy */;
			sourceTree = BUILT_PRODUCTS_DIR;
		};
		A95AF392147061EB0074A070 /* libRestKitJSONParser+NXJSON.a */ = {
			isa = PBXReferenceProxy;
			fileType = archive.ar;
			name = "libRestKitJSONParser+NXJSON.a";
			path = libRestKitJSONParserNXJSON.a;
			remoteRef = A95AF391147061EB0074A070 /* PBXContainerItemProxy */;
			sourceTree = BUILT_PRODUCTS_DIR;
		};
		A95AF394147061EB0074A070 /* libRestKitJSONParserYAJL.a */ = {
			isa = PBXReferenceProxy;
			fileType = archive.ar;
			path = libRestKitJSONParserYAJL.a;
			remoteRef = A95AF393147061EB0074A070 /* PBXContainerItemProxy */;
			sourceTree = BUILT_PRODUCTS_DIR;
		};
		A95AF396147061EB0074A070 /* libRestKitJSONParserSBJSON.a */ = {
			isa = PBXReferenceProxy;
			fileType = archive.ar;
			path = libRestKitJSONParserSBJSON.a;
			remoteRef = A95AF395147061EB0074A070 /* PBXContainerItemProxy */;
			sourceTree = BUILT_PRODUCTS_DIR;
		};
		A95AF398147061EB0074A070 /* libRestKitJSONParserJSONKit.a */ = {
			isa = PBXReferenceProxy;
			fileType = archive.ar;
			path = libRestKitJSONParserJSONKit.a;
			remoteRef = A95AF397147061EB0074A070 /* PBXContainerItemProxy */;
			sourceTree = BUILT_PRODUCTS_DIR;
		};
		A95AF39A147061EB0074A070 /* libRestKitXMLParserLibxml.a */ = {
			isa = PBXReferenceProxy;
			fileType = archive.ar;
			path = libRestKitXMLParserLibxml.a;
			remoteRef = A95AF399147061EB0074A070 /* PBXContainerItemProxy */;
			sourceTree = BUILT_PRODUCTS_DIR;
		};
		A95AF39C147061EB0074A070 /* libRestKitCoreData.a */ = {
			isa = PBXReferenceProxy;
			fileType = archive.ar;
			path = libRestKitCoreData.a;
			remoteRef = A95AF39B147061EB0074A070 /* PBXContainerItemProxy */;
			sourceTree = BUILT_PRODUCTS_DIR;
		};
		A95AF39E147061EB0074A070 /* libRestKitThree20.a */ = {
			isa = PBXReferenceProxy;
			fileType = archive.ar;
			path = libRestKitThree20.a;
			remoteRef = A95AF39D147061EB0074A070 /* PBXContainerItemProxy */;
			sourceTree = BUILT_PRODUCTS_DIR;
		};
		A95AF3A0147061EB0074A070 /* UISpec.app */ = {
			isa = PBXReferenceProxy;
			fileType = wrapper.application;
			path = UISpec.app;
			remoteRef = A95AF39F147061EB0074A070 /* PBXContainerItemProxy */;
			sourceTree = BUILT_PRODUCTS_DIR;
		};
/* End PBXReferenceProxy section */

/* Begin PBXResourcesBuildPhase section */
		A95AF35A14705F380074A070 /* Resources */ = {
			isa = PBXResourcesBuildPhase;
			buildActionMask = 2147483647;
			files = (
				A95AF36B14705F380074A070 /* InfoPlist.strings in Resources */,
				A9C9046C1471900F00F98E2B /* ArtistListController.xib in Resources */,
				A9F839241471F12D0067217A /* MainViewController.xib in Resources */,
				A9F839291471F4670067217A /* ArtistViewController.xib in Resources */,
				A9F8047D1472CCBC00255255 /* ArtistListCell.xib in Resources */,
				A96B8E271473542D000CD104 /* AlbumViewController.xib in Resources */,
				A98D41AA147418D10044CB93 /* Noise.png in Resources */,
				A9C12697147563D100A803F3 /* iPad Library Tab.png in Resources */,
				A9C1269C147564D400A803F3 /* QueueViewController.xib in Resources */,
				A9C126A11475664B00A803F3 /* FavoritesViewController.xib in Resources */,
				A9C126A6147567EF00A803F3 /* SearchViewController.xib in Resources */,
				A9B5864914756F5E0047C781 /* AlbumListCell.xib in Resources */,
				A9B5864B147575DC0047C781 /* Play.png in Resources */,
				A9B5865214757A670047C781 /* TrackListCell.xib in Resources */,
				A9B58679147599B90047C781 /* FavoriteListCell.xib in Resources */,
				A912713B1476D22B0048A6C6 /* PlayQueueListCell.xib in Resources */,
				A912714F1476EF220048A6C6 /* SearchListCell.xib in Resources */,
				A957C4C61479A6B300ADF44B /* About.txt in Resources */,
				A957C4C81479A6B300ADF44B /* About.txt in Resources */,
				A94C2CE0147B2DC100DA0F89 /* StartupViewController.xib in Resources */,
			);
			runOnlyForDeploymentPostprocessing = 0;
		};
/* End PBXResourcesBuildPhase section */

/* Begin PBXSourcesBuildPhase section */
		A95AF35814705F380074A070 /* Sources */ = {
			isa = PBXSourcesBuildPhase;
			buildActionMask = 2147483647;
			files = (
				A95AF36D14705F380074A070 /* main.m in Sources */,
				A95AF37114705F390074A070 /* AppDelegate.m in Sources */,
				A95AF3B914706F800074A070 /* RoBase.m in Sources */,
				A95AF3BC147070070074A070 /* RoArtist.m in Sources */,
				A95AF3BF1470723B0074A070 /* BaseServerResult.m in Sources */,
				A95AF3C21470725B0074A070 /* ArtistListResult.m in Sources */,
				A95AF3C6147073890074A070 /* RemoteDataClient.m in Sources */,
				A95AF3C914709C510074A070 /* RemoteMgr.m in Sources */,
				A9C904671471853100F98E2B /* Events.m in Sources */,
				A9C9046B1471900F00F98E2B /* ArtistListController.m in Sources */,
				A9F839231471F12D0067217A /* MainViewController.m in Sources */,
				A9F839281471F4670067217A /* ArtistViewController.m in Sources */,
				A9F83931147203980067217A /* AlbumListResult.m in Sources */,
				A9F83934147203B20067217A /* RoAlbum.m in Sources */,
				A96D6C6D1472B51500521583 /* BaseResultDelegate.m in Sources */,
				A96D6C701472B60400521583 /* ArtistListDelegate.m in Sources */,
				A96D6C731472B87400521583 /* AlbumListDelegate.m in Sources */,
				A96D6C771472CAB700521583 /* ArtistListCell.m in Sources */,
				A96B8E1214734A27000CD104 /* RoTrack.m in Sources */,
				A96B8E1514734B65000CD104 /* TrackListResult.m in Sources */,
				A96B8E1814734C26000CD104 /* TrackListDelegate.m in Sources */,
				A96B8E261473542D000CD104 /* AlbumViewController.m in Sources */,
				A98D41A314740BF30044CB93 /* RemoteQueueClient.m in Sources */,
				A9C1269B147564D400A803F3 /* QueueViewController.m in Sources */,
				A9C126A01475664B00A803F3 /* FavoritesViewController.m in Sources */,
				A9C126A5147567EF00A803F3 /* SearchViewController.m in Sources */,
				A9B5864714756F120047C781 /* AlbumListCell.m in Sources */,
				A9B5864E147579FB0047C781 /* TrackListCell.m in Sources */,
				A9B5866C147590E60047C781 /* RoFavorite.m in Sources */,
				A9B5866F147592DE0047C781 /* FavoriteListResult.m in Sources */,
				A9B58672147593B90047C781 /* FavoritesListDelegate.m in Sources */,
				A9B58675147599680047C781 /* FavoriteListCell.m in Sources */,
				A91271011476A0B70048A6C6 /* RoArtistInfo.m in Sources */,
				A91271041476A1F80048A6C6 /* ArtistInfoResult.m in Sources */,
				A91271071476A25B0048A6C6 /* RoAlbumInfo.m in Sources */,
				A912710A1476A2E00048A6C6 /* AlbumInfoResult.m in Sources */,
				A912710D1476A3C90048A6C6 /* ArtistInfoDelegate.m in Sources */,
				A91271101476A4570048A6C6 /* AlbumInfoDelegate.m in Sources */,
				A912712B1476BB530048A6C6 /* Base64.m in Sources */,
				A912712E1476C9DD0048A6C6 /* RoPlayQueueTrack.m in Sources */,
				A91271311476CAF90048A6C6 /* PlayQueueListResult.m in Sources */,
				A91271341476CBBB0048A6C6 /* PlayQueueListDelegate.m in Sources */,
				A91271371476D02D0048A6C6 /* PlayQueueListCell.m in Sources */,
				A912713E1476E7150048A6C6 /* RoSearchResultItem.m in Sources */,
				A91271411476E8560048A6C6 /* SearchResult.m in Sources */,
				A91271451476E9140048A6C6 /* RemoteSearchClient.m in Sources */,
				A91271481476E9D60048A6C6 /* SearchResultDelegate.m in Sources */,
				A912714B1476EEDA0048A6C6 /* SearchListCell.m in Sources */,
				A957C4B41479A6B300ADF44B /* DDData.m in Sources */,
				A957C4B51479A6B300ADF44B /* DDNumber.m in Sources */,
				A957C4B61479A6B300ADF44B /* DDRange.m in Sources */,
				A957C4B71479A6B300ADF44B /* HTTPAuthenticationRequest.m in Sources */,
				A957C4B81479A6B300ADF44B /* HTTPConnection.m in Sources */,
				A957C4B91479A6B300ADF44B /* HTTPMessage.m in Sources */,
				A957C4BA1479A6B300ADF44B /* HTTPServer.m in Sources */,
				A957C4BB1479A6B300ADF44B /* HTTPAsyncFileResponse.m in Sources */,
				A957C4BC1479A6B300ADF44B /* HTTPDataResponse.m in Sources */,
				A957C4BD1479A6B300ADF44B /* HTTPDynamicFileResponse.m in Sources */,
				A957C4BE1479A6B300ADF44B /* HTTPFileResponse.m in Sources */,
				A957C4BF1479A6B300ADF44B /* HTTPRedirectResponse.m in Sources */,
				A957C4C01479A6B300ADF44B /* WebSocket.m in Sources */,
				A957C4C71479A6B300ADF44B /* GCDAsyncSocket.m in Sources */,
				A957C4C91479A6B300ADF44B /* DDAbstractDatabaseLogger.m in Sources */,
				A957C4CA1479A6B300ADF44B /* DDASLLogger.m in Sources */,
				A957C4CB1479A6B300ADF44B /* DDFileLogger.m in Sources */,
				A957C4CC1479A6B300ADF44B /* DDLog.m in Sources */,
				A957C4CD1479A6B300ADF44B /* DDTTYLogger.m in Sources */,
				A957C4D11479A75600ADF44B /* CallbackServer.m in Sources */,
				A9B309131479CDD000EA38B0 /* HostLocator.m in Sources */,
				A956FA61147A9BAB00DF659D /* RemoteNoiseClient.m in Sources */,
				A956FA64147A9E2400DF659D /* ServerVersion.m in Sources */,
				A956FA67147A9F1F00DF659D /* ServerVersionDelegate.m in Sources */,
				A956FA6E147AB64600DF659D /* UriDispatcher.m in Sources */,
				A956FA71147AB93F00DF659D /* CallbackHttpConnection.m in Sources */,
				A956FA77147ABB5800DF659D /* CallbackHttpServer.m in Sources */,
				A956FA7A147ABBD000DF659D /* UriHandlers.m in Sources */,
				A956FA86147AE5A800DF659D /* ServerResultDelegate.m in Sources */,
				A94C2CDF147B2DC100DA0F89 /* StartupViewController.m in Sources */,
			);
			runOnlyForDeploymentPostprocessing = 0;
		};
/* End PBXSourcesBuildPhase section */

/* Begin PBXTargetDependency section */
		A95AF3A31470645F0074A070 /* PBXTargetDependency */ = {
			isa = PBXTargetDependency;
			name = RestKit;
			targetProxy = A95AF3A21470645F0074A070 /* PBXContainerItemProxy */;
		};
/* End PBXTargetDependency section */

/* Begin PBXVariantGroup section */
		A95AF36914705F380074A070 /* InfoPlist.strings */ = {
			isa = PBXVariantGroup;
			children = (
				A95AF36A14705F380074A070 /* en */,
			);
			name = InfoPlist.strings;
			sourceTree = "<group>";
		};
/* End PBXVariantGroup section */

/* Begin XCBuildConfiguration section */
		A95AF37214705F390074A070 /* Debug */ = {
			isa = XCBuildConfiguration;
			buildSettings = {
				ALWAYS_SEARCH_USER_PATHS = NO;
				ARCHS = "$(ARCHS_STANDARD_32_BIT)";
				"CODE_SIGN_IDENTITY[sdk=iphoneos*]" = "iPhone Developer";
				COPY_PHASE_STRIP = NO;
				GCC_C_LANGUAGE_STANDARD = gnu99;
				GCC_DYNAMIC_NO_PIC = NO;
				GCC_OPTIMIZATION_LEVEL = 0;
				GCC_PREPROCESSOR_DEFINITIONS = (
					"DEBUG=1",
					"$(inherited)",
				);
				GCC_SYMBOLS_PRIVATE_EXTERN = NO;
				GCC_VERSION = com.apple.compilers.llvm.clang.1_0;
				GCC_WARN_ABOUT_MISSING_PROTOTYPES = YES;
				GCC_WARN_ABOUT_RETURN_TYPE = YES;
				GCC_WARN_UNUSED_VARIABLE = YES;
				HEADER_SEARCH_PATHS = "$(SOURCE_ROOT)/RestKit/Build";
				IPHONEOS_DEPLOYMENT_TARGET = 5.0;
				OTHER_LDFLAGS = "";
				SDKROOT = iphoneos;
				TARGETED_DEVICE_FAMILY = 2;
			};
			name = Debug;
		};
		A95AF37314705F390074A070 /* Release */ = {
			isa = XCBuildConfiguration;
			buildSettings = {
				ALWAYS_SEARCH_USER_PATHS = NO;
				ARCHS = "$(ARCHS_STANDARD_32_BIT)";
				"CODE_SIGN_IDENTITY[sdk=iphoneos*]" = "iPhone Developer";
				COPY_PHASE_STRIP = YES;
				GCC_C_LANGUAGE_STANDARD = gnu99;
				GCC_VERSION = com.apple.compilers.llvm.clang.1_0;
				GCC_WARN_ABOUT_MISSING_PROTOTYPES = YES;
				GCC_WARN_ABOUT_RETURN_TYPE = YES;
				GCC_WARN_UNUSED_VARIABLE = YES;
				HEADER_SEARCH_PATHS = "$(SOURCE_ROOT)/RestKit/Build";
				IPHONEOS_DEPLOYMENT_TARGET = 5.0;
				OTHER_CFLAGS = "-DNS_BLOCK_ASSERTIONS=1";
				OTHER_LDFLAGS = "";
				SDKROOT = iphoneos;
				TARGETED_DEVICE_FAMILY = 2;
				VALIDATE_PRODUCT = YES;
			};
			name = Release;
		};
		A95AF37514705F390074A070 /* Debug */ = {
			isa = XCBuildConfiguration;
			buildSettings = {
				GCC_PRECOMPILE_PREFIX_HEADER = YES;
				GCC_PREFIX_HEADER = "Noisie/Noisie-Prefix.pch";
				INFOPLIST_FILE = "Noisie/Noisie-Info.plist";
				OTHER_LDFLAGS = "-ObjC";
				PRODUCT_NAME = "$(TARGET_NAME)";
				WRAPPER_EXTENSION = app;
			};
			name = Debug;
		};
		A95AF37614705F390074A070 /* Release */ = {
			isa = XCBuildConfiguration;
			buildSettings = {
				GCC_PRECOMPILE_PREFIX_HEADER = YES;
				GCC_PREFIX_HEADER = "Noisie/Noisie-Prefix.pch";
				INFOPLIST_FILE = "Noisie/Noisie-Info.plist";
				OTHER_LDFLAGS = "-ObjC";
				PRODUCT_NAME = "$(TARGET_NAME)";
				WRAPPER_EXTENSION = app;
			};
			name = Release;
		};
/* End XCBuildConfiguration section */

/* Begin XCConfigurationList section */
		A95AF35614705F380074A070 /* Build configuration list for PBXProject "Noisie" */ = {
			isa = XCConfigurationList;
			buildConfigurations = (
				A95AF37214705F390074A070 /* Debug */,
				A95AF37314705F390074A070 /* Release */,
			);
			defaultConfigurationIsVisible = 0;
			defaultConfigurationName = Release;
		};
		A95AF37414705F390074A070 /* Build configuration list for PBXNativeTarget "Noisie" */ = {
			isa = XCConfigurationList;
			buildConfigurations = (
				A95AF37514705F390074A070 /* Debug */,
				A95AF37614705F390074A070 /* Release */,
			);
			defaultConfigurationIsVisible = 0;
			defaultConfigurationName = Release;
		};
/* End XCConfigurationList section */
	};
	rootObject = A95AF35314705F380074A070 /* Project object */;
}
